
Microsoft Visual Studio Solution File, Format Version 12.00
# Visual Studio Version 16
VisualStudioVersion = 16.0.30717.126
MinimumVisualStudioVersion = 10.0.40219.1
Project("{FAE04EC0-301F-11D3-BF4B-00C04F79EFBC}") = "07. World Swimming Record", "07. World Swimming Record\07. World Swimming Record.csproj", "{91CABF31-BD4D-4A6E-B188-8BC1FD6713CB}"
EndProject
Global
	GlobalSection(SolutionConfigurationPlatforms) = preSolution
		Debug|Any CPU = Debug|Any CPU
		Release|Any CPU = Release|Any CPU
	EndGlobalSection
	GlobalSection(ProjectConfigurationPlatforms) = postSolution
		{91CABF31-BD4D-4A6E-B188-8BC1FD6713CB}.Debug|Any CPU.ActiveCfg = Debug|Any CPU
		{91CABF31-BD4D-4A6E-B188-8BC1FD6713CB}.Debug|Any CPU.Build.0 = Debug|Any CPU
		{91CABF31-BD4D-4A6E-B188-8BC1FD6713CB}.Release|Any CPU.ActiveCfg = Release|Any CPU
		{91CABF31-BD4D-4A6E-B188-8BC1FD6713CB}.Release|Any CPU.Build.0 = Release|Any CPU
	EndGlobalSection
	GlobalSection(SolutionProperties) = preSolution
		HideSolutionNode = FALSE
	EndGlobalSection
	GlobalSection(ExtensibilityGlobals) = postSolution
		SolutionGuid = {4D3D8FBB-7256-49FE-B7D4-BB14D266F73C}
	EndGlobalSection
EndGlobal
