
Microsoft Visual Studio Solution File, Format Version 12.00
# Visual Studio Version 16
VisualStudioVersion = 16.0.30804.86
MinimumVisualStudioVersion = 10.0.40219.1
Project("{FAE04EC0-301F-11D3-BF4B-00C04F79EFBC}") = "06. Truck Driver", "06. Truck Driver\06. Truck Driver.csproj", "{24ABCD92-32CE-4907-B99E-BD4BEC6CFF1F}"
EndProject
Global
	GlobalSection(SolutionConfigurationPlatforms) = preSolution
		Debug|Any CPU = Debug|Any CPU
		Release|Any CPU = Release|Any CPU
	EndGlobalSection
	GlobalSection(ProjectConfigurationPlatforms) = postSolution
		{24ABCD92-32CE-4907-B99E-BD4BEC6CFF1F}.Debug|Any CPU.ActiveCfg = Debug|Any CPU
		{24ABCD92-32CE-4907-B99E-BD4BEC6CFF1F}.Debug|Any CPU.Build.0 = Debug|Any CPU
		{24ABCD92-32CE-4907-B99E-BD4BEC6CFF1F}.Release|Any CPU.ActiveCfg = Release|Any CPU
		{24ABCD92-32CE-4907-B99E-BD4BEC6CFF1F}.Release|Any CPU.Build.0 = Release|Any CPU
	EndGlobalSection
	GlobalSection(SolutionProperties) = preSolution
		HideSolutionNode = FALSE
	EndGlobalSection
	GlobalSection(ExtensibilityGlobals) = postSolution
		SolutionGuid = {9E0883A2-B462-4229-9813-E0E7AC17218E}
	EndGlobalSection
EndGlobal
