
Microsoft Visual Studio Solution File, Format Version 12.00
# Visual Studio Version 16
VisualStudioVersion = 16.0.30804.86
MinimumVisualStudioVersion = 10.0.40219.1
Project("{FAE04EC0-301F-11D3-BF4B-00C04F79EFBC}") = "01. PC Store", "01. PC Store\01. PC Store.csproj", "{FB454907-DFBB-4101-B21B-B8AB93FB651A}"
EndProject
Global
	GlobalSection(SolutionConfigurationPlatforms) = preSolution
		Debug|Any CPU = Debug|Any CPU
		Release|Any CPU = Release|Any CPU
	EndGlobalSection
	GlobalSection(ProjectConfigurationPlatforms) = postSolution
		{FB454907-DFBB-4101-B21B-B8AB93FB651A}.Debug|Any CPU.ActiveCfg = Debug|Any CPU
		{FB454907-DFBB-4101-B21B-B8AB93FB651A}.Debug|Any CPU.Build.0 = Debug|Any CPU
		{FB454907-DFBB-4101-B21B-B8AB93FB651A}.Release|Any CPU.ActiveCfg = Release|Any CPU
		{FB454907-DFBB-4101-B21B-B8AB93FB651A}.Release|Any CPU.Build.0 = Release|Any CPU
	EndGlobalSection
	GlobalSection(SolutionProperties) = preSolution
		HideSolutionNode = FALSE
	EndGlobalSection
	GlobalSection(ExtensibilityGlobals) = postSolution
		SolutionGuid = {F1BBFBC7-5E80-4D6C-A093-7C8D54727F13}
	EndGlobalSection
EndGlobal
