
Microsoft Visual Studio Solution File, Format Version 12.00
# Visual Studio Version 16
VisualStudioVersion = 16.0.30804.86
MinimumVisualStudioVersion = 10.0.40219.1
Project("{FAE04EC0-301F-11D3-BF4B-00C04F79EFBC}") = "05. Easter Bake", "05. Easter Bake\05. Easter Bake.csproj", "{945BC8DD-E6BE-417F-8C6F-B72AB405D09C}"
EndProject
Global
	GlobalSection(SolutionConfigurationPlatforms) = preSolution
		Debug|Any CPU = Debug|Any CPU
		Release|Any CPU = Release|Any CPU
	EndGlobalSection
	GlobalSection(ProjectConfigurationPlatforms) = postSolution
		{945BC8DD-E6BE-417F-8C6F-B72AB405D09C}.Debug|Any CPU.ActiveCfg = Debug|Any CPU
		{945BC8DD-E6BE-417F-8C6F-B72AB405D09C}.Debug|Any CPU.Build.0 = Debug|Any CPU
		{945BC8DD-E6BE-417F-8C6F-B72AB405D09C}.Release|Any CPU.ActiveCfg = Release|Any CPU
		{945BC8DD-E6BE-417F-8C6F-B72AB405D09C}.Release|Any CPU.Build.0 = Release|Any CPU
	EndGlobalSection
	GlobalSection(SolutionProperties) = preSolution
		HideSolutionNode = FALSE
	EndGlobalSection
	GlobalSection(ExtensibilityGlobals) = postSolution
		SolutionGuid = {81F351A8-2C79-41F1-8396-9F5475EA5F17}
	EndGlobalSection
EndGlobal
