
Microsoft Visual Studio Solution File, Format Version 12.00
# Visual Studio Version 16
VisualStudioVersion = 16.0.30907.101
MinimumVisualStudioVersion = 10.0.40219.1
Project("{9A19103F-16F7-4668-BE54-9A1E7A4F7556}") = "VetClinic", "VetClinicDescription\VetClinic.csproj", "{8D1F223A-9178-4E7D-8F7A-988A72F43928}"
EndProject
Global
	GlobalSection(SolutionConfigurationPlatforms) = preSolution
		Debug|Any CPU = Debug|Any CPU
		Release|Any CPU = Release|Any CPU
	EndGlobalSection
	GlobalSection(ProjectConfigurationPlatforms) = postSolution
		{8D1F223A-9178-4E7D-8F7A-988A72F43928}.Debug|Any CPU.ActiveCfg = Debug|Any CPU
		{8D1F223A-9178-4E7D-8F7A-988A72F43928}.Debug|Any CPU.Build.0 = Debug|Any CPU
		{8D1F223A-9178-4E7D-8F7A-988A72F43928}.Release|Any CPU.ActiveCfg = Release|Any CPU
		{8D1F223A-9178-4E7D-8F7A-988A72F43928}.Release|Any CPU.Build.0 = Release|Any CPU
	EndGlobalSection
	GlobalSection(SolutionProperties) = preSolution
		HideSolutionNode = FALSE
	EndGlobalSection
	GlobalSection(ExtensibilityGlobals) = postSolution
		SolutionGuid = {FB9D4405-EFE8-44DA-8F7E-DB2D733E05BF}
	EndGlobalSection
EndGlobal
