
Microsoft Visual Studio Solution File, Format Version 12.00
# Visual Studio Version 16
VisualStudioVersion = 16.0.30804.86
MinimumVisualStudioVersion = 10.0.40219.1
Project("{FAE04EC0-301F-11D3-BF4B-00C04F79EFBC}") = "03. Stream Of Letters", "03. Stream Of Letters\03. Stream Of Letters.csproj", "{EADE716D-52B2-47B1-8937-8ACA927336E5}"
EndProject
Global
	GlobalSection(SolutionConfigurationPlatforms) = preSolution
		Debug|Any CPU = Debug|Any CPU
		Release|Any CPU = Release|Any CPU
	EndGlobalSection
	GlobalSection(ProjectConfigurationPlatforms) = postSolution
		{EADE716D-52B2-47B1-8937-8ACA927336E5}.Debug|Any CPU.ActiveCfg = Debug|Any CPU
		{EADE716D-52B2-47B1-8937-8ACA927336E5}.Debug|Any CPU.Build.0 = Debug|Any CPU
		{EADE716D-52B2-47B1-8937-8ACA927336E5}.Release|Any CPU.ActiveCfg = Release|Any CPU
		{EADE716D-52B2-47B1-8937-8ACA927336E5}.Release|Any CPU.Build.0 = Release|Any CPU
	EndGlobalSection
	GlobalSection(SolutionProperties) = preSolution
		HideSolutionNode = FALSE
	EndGlobalSection
	GlobalSection(ExtensibilityGlobals) = postSolution
		SolutionGuid = {DD092073-E127-4C4F-9E72-40986E57CAFE}
	EndGlobalSection
EndGlobal
