
Microsoft Visual Studio Solution File, Format Version 12.00
# Visual Studio Version 16
VisualStudioVersion = 16.0.30907.101
MinimumVisualStudioVersion = 10.0.40219.1
Project("{FAE04EC0-301F-11D3-BF4B-00C04F79EFBC}") = "03. Custom Min Function", "03. Custom Min Function\03. Custom Min Function.csproj", "{AC941AC5-A319-40A2-B2B1-A813CE98D681}"
EndProject
Global
	GlobalSection(SolutionConfigurationPlatforms) = preSolution
		Debug|Any CPU = Debug|Any CPU
		Release|Any CPU = Release|Any CPU
	EndGlobalSection
	GlobalSection(ProjectConfigurationPlatforms) = postSolution
		{AC941AC5-A319-40A2-B2B1-A813CE98D681}.Debug|Any CPU.ActiveCfg = Debug|Any CPU
		{AC941AC5-A319-40A2-B2B1-A813CE98D681}.Debug|Any CPU.Build.0 = Debug|Any CPU
		{AC941AC5-A319-40A2-B2B1-A813CE98D681}.Release|Any CPU.ActiveCfg = Release|Any CPU
		{AC941AC5-A319-40A2-B2B1-A813CE98D681}.Release|Any CPU.Build.0 = Release|Any CPU
	EndGlobalSection
	GlobalSection(SolutionProperties) = preSolution
		HideSolutionNode = FALSE
	EndGlobalSection
	GlobalSection(ExtensibilityGlobals) = postSolution
		SolutionGuid = {7333111D-D5B3-4D50-88D3-6026B68E7A4A}
	EndGlobalSection
EndGlobal
