
Microsoft Visual Studio Solution File, Format Version 12.00
# Visual Studio Version 16
VisualStudioVersion = 16.0.30907.101
MinimumVisualStudioVersion = 10.0.40219.1
Project("{9A19103F-16F7-4668-BE54-9A1E7A4F7556}") = "BakeryOpenning", "03. Openning\BakeryOpenning.csproj", "{4590B95B-1BFA-4B42-B5F1-6A991B57ADC2}"
EndProject
Global
	GlobalSection(SolutionConfigurationPlatforms) = preSolution
		Debug|Any CPU = Debug|Any CPU
		Release|Any CPU = Release|Any CPU
	EndGlobalSection
	GlobalSection(ProjectConfigurationPlatforms) = postSolution
		{4590B95B-1BFA-4B42-B5F1-6A991B57ADC2}.Debug|Any CPU.ActiveCfg = Debug|Any CPU
		{4590B95B-1BFA-4B42-B5F1-6A991B57ADC2}.Debug|Any CPU.Build.0 = Debug|Any CPU
		{4590B95B-1BFA-4B42-B5F1-6A991B57ADC2}.Release|Any CPU.ActiveCfg = Release|Any CPU
		{4590B95B-1BFA-4B42-B5F1-6A991B57ADC2}.Release|Any CPU.Build.0 = Release|Any CPU
	EndGlobalSection
	GlobalSection(SolutionProperties) = preSolution
		HideSolutionNode = FALSE
	EndGlobalSection
	GlobalSection(ExtensibilityGlobals) = postSolution
		SolutionGuid = {607BC668-9540-4665-B6A8-3CBA751754A4}
	EndGlobalSection
EndGlobal
