
Microsoft Visual Studio Solution File, Format Version 12.00
# Visual Studio Version 16
VisualStudioVersion = 16.0.30804.86
MinimumVisualStudioVersion = 10.0.40219.1
Project("{FAE04EC0-301F-11D3-BF4B-00C04F79EFBC}") = "06. Cards Game", "06. Cards Game\06. Cards Game.csproj", "{3A166996-8674-430F-84CB-31A0E50711C3}"
EndProject
Global
	GlobalSection(SolutionConfigurationPlatforms) = preSolution
		Debug|Any CPU = Debug|Any CPU
		Release|Any CPU = Release|Any CPU
	EndGlobalSection
	GlobalSection(ProjectConfigurationPlatforms) = postSolution
		{3A166996-8674-430F-84CB-31A0E50711C3}.Debug|Any CPU.ActiveCfg = Debug|Any CPU
		{3A166996-8674-430F-84CB-31A0E50711C3}.Debug|Any CPU.Build.0 = Debug|Any CPU
		{3A166996-8674-430F-84CB-31A0E50711C3}.Release|Any CPU.ActiveCfg = Release|Any CPU
		{3A166996-8674-430F-84CB-31A0E50711C3}.Release|Any CPU.Build.0 = Release|Any CPU
	EndGlobalSection
	GlobalSection(SolutionProperties) = preSolution
		HideSolutionNode = FALSE
	EndGlobalSection
	GlobalSection(ExtensibilityGlobals) = postSolution
		SolutionGuid = {A50C6219-8A76-490A-BBEB-657DF258E041}
	EndGlobalSection
EndGlobal
