
Microsoft Visual Studio Solution File, Format Version 12.00
# Visual Studio Version 16
VisualStudioVersion = 16.0.30907.101
MinimumVisualStudioVersion = 10.0.40219.1
Project("{FAE04EC0-301F-11D3-BF4B-00C04F79EFBC}") = "04. Caesar Cipher", "04. Caesar Cipher\04. Caesar Cipher.csproj", "{261B53A5-AD8A-4806-840B-7A49B73D27E8}"
EndProject
Global
	GlobalSection(SolutionConfigurationPlatforms) = preSolution
		Debug|Any CPU = Debug|Any CPU
		Release|Any CPU = Release|Any CPU
	EndGlobalSection
	GlobalSection(ProjectConfigurationPlatforms) = postSolution
		{261B53A5-AD8A-4806-840B-7A49B73D27E8}.Debug|Any CPU.ActiveCfg = Debug|Any CPU
		{261B53A5-AD8A-4806-840B-7A49B73D27E8}.Debug|Any CPU.Build.0 = Debug|Any CPU
		{261B53A5-AD8A-4806-840B-7A49B73D27E8}.Release|Any CPU.ActiveCfg = Release|Any CPU
		{261B53A5-AD8A-4806-840B-7A49B73D27E8}.Release|Any CPU.Build.0 = Release|Any CPU
	EndGlobalSection
	GlobalSection(SolutionProperties) = preSolution
		HideSolutionNode = FALSE
	EndGlobalSection
	GlobalSection(ExtensibilityGlobals) = postSolution
		SolutionGuid = {85550F32-50D4-4CFD-9B90-62110F308B55}
	EndGlobalSection
EndGlobal
