
Microsoft Visual Studio Solution File, Format Version 12.00
# Visual Studio Version 16
VisualStudioVersion = 16.0.31005.135
MinimumVisualStudioVersion = 10.0.40219.1
Project("{FAE04EC0-301F-11D3-BF4B-00C04F79EFBC}") = "Vehicles", "Vehicles\Vehicles.csproj", "{DAEBF2A1-CA45-4E36-9124-5C2161CB2B09}"
EndProject
Global
	GlobalSection(SolutionConfigurationPlatforms) = preSolution
		Debug|Any CPU = Debug|Any CPU
		Release|Any CPU = Release|Any CPU
	EndGlobalSection
	GlobalSection(ProjectConfigurationPlatforms) = postSolution
		{DAEBF2A1-CA45-4E36-9124-5C2161CB2B09}.Debug|Any CPU.ActiveCfg = Debug|Any CPU
		{DAEBF2A1-CA45-4E36-9124-5C2161CB2B09}.Debug|Any CPU.Build.0 = Debug|Any CPU
		{DAEBF2A1-CA45-4E36-9124-5C2161CB2B09}.Release|Any CPU.ActiveCfg = Release|Any CPU
		{DAEBF2A1-CA45-4E36-9124-5C2161CB2B09}.Release|Any CPU.Build.0 = Release|Any CPU
	EndGlobalSection
	GlobalSection(SolutionProperties) = preSolution
		HideSolutionNode = FALSE
	EndGlobalSection
	GlobalSection(ExtensibilityGlobals) = postSolution
		SolutionGuid = {5233DF48-3027-401B-A7CF-194218B7C9F9}
	EndGlobalSection
EndGlobal
