
Microsoft Visual Studio Solution File, Format Version 12.00
# Visual Studio Version 16
VisualStudioVersion = 16.0.30804.86
MinimumVisualStudioVersion = 10.0.40219.1
Project("{FAE04EC0-301F-11D3-BF4B-00C04F79EFBC}") = "09. Greater of Two Values", "09. Greater of Two Values\09. Greater of Two Values.csproj", "{9D95959E-E3A4-4716-A424-156EFFD99B55}"
EndProject
Global
	GlobalSection(SolutionConfigurationPlatforms) = preSolution
		Debug|Any CPU = Debug|Any CPU
		Release|Any CPU = Release|Any CPU
	EndGlobalSection
	GlobalSection(ProjectConfigurationPlatforms) = postSolution
		{9D95959E-E3A4-4716-A424-156EFFD99B55}.Debug|Any CPU.ActiveCfg = Debug|Any CPU
		{9D95959E-E3A4-4716-A424-156EFFD99B55}.Debug|Any CPU.Build.0 = Debug|Any CPU
		{9D95959E-E3A4-4716-A424-156EFFD99B55}.Release|Any CPU.ActiveCfg = Release|Any CPU
		{9D95959E-E3A4-4716-A424-156EFFD99B55}.Release|Any CPU.Build.0 = Release|Any CPU
	EndGlobalSection
	GlobalSection(SolutionProperties) = preSolution
		HideSolutionNode = FALSE
	EndGlobalSection
	GlobalSection(ExtensibilityGlobals) = postSolution
		SolutionGuid = {7DF035B0-9E9D-4B40-AE99-E9D544CF3859}
	EndGlobalSection
EndGlobal
