
Microsoft Visual Studio Solution File, Format Version 12.00
# Visual Studio Version 16
VisualStudioVersion = 16.0.30907.101
MinimumVisualStudioVersion = 10.0.40219.1
Project("{FAE04EC0-301F-11D3-BF4B-00C04F79EFBC}") = "5. Print Even Numbers", "5. Print Even Numbers\5. Print Even Numbers.csproj", "{641DA722-F81C-4F1B-8E77-4E4B3A6E7725}"
EndProject
Global
	GlobalSection(SolutionConfigurationPlatforms) = preSolution
		Debug|Any CPU = Debug|Any CPU
		Release|Any CPU = Release|Any CPU
	EndGlobalSection
	GlobalSection(ProjectConfigurationPlatforms) = postSolution
		{641DA722-F81C-4F1B-8E77-4E4B3A6E7725}.Debug|Any CPU.ActiveCfg = Debug|Any CPU
		{641DA722-F81C-4F1B-8E77-4E4B3A6E7725}.Debug|Any CPU.Build.0 = Debug|Any CPU
		{641DA722-F81C-4F1B-8E77-4E4B3A6E7725}.Release|Any CPU.ActiveCfg = Release|Any CPU
		{641DA722-F81C-4F1B-8E77-4E4B3A6E7725}.Release|Any CPU.Build.0 = Release|Any CPU
	EndGlobalSection
	GlobalSection(SolutionProperties) = preSolution
		HideSolutionNode = FALSE
	EndGlobalSection
	GlobalSection(ExtensibilityGlobals) = postSolution
		SolutionGuid = {3B024584-F673-4C6E-8CAC-753799429246}
	EndGlobalSection
EndGlobal
