
Microsoft Visual Studio Solution File, Format Version 12.00
# Visual Studio Version 16
VisualStudioVersion = 16.0.30717.126
MinimumVisualStudioVersion = 10.0.40219.1
Project("{FAE04EC0-301F-11D3-BF4B-00C04F79EFBC}") = "04. Number 100_200", "04. Number 100_200\04. Number 100_200.csproj", "{3D0A622C-E858-4335-BE64-1396A233311B}"
EndProject
Global
	GlobalSection(SolutionConfigurationPlatforms) = preSolution
		Debug|Any CPU = Debug|Any CPU
		Release|Any CPU = Release|Any CPU
	EndGlobalSection
	GlobalSection(ProjectConfigurationPlatforms) = postSolution
		{3D0A622C-E858-4335-BE64-1396A233311B}.Debug|Any CPU.ActiveCfg = Debug|Any CPU
		{3D0A622C-E858-4335-BE64-1396A233311B}.Debug|Any CPU.Build.0 = Debug|Any CPU
		{3D0A622C-E858-4335-BE64-1396A233311B}.Release|Any CPU.ActiveCfg = Release|Any CPU
		{3D0A622C-E858-4335-BE64-1396A233311B}.Release|Any CPU.Build.0 = Release|Any CPU
	EndGlobalSection
	GlobalSection(SolutionProperties) = preSolution
		HideSolutionNode = FALSE
	EndGlobalSection
	GlobalSection(ExtensibilityGlobals) = postSolution
		SolutionGuid = {E41D3BCC-DACC-42F3-A01B-180056496BC9}
	EndGlobalSection
EndGlobal
