
Microsoft Visual Studio Solution File, Format Version 12.00
# Visual Studio Version 16
VisualStudioVersion = 16.0.30804.86
MinimumVisualStudioVersion = 10.0.40219.1
Project("{FAE04EC0-301F-11D3-BF4B-00C04F79EFBC}") = "05. Fitness Center", "05. Fitness Center\05. Fitness Center.csproj", "{064C85C8-0F53-4B1E-9F72-8564C983FAF5}"
EndProject
Global
	GlobalSection(SolutionConfigurationPlatforms) = preSolution
		Debug|Any CPU = Debug|Any CPU
		Release|Any CPU = Release|Any CPU
	EndGlobalSection
	GlobalSection(ProjectConfigurationPlatforms) = postSolution
		{064C85C8-0F53-4B1E-9F72-8564C983FAF5}.Debug|Any CPU.ActiveCfg = Debug|Any CPU
		{064C85C8-0F53-4B1E-9F72-8564C983FAF5}.Debug|Any CPU.Build.0 = Debug|Any CPU
		{064C85C8-0F53-4B1E-9F72-8564C983FAF5}.Release|Any CPU.ActiveCfg = Release|Any CPU
		{064C85C8-0F53-4B1E-9F72-8564C983FAF5}.Release|Any CPU.Build.0 = Release|Any CPU
	EndGlobalSection
	GlobalSection(SolutionProperties) = preSolution
		HideSolutionNode = FALSE
	EndGlobalSection
	GlobalSection(ExtensibilityGlobals) = postSolution
		SolutionGuid = {348D759C-2192-4F60-AF99-74C5F55D7EFA}
	EndGlobalSection
EndGlobal
