
Microsoft Visual Studio Solution File, Format Version 12.00
# Visual Studio Version 16
VisualStudioVersion = 16.0.30717.126
MinimumVisualStudioVersion = 10.0.40219.1
Project("{FAE04EC0-301F-11D3-BF4B-00C04F79EFBC}") = "03. Square Area", "03. Square Area\03. Square Area.csproj", "{B4439E4E-DE18-44D8-84D7-2DF0817FE90D}"
EndProject
Global
	GlobalSection(SolutionConfigurationPlatforms) = preSolution
		Debug|Any CPU = Debug|Any CPU
		Release|Any CPU = Release|Any CPU
	EndGlobalSection
	GlobalSection(ProjectConfigurationPlatforms) = postSolution
		{B4439E4E-DE18-44D8-84D7-2DF0817FE90D}.Debug|Any CPU.ActiveCfg = Debug|Any CPU
		{B4439E4E-DE18-44D8-84D7-2DF0817FE90D}.Debug|Any CPU.Build.0 = Debug|Any CPU
		{B4439E4E-DE18-44D8-84D7-2DF0817FE90D}.Release|Any CPU.ActiveCfg = Release|Any CPU
		{B4439E4E-DE18-44D8-84D7-2DF0817FE90D}.Release|Any CPU.Build.0 = Release|Any CPU
	EndGlobalSection
	GlobalSection(SolutionProperties) = preSolution
		HideSolutionNode = FALSE
	EndGlobalSection
	GlobalSection(ExtensibilityGlobals) = postSolution
		SolutionGuid = {6129F426-3AA5-4966-8277-B4AE2B301DCE}
	EndGlobalSection
EndGlobal
