
Microsoft Visual Studio Solution File, Format Version 12.00
# Visual Studio Version 16
VisualStudioVersion = 16.0.31005.135
MinimumVisualStudioVersion = 10.0.40219.1
Project("{FAE04EC0-301F-11D3-BF4B-00C04F79EFBC}") = "WildFarm", "WildFarm\WildFarm.csproj", "{D0D294CD-3FEA-4E01-8C25-1F632020CDD4}"
EndProject
Global
	GlobalSection(SolutionConfigurationPlatforms) = preSolution
		Debug|Any CPU = Debug|Any CPU
		Release|Any CPU = Release|Any CPU
	EndGlobalSection
	GlobalSection(ProjectConfigurationPlatforms) = postSolution
		{D0D294CD-3FEA-4E01-8C25-1F632020CDD4}.Debug|Any CPU.ActiveCfg = Debug|Any CPU
		{D0D294CD-3FEA-4E01-8C25-1F632020CDD4}.Debug|Any CPU.Build.0 = Debug|Any CPU
		{D0D294CD-3FEA-4E01-8C25-1F632020CDD4}.Release|Any CPU.ActiveCfg = Release|Any CPU
		{D0D294CD-3FEA-4E01-8C25-1F632020CDD4}.Release|Any CPU.Build.0 = Release|Any CPU
	EndGlobalSection
	GlobalSection(SolutionProperties) = preSolution
		HideSolutionNode = FALSE
	EndGlobalSection
	GlobalSection(ExtensibilityGlobals) = postSolution
		SolutionGuid = {16A98353-A766-4DBD-886C-9B0B6321627F}
	EndGlobalSection
EndGlobal
