
Microsoft Visual Studio Solution File, Format Version 12.00
# Visual Studio Version 16
VisualStudioVersion = 16.0.30804.86
MinimumVisualStudioVersion = 10.0.40219.1
Project("{FAE04EC0-301F-11D3-BF4B-00C04F79EFBC}") = "11. HappyCat Parking", "11. HappyCat Parking\11. HappyCat Parking.csproj", "{4F027E3F-DFFA-4911-B0B9-CD1CF4A42FD2}"
EndProject
Global
	GlobalSection(SolutionConfigurationPlatforms) = preSolution
		Debug|Any CPU = Debug|Any CPU
		Release|Any CPU = Release|Any CPU
	EndGlobalSection
	GlobalSection(ProjectConfigurationPlatforms) = postSolution
		{4F027E3F-DFFA-4911-B0B9-CD1CF4A42FD2}.Debug|Any CPU.ActiveCfg = Debug|Any CPU
		{4F027E3F-DFFA-4911-B0B9-CD1CF4A42FD2}.Debug|Any CPU.Build.0 = Debug|Any CPU
		{4F027E3F-DFFA-4911-B0B9-CD1CF4A42FD2}.Release|Any CPU.ActiveCfg = Release|Any CPU
		{4F027E3F-DFFA-4911-B0B9-CD1CF4A42FD2}.Release|Any CPU.Build.0 = Release|Any CPU
	EndGlobalSection
	GlobalSection(SolutionProperties) = preSolution
		HideSolutionNode = FALSE
	EndGlobalSection
	GlobalSection(ExtensibilityGlobals) = postSolution
		SolutionGuid = {02DF695D-63A0-49AA-AF58-EDC61A6B2FD2}
	EndGlobalSection
EndGlobal
