
Microsoft Visual Studio Solution File, Format Version 12.00
# Visual Studio Version 16
VisualStudioVersion = 16.0.30717.126
MinimumVisualStudioVersion = 10.0.40219.1
Project("{FAE04EC0-301F-11D3-BF4B-00C04F79EFBC}") = "02. Numbers N__1", "02. Numbers N__1\02. Numbers N__1.csproj", "{83D599F7-29CD-477B-AF3C-D527AFB6A45B}"
EndProject
Global
	GlobalSection(SolutionConfigurationPlatforms) = preSolution
		Debug|Any CPU = Debug|Any CPU
		Release|Any CPU = Release|Any CPU
	EndGlobalSection
	GlobalSection(ProjectConfigurationPlatforms) = postSolution
		{83D599F7-29CD-477B-AF3C-D527AFB6A45B}.Debug|Any CPU.ActiveCfg = Debug|Any CPU
		{83D599F7-29CD-477B-AF3C-D527AFB6A45B}.Debug|Any CPU.Build.0 = Debug|Any CPU
		{83D599F7-29CD-477B-AF3C-D527AFB6A45B}.Release|Any CPU.ActiveCfg = Release|Any CPU
		{83D599F7-29CD-477B-AF3C-D527AFB6A45B}.Release|Any CPU.Build.0 = Release|Any CPU
	EndGlobalSection
	GlobalSection(SolutionProperties) = preSolution
		HideSolutionNode = FALSE
	EndGlobalSection
	GlobalSection(ExtensibilityGlobals) = postSolution
		SolutionGuid = {587A86BE-FFEC-4A94-AC3F-A33B71FCAABC}
	EndGlobalSection
EndGlobal
