
Microsoft Visual Studio Solution File, Format Version 12.00
# Visual Studio Version 16
VisualStudioVersion = 16.0.30804.86
MinimumVisualStudioVersion = 10.0.40219.1
Project("{FAE04EC0-301F-11D3-BF4B-00C04F79EFBC}") = "07. Christmas Tree", "07. Christmas Tree\07. Christmas Tree.csproj", "{118FFD37-1BC9-4FB7-BBEA-EDA080AE7F11}"
EndProject
Global
	GlobalSection(SolutionConfigurationPlatforms) = preSolution
		Debug|Any CPU = Debug|Any CPU
		Release|Any CPU = Release|Any CPU
	EndGlobalSection
	GlobalSection(ProjectConfigurationPlatforms) = postSolution
		{118FFD37-1BC9-4FB7-BBEA-EDA080AE7F11}.Debug|Any CPU.ActiveCfg = Debug|Any CPU
		{118FFD37-1BC9-4FB7-BBEA-EDA080AE7F11}.Debug|Any CPU.Build.0 = Debug|Any CPU
		{118FFD37-1BC9-4FB7-BBEA-EDA080AE7F11}.Release|Any CPU.ActiveCfg = Release|Any CPU
		{118FFD37-1BC9-4FB7-BBEA-EDA080AE7F11}.Release|Any CPU.Build.0 = Release|Any CPU
	EndGlobalSection
	GlobalSection(SolutionProperties) = preSolution
		HideSolutionNode = FALSE
	EndGlobalSection
	GlobalSection(ExtensibilityGlobals) = postSolution
		SolutionGuid = {B6195382-EB9B-4DAD-BD38-1F8F168DE432}
	EndGlobalSection
EndGlobal
