
Microsoft Visual Studio Solution File, Format Version 12.00
# Visual Studio Version 16
VisualStudioVersion = 16.0.30907.101
MinimumVisualStudioVersion = 10.0.40219.1
Project("{9A19103F-16F7-4668-BE54-9A1E7A4F7556}") = "OpinionPoll", "04. Opinion Poll\OpinionPoll.csproj", "{4055F3E0-F921-4AAF-894F-7E81D937642D}"
EndProject
Global
	GlobalSection(SolutionConfigurationPlatforms) = preSolution
		Debug|Any CPU = Debug|Any CPU
		Release|Any CPU = Release|Any CPU
	EndGlobalSection
	GlobalSection(ProjectConfigurationPlatforms) = postSolution
		{4055F3E0-F921-4AAF-894F-7E81D937642D}.Debug|Any CPU.ActiveCfg = Debug|Any CPU
		{4055F3E0-F921-4AAF-894F-7E81D937642D}.Debug|Any CPU.Build.0 = Debug|Any CPU
		{4055F3E0-F921-4AAF-894F-7E81D937642D}.Release|Any CPU.ActiveCfg = Release|Any CPU
		{4055F3E0-F921-4AAF-894F-7E81D937642D}.Release|Any CPU.Build.0 = Release|Any CPU
	EndGlobalSection
	GlobalSection(SolutionProperties) = preSolution
		HideSolutionNode = FALSE
	EndGlobalSection
	GlobalSection(ExtensibilityGlobals) = postSolution
		SolutionGuid = {512ADEB5-BAFE-4E5D-996B-07244AF0BB01}
	EndGlobalSection
EndGlobal
