
Microsoft Visual Studio Solution File, Format Version 12.00
# Visual Studio Version 16
VisualStudioVersion = 16.0.30907.101
MinimumVisualStudioVersion = 10.0.40219.1
Project("{FAE04EC0-301F-11D3-BF4B-00C04F79EFBC}") = "6. Supermarket", "6. Supermarket\6. Supermarket.csproj", "{FB3D95FF-FC0F-4D76-B1C7-10F63EFAEF5F}"
EndProject
Global
	GlobalSection(SolutionConfigurationPlatforms) = preSolution
		Debug|Any CPU = Debug|Any CPU
		Release|Any CPU = Release|Any CPU
	EndGlobalSection
	GlobalSection(ProjectConfigurationPlatforms) = postSolution
		{FB3D95FF-FC0F-4D76-B1C7-10F63EFAEF5F}.Debug|Any CPU.ActiveCfg = Debug|Any CPU
		{FB3D95FF-FC0F-4D76-B1C7-10F63EFAEF5F}.Debug|Any CPU.Build.0 = Debug|Any CPU
		{FB3D95FF-FC0F-4D76-B1C7-10F63EFAEF5F}.Release|Any CPU.ActiveCfg = Release|Any CPU
		{FB3D95FF-FC0F-4D76-B1C7-10F63EFAEF5F}.Release|Any CPU.Build.0 = Release|Any CPU
	EndGlobalSection
	GlobalSection(SolutionProperties) = preSolution
		HideSolutionNode = FALSE
	EndGlobalSection
	GlobalSection(ExtensibilityGlobals) = postSolution
		SolutionGuid = {9BC4CE30-8A29-4020-95F3-A7D919CB3E3F}
	EndGlobalSection
EndGlobal
