
Microsoft Visual Studio Solution File, Format Version 12.00
# Visual Studio Version 16
VisualStudioVersion = 16.0.30907.101
MinimumVisualStudioVersion = 10.0.40219.1
Project("{FAE04EC0-301F-11D3-BF4B-00C04F79EFBC}") = "4. Matrix Shuffling - 1.1", "4. Matrix Shuffling - 1.1\4. Matrix Shuffling - 1.1.csproj", "{A37CBA0A-923F-4CD7-BFC0-CB275610179D}"
EndProject
Global
	GlobalSection(SolutionConfigurationPlatforms) = preSolution
		Debug|Any CPU = Debug|Any CPU
		Release|Any CPU = Release|Any CPU
	EndGlobalSection
	GlobalSection(ProjectConfigurationPlatforms) = postSolution
		{A37CBA0A-923F-4CD7-BFC0-CB275610179D}.Debug|Any CPU.ActiveCfg = Debug|Any CPU
		{A37CBA0A-923F-4CD7-BFC0-CB275610179D}.Debug|Any CPU.Build.0 = Debug|Any CPU
		{A37CBA0A-923F-4CD7-BFC0-CB275610179D}.Release|Any CPU.ActiveCfg = Release|Any CPU
		{A37CBA0A-923F-4CD7-BFC0-CB275610179D}.Release|Any CPU.Build.0 = Release|Any CPU
	EndGlobalSection
	GlobalSection(SolutionProperties) = preSolution
		HideSolutionNode = FALSE
	EndGlobalSection
	GlobalSection(ExtensibilityGlobals) = postSolution
		SolutionGuid = {2C60E17C-E6C5-4983-A7A5-D21139F270B7}
	EndGlobalSection
EndGlobal
