
Microsoft Visual Studio Solution File, Format Version 12.00
# Visual Studio Version 16
VisualStudioVersion = 16.0.31112.23
MinimumVisualStudioVersion = 10.0.40219.1
Project("{9A19103F-16F7-4668-BE54-9A1E7A4F7556}") = "ValidationAttributes", "ValidationAttributes.csproj", "{39786C8E-1886-467F-9FFD-EC6969F5DE62}"
EndProject
Global
	GlobalSection(SolutionConfigurationPlatforms) = preSolution
		Debug|Any CPU = Debug|Any CPU
		Release|Any CPU = Release|Any CPU
	EndGlobalSection
	GlobalSection(ProjectConfigurationPlatforms) = postSolution
		{39786C8E-1886-467F-9FFD-EC6969F5DE62}.Debug|Any CPU.ActiveCfg = Debug|Any CPU
		{39786C8E-1886-467F-9FFD-EC6969F5DE62}.Debug|Any CPU.Build.0 = Debug|Any CPU
		{39786C8E-1886-467F-9FFD-EC6969F5DE62}.Release|Any CPU.ActiveCfg = Release|Any CPU
		{39786C8E-1886-467F-9FFD-EC6969F5DE62}.Release|Any CPU.Build.0 = Release|Any CPU
	EndGlobalSection
	GlobalSection(SolutionProperties) = preSolution
		HideSolutionNode = FALSE
	EndGlobalSection
	GlobalSection(ExtensibilityGlobals) = postSolution
		SolutionGuid = {52D14854-5E03-4221-9D62-D2F7F02A19F2}
	EndGlobalSection
EndGlobal
