
Microsoft Visual Studio Solution File, Format Version 12.00
# Visual Studio Version 16
VisualStudioVersion = 16.0.30804.86
MinimumVisualStudioVersion = 10.0.40219.1
Project("{FAE04EC0-301F-11D3-BF4B-00C04F79EFBC}") = "02. Pascal Triangle", "02. Pascal Triangle\02. Pascal Triangle.csproj", "{0D31D1B1-2800-4DF1-97D8-53D777F418AD}"
EndProject
Global
	GlobalSection(SolutionConfigurationPlatforms) = preSolution
		Debug|Any CPU = Debug|Any CPU
		Release|Any CPU = Release|Any CPU
	EndGlobalSection
	GlobalSection(ProjectConfigurationPlatforms) = postSolution
		{0D31D1B1-2800-4DF1-97D8-53D777F418AD}.Debug|Any CPU.ActiveCfg = Debug|Any CPU
		{0D31D1B1-2800-4DF1-97D8-53D777F418AD}.Debug|Any CPU.Build.0 = Debug|Any CPU
		{0D31D1B1-2800-4DF1-97D8-53D777F418AD}.Release|Any CPU.ActiveCfg = Release|Any CPU
		{0D31D1B1-2800-4DF1-97D8-53D777F418AD}.Release|Any CPU.Build.0 = Release|Any CPU
	EndGlobalSection
	GlobalSection(SolutionProperties) = preSolution
		HideSolutionNode = FALSE
	EndGlobalSection
	GlobalSection(ExtensibilityGlobals) = postSolution
		SolutionGuid = {2CBD1BAA-3403-4F05-8158-BF0008548F68}
	EndGlobalSection
EndGlobal
