
Microsoft Visual Studio Solution File, Format Version 12.00
# Visual Studio Version 16
VisualStudioVersion = 16.0.30804.86
MinimumVisualStudioVersion = 10.0.40219.1
Project("{FAE04EC0-301F-11D3-BF4B-00C04F79EFBC}") = "03. Travel Agency", "03. Travel Agency\03. Travel Agency.csproj", "{16B2EBEA-00C8-4E08-8957-AC64B8B2D655}"
EndProject
Global
	GlobalSection(SolutionConfigurationPlatforms) = preSolution
		Debug|Any CPU = Debug|Any CPU
		Release|Any CPU = Release|Any CPU
	EndGlobalSection
	GlobalSection(ProjectConfigurationPlatforms) = postSolution
		{16B2EBEA-00C8-4E08-8957-AC64B8B2D655}.Debug|Any CPU.ActiveCfg = Debug|Any CPU
		{16B2EBEA-00C8-4E08-8957-AC64B8B2D655}.Debug|Any CPU.Build.0 = Debug|Any CPU
		{16B2EBEA-00C8-4E08-8957-AC64B8B2D655}.Release|Any CPU.ActiveCfg = Release|Any CPU
		{16B2EBEA-00C8-4E08-8957-AC64B8B2D655}.Release|Any CPU.Build.0 = Release|Any CPU
	EndGlobalSection
	GlobalSection(SolutionProperties) = preSolution
		HideSolutionNode = FALSE
	EndGlobalSection
	GlobalSection(ExtensibilityGlobals) = postSolution
		SolutionGuid = {439DF5A9-567F-41A9-B47C-983626132EDE}
	EndGlobalSection
EndGlobal
