
Microsoft Visual Studio Solution File, Format Version 12.00
# Visual Studio Version 16
VisualStudioVersion = 16.0.30907.101
MinimumVisualStudioVersion = 10.0.40219.1
Project("{FAE04EC0-301F-11D3-BF4B-00C04F79EFBC}") = "04. Songs", "04. Songs\04. Songs.csproj", "{AA20F115-B5B5-4530-87B9-4E4EB5B780A8}"
EndProject
Global
	GlobalSection(SolutionConfigurationPlatforms) = preSolution
		Debug|Any CPU = Debug|Any CPU
		Release|Any CPU = Release|Any CPU
	EndGlobalSection
	GlobalSection(ProjectConfigurationPlatforms) = postSolution
		{AA20F115-B5B5-4530-87B9-4E4EB5B780A8}.Debug|Any CPU.ActiveCfg = Debug|Any CPU
		{AA20F115-B5B5-4530-87B9-4E4EB5B780A8}.Debug|Any CPU.Build.0 = Debug|Any CPU
		{AA20F115-B5B5-4530-87B9-4E4EB5B780A8}.Release|Any CPU.ActiveCfg = Release|Any CPU
		{AA20F115-B5B5-4530-87B9-4E4EB5B780A8}.Release|Any CPU.Build.0 = Release|Any CPU
	EndGlobalSection
	GlobalSection(SolutionProperties) = preSolution
		HideSolutionNode = FALSE
	EndGlobalSection
	GlobalSection(ExtensibilityGlobals) = postSolution
		SolutionGuid = {0E195840-F8FF-448C-9DFF-F83240214E5B}
	EndGlobalSection
EndGlobal
