
Microsoft Visual Studio Solution File, Format Version 12.00
# Visual Studio Version 16
VisualStudioVersion = 16.0.30717.126
MinimumVisualStudioVersion = 10.0.40219.1
Project("{FAE04EC0-301F-11D3-BF4B-00C04F79EFBC}") = "08. Fuel Tank", "08. Fuel Tank\08. Fuel Tank.csproj", "{F94AF029-EE5C-4C8C-92BF-2548AD50131B}"
EndProject
Global
	GlobalSection(SolutionConfigurationPlatforms) = preSolution
		Debug|Any CPU = Debug|Any CPU
		Release|Any CPU = Release|Any CPU
	EndGlobalSection
	GlobalSection(ProjectConfigurationPlatforms) = postSolution
		{F94AF029-EE5C-4C8C-92BF-2548AD50131B}.Debug|Any CPU.ActiveCfg = Debug|Any CPU
		{F94AF029-EE5C-4C8C-92BF-2548AD50131B}.Debug|Any CPU.Build.0 = Debug|Any CPU
		{F94AF029-EE5C-4C8C-92BF-2548AD50131B}.Release|Any CPU.ActiveCfg = Release|Any CPU
		{F94AF029-EE5C-4C8C-92BF-2548AD50131B}.Release|Any CPU.Build.0 = Release|Any CPU
	EndGlobalSection
	GlobalSection(SolutionProperties) = preSolution
		HideSolutionNode = FALSE
	EndGlobalSection
	GlobalSection(ExtensibilityGlobals) = postSolution
		SolutionGuid = {D1EE0F2A-7A71-41D9-B8C7-593B714F1832}
	EndGlobalSection
EndGlobal
