
Microsoft Visual Studio Solution File, Format Version 12.00
# Visual Studio Version 16
VisualStudioVersion = 16.0.30804.86
MinimumVisualStudioVersion = 10.0.40219.1
Project("{FAE04EC0-301F-11D3-BF4B-00C04F79EFBC}") = "02. A Miner Task", "02. A Miner Task\02. A Miner Task.csproj", "{CD3FA927-27DA-433C-92E6-755B1689D6D0}"
EndProject
Global
	GlobalSection(SolutionConfigurationPlatforms) = preSolution
		Debug|Any CPU = Debug|Any CPU
		Release|Any CPU = Release|Any CPU
	EndGlobalSection
	GlobalSection(ProjectConfigurationPlatforms) = postSolution
		{CD3FA927-27DA-433C-92E6-755B1689D6D0}.Debug|Any CPU.ActiveCfg = Debug|Any CPU
		{CD3FA927-27DA-433C-92E6-755B1689D6D0}.Debug|Any CPU.Build.0 = Debug|Any CPU
		{CD3FA927-27DA-433C-92E6-755B1689D6D0}.Release|Any CPU.ActiveCfg = Release|Any CPU
		{CD3FA927-27DA-433C-92E6-755B1689D6D0}.Release|Any CPU.Build.0 = Release|Any CPU
	EndGlobalSection
	GlobalSection(SolutionProperties) = preSolution
		HideSolutionNode = FALSE
	EndGlobalSection
	GlobalSection(ExtensibilityGlobals) = postSolution
		SolutionGuid = {21857311-9F27-4E36-821D-269D8F76B93E}
	EndGlobalSection
EndGlobal
