
Microsoft Visual Studio Solution File, Format Version 12.00
# Visual Studio Version 16
VisualStudioVersion = 16.0.30907.101
MinimumVisualStudioVersion = 10.0.40219.1
Project("{9A19103F-16F7-4668-BE54-9A1E7A4F7556}") = "GenericArrayCreator", "Array Creator\GenericArrayCreator.csproj", "{5D338A3A-6FCB-47F9-BF36-1F9EB1488881}"
EndProject
Global
	GlobalSection(SolutionConfigurationPlatforms) = preSolution
		Debug|Any CPU = Debug|Any CPU
		Release|Any CPU = Release|Any CPU
	EndGlobalSection
	GlobalSection(ProjectConfigurationPlatforms) = postSolution
		{5D338A3A-6FCB-47F9-BF36-1F9EB1488881}.Debug|Any CPU.ActiveCfg = Debug|Any CPU
		{5D338A3A-6FCB-47F9-BF36-1F9EB1488881}.Debug|Any CPU.Build.0 = Debug|Any CPU
		{5D338A3A-6FCB-47F9-BF36-1F9EB1488881}.Release|Any CPU.ActiveCfg = Release|Any CPU
		{5D338A3A-6FCB-47F9-BF36-1F9EB1488881}.Release|Any CPU.Build.0 = Release|Any CPU
	EndGlobalSection
	GlobalSection(SolutionProperties) = preSolution
		HideSolutionNode = FALSE
	EndGlobalSection
	GlobalSection(ExtensibilityGlobals) = postSolution
		SolutionGuid = {F2C8BA6F-1FAF-42F2-9B7E-E37BB2D4A571}
	EndGlobalSection
EndGlobal
