
Microsoft Visual Studio Solution File, Format Version 12.00
# Visual Studio Version 16
VisualStudioVersion = 16.0.30804.86
MinimumVisualStudioVersion = 10.0.40219.1
Project("{FAE04EC0-301F-11D3-BF4B-00C04F79EFBC}") = "02. Odd Occurrences", "02. Odd Occurrences\02. Odd Occurrences.csproj", "{FCB3BE27-0731-4A53-9D26-2FDC17C1994C}"
EndProject
Global
	GlobalSection(SolutionConfigurationPlatforms) = preSolution
		Debug|Any CPU = Debug|Any CPU
		Release|Any CPU = Release|Any CPU
	EndGlobalSection
	GlobalSection(ProjectConfigurationPlatforms) = postSolution
		{FCB3BE27-0731-4A53-9D26-2FDC17C1994C}.Debug|Any CPU.ActiveCfg = Debug|Any CPU
		{FCB3BE27-0731-4A53-9D26-2FDC17C1994C}.Debug|Any CPU.Build.0 = Debug|Any CPU
		{FCB3BE27-0731-4A53-9D26-2FDC17C1994C}.Release|Any CPU.ActiveCfg = Release|Any CPU
		{FCB3BE27-0731-4A53-9D26-2FDC17C1994C}.Release|Any CPU.Build.0 = Release|Any CPU
	EndGlobalSection
	GlobalSection(SolutionProperties) = preSolution
		HideSolutionNode = FALSE
	EndGlobalSection
	GlobalSection(ExtensibilityGlobals) = postSolution
		SolutionGuid = {DA74070E-E646-4D99-A4AD-831AD34E1D22}
	EndGlobalSection
EndGlobal
