
Microsoft Visual Studio Solution File, Format Version 12.00
# Visual Studio Version 16
VisualStudioVersion = 16.0.31005.135
MinimumVisualStudioVersion = 10.0.40219.1
Project("{FAE04EC0-301F-11D3-BF4B-00C04F79EFBC}") = "RandomList", "RandomList\RandomList.csproj", "{7DA9465D-B996-4A55-933A-B6ECF5A80E1B}"
EndProject
Global
	GlobalSection(SolutionConfigurationPlatforms) = preSolution
		Debug|Any CPU = Debug|Any CPU
		Release|Any CPU = Release|Any CPU
	EndGlobalSection
	GlobalSection(ProjectConfigurationPlatforms) = postSolution
		{7DA9465D-B996-4A55-933A-B6ECF5A80E1B}.Debug|Any CPU.ActiveCfg = Debug|Any CPU
		{7DA9465D-B996-4A55-933A-B6ECF5A80E1B}.Debug|Any CPU.Build.0 = Debug|Any CPU
		{7DA9465D-B996-4A55-933A-B6ECF5A80E1B}.Release|Any CPU.ActiveCfg = Release|Any CPU
		{7DA9465D-B996-4A55-933A-B6ECF5A80E1B}.Release|Any CPU.Build.0 = Release|Any CPU
	EndGlobalSection
	GlobalSection(SolutionProperties) = preSolution
		HideSolutionNode = FALSE
	EndGlobalSection
	GlobalSection(ExtensibilityGlobals) = postSolution
		SolutionGuid = {BEED5BEE-7654-4B69-9E18-26D6C7B53432}
	EndGlobalSection
EndGlobal
