
Microsoft Visual Studio Solution File, Format Version 12.00
# Visual Studio Version 16
VisualStudioVersion = 16.0.30804.86
MinimumVisualStudioVersion = 10.0.40219.1
Project("{FAE04EC0-301F-11D3-BF4B-00C04F79EFBC}") = "02. Report System", "02. Report System\02. Report System.csproj", "{DED8E863-053B-4088-BF1B-A21BEDACF842}"
EndProject
Global
	GlobalSection(SolutionConfigurationPlatforms) = preSolution
		Debug|Any CPU = Debug|Any CPU
		Release|Any CPU = Release|Any CPU
	EndGlobalSection
	GlobalSection(ProjectConfigurationPlatforms) = postSolution
		{DED8E863-053B-4088-BF1B-A21BEDACF842}.Debug|Any CPU.ActiveCfg = Debug|Any CPU
		{DED8E863-053B-4088-BF1B-A21BEDACF842}.Debug|Any CPU.Build.0 = Debug|Any CPU
		{DED8E863-053B-4088-BF1B-A21BEDACF842}.Release|Any CPU.ActiveCfg = Release|Any CPU
		{DED8E863-053B-4088-BF1B-A21BEDACF842}.Release|Any CPU.Build.0 = Release|Any CPU
	EndGlobalSection
	GlobalSection(SolutionProperties) = preSolution
		HideSolutionNode = FALSE
	EndGlobalSection
	GlobalSection(ExtensibilityGlobals) = postSolution
		SolutionGuid = {934F7C8E-BD2A-48A7-B6D9-94199DBF6508}
	EndGlobalSection
EndGlobal
