
Microsoft Visual Studio Solution File, Format Version 12.00
# Visual Studio Version 16
VisualStudioVersion = 16.0.30804.86
MinimumVisualStudioVersion = 10.0.40219.1
Project("{FAE04EC0-301F-11D3-BF4B-00C04F79EFBC}") = "11. Math operations", "11. Math operations\11. Math operations.csproj", "{EF65E1C3-6820-4594-996A-F094F999DD4B}"
EndProject
Global
	GlobalSection(SolutionConfigurationPlatforms) = preSolution
		Debug|Any CPU = Debug|Any CPU
		Release|Any CPU = Release|Any CPU
	EndGlobalSection
	GlobalSection(ProjectConfigurationPlatforms) = postSolution
		{EF65E1C3-6820-4594-996A-F094F999DD4B}.Debug|Any CPU.ActiveCfg = Debug|Any CPU
		{EF65E1C3-6820-4594-996A-F094F999DD4B}.Debug|Any CPU.Build.0 = Debug|Any CPU
		{EF65E1C3-6820-4594-996A-F094F999DD4B}.Release|Any CPU.ActiveCfg = Release|Any CPU
		{EF65E1C3-6820-4594-996A-F094F999DD4B}.Release|Any CPU.Build.0 = Release|Any CPU
	EndGlobalSection
	GlobalSection(SolutionProperties) = preSolution
		HideSolutionNode = FALSE
	EndGlobalSection
	GlobalSection(ExtensibilityGlobals) = postSolution
		SolutionGuid = {71B18A41-9DE7-41E5-A19A-08FD5E479D5D}
	EndGlobalSection
EndGlobal
