
Microsoft Visual Studio Solution File, Format Version 12.00
# Visual Studio Version 16
VisualStudioVersion = 16.0.30804.86
MinimumVisualStudioVersion = 10.0.40219.1
Project("{FAE04EC0-301F-11D3-BF4B-00C04F79EFBC}") = "07. Vending Machine", "07. Vending Machine\07. Vending Machine.csproj", "{AF540A27-6906-4A11-B647-0FF899F4036B}"
EndProject
Global
	GlobalSection(SolutionConfigurationPlatforms) = preSolution
		Debug|Any CPU = Debug|Any CPU
		Release|Any CPU = Release|Any CPU
	EndGlobalSection
	GlobalSection(ProjectConfigurationPlatforms) = postSolution
		{AF540A27-6906-4A11-B647-0FF899F4036B}.Debug|Any CPU.ActiveCfg = Debug|Any CPU
		{AF540A27-6906-4A11-B647-0FF899F4036B}.Debug|Any CPU.Build.0 = Debug|Any CPU
		{AF540A27-6906-4A11-B647-0FF899F4036B}.Release|Any CPU.ActiveCfg = Release|Any CPU
		{AF540A27-6906-4A11-B647-0FF899F4036B}.Release|Any CPU.Build.0 = Release|Any CPU
	EndGlobalSection
	GlobalSection(SolutionProperties) = preSolution
		HideSolutionNode = FALSE
	EndGlobalSection
	GlobalSection(ExtensibilityGlobals) = postSolution
		SolutionGuid = {9B26EEF0-443A-473F-971A-F3641EEAAEC9}
	EndGlobalSection
EndGlobal
