
Microsoft Visual Studio Solution File, Format Version 12.00
# Visual Studio Version 16
VisualStudioVersion = 16.0.30907.101
MinimumVisualStudioVersion = 10.0.40219.1
Project("{FAE04EC0-301F-11D3-BF4B-00C04F79EFBC}") = "01. Randomize Words", "01. Randomize Words\01. Randomize Words.csproj", "{AB52D306-E73F-488D-AAF2-BF60C1D91943}"
EndProject
Global
	GlobalSection(SolutionConfigurationPlatforms) = preSolution
		Debug|Any CPU = Debug|Any CPU
		Release|Any CPU = Release|Any CPU
	EndGlobalSection
	GlobalSection(ProjectConfigurationPlatforms) = postSolution
		{AB52D306-E73F-488D-AAF2-BF60C1D91943}.Debug|Any CPU.ActiveCfg = Debug|Any CPU
		{AB52D306-E73F-488D-AAF2-BF60C1D91943}.Debug|Any CPU.Build.0 = Debug|Any CPU
		{AB52D306-E73F-488D-AAF2-BF60C1D91943}.Release|Any CPU.ActiveCfg = Release|Any CPU
		{AB52D306-E73F-488D-AAF2-BF60C1D91943}.Release|Any CPU.Build.0 = Release|Any CPU
	EndGlobalSection
	GlobalSection(SolutionProperties) = preSolution
		HideSolutionNode = FALSE
	EndGlobalSection
	GlobalSection(ExtensibilityGlobals) = postSolution
		SolutionGuid = {9D507F52-F228-4DD3-8BC1-7CD4EE7E6BBF}
	EndGlobalSection
EndGlobal
