
Microsoft Visual Studio Solution File, Format Version 12.00
# Visual Studio Version 16
VisualStudioVersion = 16.0.30907.101
MinimumVisualStudioVersion = 10.0.40219.1
Project("{FAE04EC0-301F-11D3-BF4B-00C04F79EFBC}") = "01. Password Reset", "01. Password Reset\01. Password Reset.csproj", "{6FC53C89-6239-44F5-AF74-5D8BBD49C1D3}"
EndProject
Global
	GlobalSection(SolutionConfigurationPlatforms) = preSolution
		Debug|Any CPU = Debug|Any CPU
		Release|Any CPU = Release|Any CPU
	EndGlobalSection
	GlobalSection(ProjectConfigurationPlatforms) = postSolution
		{6FC53C89-6239-44F5-AF74-5D8BBD49C1D3}.Debug|Any CPU.ActiveCfg = Debug|Any CPU
		{6FC53C89-6239-44F5-AF74-5D8BBD49C1D3}.Debug|Any CPU.Build.0 = Debug|Any CPU
		{6FC53C89-6239-44F5-AF74-5D8BBD49C1D3}.Release|Any CPU.ActiveCfg = Release|Any CPU
		{6FC53C89-6239-44F5-AF74-5D8BBD49C1D3}.Release|Any CPU.Build.0 = Release|Any CPU
	EndGlobalSection
	GlobalSection(SolutionProperties) = preSolution
		HideSolutionNode = FALSE
	EndGlobalSection
	GlobalSection(ExtensibilityGlobals) = postSolution
		SolutionGuid = {6CC6AD0B-673D-4730-9A5F-4F442C559058}
	EndGlobalSection
EndGlobal
