
Microsoft Visual Studio Solution File, Format Version 12.00
# Visual Studio Version 16
VisualStudioVersion = 16.0.32002.261
MinimumVisualStudioVersion = 10.0.40219.1
Project("{FAE04EC0-301F-11D3-BF4B-00C04F79EFBC}") = "MyWebServer", "MyWebServer\MyWebServer.csproj", "{34A5DE27-2425-4EBB-A31A-71FA00302039}"
EndProject
Project("{FAE04EC0-301F-11D3-BF4B-00C04F79EFBC}") = "MUSACA", "MUSACA\MUSACA.csproj", "{7545BF97-7E1B-4A8C-A33B-2DF702D27860}"
EndProject
Global
	GlobalSection(SolutionConfigurationPlatforms) = preSolution
		Debug|Any CPU = Debug|Any CPU
		Release|Any CPU = Release|Any CPU
	EndGlobalSection
	GlobalSection(ProjectConfigurationPlatforms) = postSolution
		{34A5DE27-2425-4EBB-A31A-71FA00302039}.Debug|Any CPU.ActiveCfg = Debug|Any CPU
		{34A5DE27-2425-4EBB-A31A-71FA00302039}.Debug|Any CPU.Build.0 = Debug|Any CPU
		{34A5DE27-2425-4EBB-A31A-71FA00302039}.Release|Any CPU.ActiveCfg = Release|Any CPU
		{34A5DE27-2425-4EBB-A31A-71FA00302039}.Release|Any CPU.Build.0 = Release|Any CPU
		{7545BF97-7E1B-4A8C-A33B-2DF702D27860}.Debug|Any CPU.ActiveCfg = Debug|Any CPU
		{7545BF97-7E1B-4A8C-A33B-2DF702D27860}.Debug|Any CPU.Build.0 = Debug|Any CPU
		{7545BF97-7E1B-4A8C-A33B-2DF702D27860}.Release|Any CPU.ActiveCfg = Release|Any CPU
		{7545BF97-7E1B-4A8C-A33B-2DF702D27860}.Release|Any CPU.Build.0 = Release|Any CPU
	EndGlobalSection
	GlobalSection(SolutionProperties) = preSolution
		HideSolutionNode = FALSE
	EndGlobalSection
	GlobalSection(ExtensibilityGlobals) = postSolution
		SolutionGuid = {02F54368-7420-4539-8466-6EAC054885C5}
	EndGlobalSection
EndGlobal
