
Microsoft Visual Studio Solution File, Format Version 12.00
# Visual Studio Version 16
VisualStudioVersion = 16.0.30907.101
MinimumVisualStudioVersion = 10.0.40219.1
Project("{FAE04EC0-301F-11D3-BF4B-00C04F79EFBC}") = "02. Ad Astra", "02. Ad Astra\02. Ad Astra.csproj", "{B5722804-C321-4245-8BA9-8178F34B37A0}"
EndProject
Global
	GlobalSection(SolutionConfigurationPlatforms) = preSolution
		Debug|Any CPU = Debug|Any CPU
		Release|Any CPU = Release|Any CPU
	EndGlobalSection
	GlobalSection(ProjectConfigurationPlatforms) = postSolution
		{B5722804-C321-4245-8BA9-8178F34B37A0}.Debug|Any CPU.ActiveCfg = Debug|Any CPU
		{B5722804-C321-4245-8BA9-8178F34B37A0}.Debug|Any CPU.Build.0 = Debug|Any CPU
		{B5722804-C321-4245-8BA9-8178F34B37A0}.Release|Any CPU.ActiveCfg = Release|Any CPU
		{B5722804-C321-4245-8BA9-8178F34B37A0}.Release|Any CPU.Build.0 = Release|Any CPU
	EndGlobalSection
	GlobalSection(SolutionProperties) = preSolution
		HideSolutionNode = FALSE
	EndGlobalSection
	GlobalSection(ExtensibilityGlobals) = postSolution
		SolutionGuid = {1D1057F6-BE93-4B0B-90C1-6CC72DF5C60D}
	EndGlobalSection
EndGlobal
