
Microsoft Visual Studio Solution File, Format Version 12.00
# Visual Studio Version 16
VisualStudioVersion = 16.0.30804.86
MinimumVisualStudioVersion = 10.0.40219.1
Project("{FAE04EC0-301F-11D3-BF4B-00C04F79EFBC}") = "05. SoftUni Parking", "05. SoftUni Parking\05. SoftUni Parking.csproj", "{5784DE35-A6EB-4D1F-B72D-68D3B59D2B87}"
EndProject
Global
	GlobalSection(SolutionConfigurationPlatforms) = preSolution
		Debug|Any CPU = Debug|Any CPU
		Release|Any CPU = Release|Any CPU
	EndGlobalSection
	GlobalSection(ProjectConfigurationPlatforms) = postSolution
		{5784DE35-A6EB-4D1F-B72D-68D3B59D2B87}.Debug|Any CPU.ActiveCfg = Debug|Any CPU
		{5784DE35-A6EB-4D1F-B72D-68D3B59D2B87}.Debug|Any CPU.Build.0 = Debug|Any CPU
		{5784DE35-A6EB-4D1F-B72D-68D3B59D2B87}.Release|Any CPU.ActiveCfg = Release|Any CPU
		{5784DE35-A6EB-4D1F-B72D-68D3B59D2B87}.Release|Any CPU.Build.0 = Release|Any CPU
	EndGlobalSection
	GlobalSection(SolutionProperties) = preSolution
		HideSolutionNode = FALSE
	EndGlobalSection
	GlobalSection(ExtensibilityGlobals) = postSolution
		SolutionGuid = {FF9E7612-B4A3-430F-A48E-B97E934D1662}
	EndGlobalSection
EndGlobal
