
Microsoft Visual Studio Solution File, Format Version 12.00
# Visual Studio Version 16
VisualStudioVersion = 16.0.31005.135
MinimumVisualStudioVersion = 10.0.40219.1
Project("{FAE04EC0-301F-11D3-BF4B-00C04F79EFBC}") = "Animals", "Animals\Animals.csproj", "{FE152A57-D388-43AC-BE45-388517050616}"
EndProject
Global
	GlobalSection(SolutionConfigurationPlatforms) = preSolution
		Debug|Any CPU = Debug|Any CPU
		Release|Any CPU = Release|Any CPU
	EndGlobalSection
	GlobalSection(ProjectConfigurationPlatforms) = postSolution
		{FE152A57-D388-43AC-BE45-388517050616}.Debug|Any CPU.ActiveCfg = Debug|Any CPU
		{FE152A57-D388-43AC-BE45-388517050616}.Debug|Any CPU.Build.0 = Debug|Any CPU
		{FE152A57-D388-43AC-BE45-388517050616}.Release|Any CPU.ActiveCfg = Release|Any CPU
		{FE152A57-D388-43AC-BE45-388517050616}.Release|Any CPU.Build.0 = Release|Any CPU
	EndGlobalSection
	GlobalSection(SolutionProperties) = preSolution
		HideSolutionNode = FALSE
	EndGlobalSection
	GlobalSection(ExtensibilityGlobals) = postSolution
		SolutionGuid = {FE583972-FA06-430F-BC58-1D84E3447376}
	EndGlobalSection
EndGlobal
