
Microsoft Visual Studio Solution File, Format Version 12.00
# Visual Studio Version 16
VisualStudioVersion = 16.0.30804.86
MinimumVisualStudioVersion = 10.0.40219.1
Project("{FAE04EC0-301F-11D3-BF4B-00C04F79EFBC}") = "01. Pool Day", "01. Pool Day\01. Pool Day.csproj", "{75ED1D76-EC33-4C32-8519-AF173CC872BB}"
EndProject
Global
	GlobalSection(SolutionConfigurationPlatforms) = preSolution
		Debug|Any CPU = Debug|Any CPU
		Release|Any CPU = Release|Any CPU
	EndGlobalSection
	GlobalSection(ProjectConfigurationPlatforms) = postSolution
		{75ED1D76-EC33-4C32-8519-AF173CC872BB}.Debug|Any CPU.ActiveCfg = Debug|Any CPU
		{75ED1D76-EC33-4C32-8519-AF173CC872BB}.Debug|Any CPU.Build.0 = Debug|Any CPU
		{75ED1D76-EC33-4C32-8519-AF173CC872BB}.Release|Any CPU.ActiveCfg = Release|Any CPU
		{75ED1D76-EC33-4C32-8519-AF173CC872BB}.Release|Any CPU.Build.0 = Release|Any CPU
	EndGlobalSection
	GlobalSection(SolutionProperties) = preSolution
		HideSolutionNode = FALSE
	EndGlobalSection
	GlobalSection(ExtensibilityGlobals) = postSolution
		SolutionGuid = {A54ABCC5-C6E4-4C56-9BA4-49D4F4BD8468}
	EndGlobalSection
EndGlobal
