
Microsoft Visual Studio Solution File, Format Version 12.00
# Visual Studio Version 16
VisualStudioVersion = 16.0.30907.101
MinimumVisualStudioVersion = 10.0.40219.1
Project("{FAE04EC0-301F-11D3-BF4B-00C04F79EFBC}") = "1. Diagonal Difference", "1. Diagonal Difference\1. Diagonal Difference.csproj", "{B7647494-95BA-4CDC-8131-790E813EF649}"
EndProject
Global
	GlobalSection(SolutionConfigurationPlatforms) = preSolution
		Debug|Any CPU = Debug|Any CPU
		Release|Any CPU = Release|Any CPU
	EndGlobalSection
	GlobalSection(ProjectConfigurationPlatforms) = postSolution
		{B7647494-95BA-4CDC-8131-790E813EF649}.Debug|Any CPU.ActiveCfg = Debug|Any CPU
		{B7647494-95BA-4CDC-8131-790E813EF649}.Debug|Any CPU.Build.0 = Debug|Any CPU
		{B7647494-95BA-4CDC-8131-790E813EF649}.Release|Any CPU.ActiveCfg = Release|Any CPU
		{B7647494-95BA-4CDC-8131-790E813EF649}.Release|Any CPU.Build.0 = Release|Any CPU
	EndGlobalSection
	GlobalSection(SolutionProperties) = preSolution
		HideSolutionNode = FALSE
	EndGlobalSection
	GlobalSection(ExtensibilityGlobals) = postSolution
		SolutionGuid = {54F0ACA6-9B06-4816-A7D0-A5F1868B7DCA}
	EndGlobalSection
EndGlobal
