
Microsoft Visual Studio Solution File, Format Version 12.00
# Visual Studio Version 16
VisualStudioVersion = 16.0.30907.101
MinimumVisualStudioVersion = 10.0.40219.1
Project("{FAE04EC0-301F-11D3-BF4B-00C04F79EFBC}") = "02. MuOnline", "02. MuOnline\02. MuOnline.csproj", "{90BCAC72-F35E-409E-A31A-4FF26D50F0E7}"
EndProject
Global
	GlobalSection(SolutionConfigurationPlatforms) = preSolution
		Debug|Any CPU = Debug|Any CPU
		Release|Any CPU = Release|Any CPU
	EndGlobalSection
	GlobalSection(ProjectConfigurationPlatforms) = postSolution
		{90BCAC72-F35E-409E-A31A-4FF26D50F0E7}.Debug|Any CPU.ActiveCfg = Debug|Any CPU
		{90BCAC72-F35E-409E-A31A-4FF26D50F0E7}.Debug|Any CPU.Build.0 = Debug|Any CPU
		{90BCAC72-F35E-409E-A31A-4FF26D50F0E7}.Release|Any CPU.ActiveCfg = Release|Any CPU
		{90BCAC72-F35E-409E-A31A-4FF26D50F0E7}.Release|Any CPU.Build.0 = Release|Any CPU
	EndGlobalSection
	GlobalSection(SolutionProperties) = preSolution
		HideSolutionNode = FALSE
	EndGlobalSection
	GlobalSection(ExtensibilityGlobals) = postSolution
		SolutionGuid = {C60160B4-CDFA-4222-BE85-6C62D1C53B43}
	EndGlobalSection
EndGlobal
