
Microsoft Visual Studio Solution File, Format Version 12.00
# Visual Studio Version 16
VisualStudioVersion = 16.0.30804.86
MinimumVisualStudioVersion = 10.0.40219.1
Project("{FAE04EC0-301F-11D3-BF4B-00C04F79EFBC}") = "04. Car Number", "04. Car Number\04. Car Number.csproj", "{D0FDF663-B3A4-413D-9FF1-9F0514E333D6}"
EndProject
Global
	GlobalSection(SolutionConfigurationPlatforms) = preSolution
		Debug|Any CPU = Debug|Any CPU
		Release|Any CPU = Release|Any CPU
	EndGlobalSection
	GlobalSection(ProjectConfigurationPlatforms) = postSolution
		{D0FDF663-B3A4-413D-9FF1-9F0514E333D6}.Debug|Any CPU.ActiveCfg = Debug|Any CPU
		{D0FDF663-B3A4-413D-9FF1-9F0514E333D6}.Debug|Any CPU.Build.0 = Debug|Any CPU
		{D0FDF663-B3A4-413D-9FF1-9F0514E333D6}.Release|Any CPU.ActiveCfg = Release|Any CPU
		{D0FDF663-B3A4-413D-9FF1-9F0514E333D6}.Release|Any CPU.Build.0 = Release|Any CPU
	EndGlobalSection
	GlobalSection(SolutionProperties) = preSolution
		HideSolutionNode = FALSE
	EndGlobalSection
	GlobalSection(ExtensibilityGlobals) = postSolution
		SolutionGuid = {74DB6F78-6B55-47BB-902B-9139C7AEBA4C}
	EndGlobalSection
EndGlobal
