
Microsoft Visual Studio Solution File, Format Version 12.00
# Visual Studio Version 16
VisualStudioVersion = 16.0.30717.126
MinimumVisualStudioVersion = 10.0.40219.1
Project("{FAE04EC0-301F-11D3-BF4B-00C04F79EFBC}") = "08. Pet Shop", "08. Pet Shop\08. Pet Shop.csproj", "{7D797057-2B81-4112-8FF6-3632715DB48D}"
EndProject
Global
	GlobalSection(SolutionConfigurationPlatforms) = preSolution
		Debug|Any CPU = Debug|Any CPU
		Release|Any CPU = Release|Any CPU
	EndGlobalSection
	GlobalSection(ProjectConfigurationPlatforms) = postSolution
		{7D797057-2B81-4112-8FF6-3632715DB48D}.Debug|Any CPU.ActiveCfg = Debug|Any CPU
		{7D797057-2B81-4112-8FF6-3632715DB48D}.Debug|Any CPU.Build.0 = Debug|Any CPU
		{7D797057-2B81-4112-8FF6-3632715DB48D}.Release|Any CPU.ActiveCfg = Release|Any CPU
		{7D797057-2B81-4112-8FF6-3632715DB48D}.Release|Any CPU.Build.0 = Release|Any CPU
	EndGlobalSection
	GlobalSection(SolutionProperties) = preSolution
		HideSolutionNode = FALSE
	EndGlobalSection
	GlobalSection(ExtensibilityGlobals) = postSolution
		SolutionGuid = {A3129D32-5F69-428D-8B6D-9D87C2F5CCC2}
	EndGlobalSection
EndGlobal
