
Microsoft Visual Studio Solution File, Format Version 12.00
# Visual Studio Version 16
VisualStudioVersion = 16.0.30717.126
MinimumVisualStudioVersion = 10.0.40219.1
Project("{FAE04EC0-301F-11D3-BF4B-00C04F79EFBC}") = "01. Day of Week", "01. Day of Week\01. Day of Week.csproj", "{37785E4F-54E4-4EC6-9E2E-05408B2F035B}"
EndProject
Global
	GlobalSection(SolutionConfigurationPlatforms) = preSolution
		Debug|Any CPU = Debug|Any CPU
		Release|Any CPU = Release|Any CPU
	EndGlobalSection
	GlobalSection(ProjectConfigurationPlatforms) = postSolution
		{37785E4F-54E4-4EC6-9E2E-05408B2F035B}.Debug|Any CPU.ActiveCfg = Debug|Any CPU
		{37785E4F-54E4-4EC6-9E2E-05408B2F035B}.Debug|Any CPU.Build.0 = Debug|Any CPU
		{37785E4F-54E4-4EC6-9E2E-05408B2F035B}.Release|Any CPU.ActiveCfg = Release|Any CPU
		{37785E4F-54E4-4EC6-9E2E-05408B2F035B}.Release|Any CPU.Build.0 = Release|Any CPU
	EndGlobalSection
	GlobalSection(SolutionProperties) = preSolution
		HideSolutionNode = FALSE
	EndGlobalSection
	GlobalSection(ExtensibilityGlobals) = postSolution
		SolutionGuid = {5062FB8C-A1D1-435A-ADFF-2CFB1FBA1E5A}
	EndGlobalSection
EndGlobal
