
Microsoft Visual Studio Solution File, Format Version 12.00
# Visual Studio Version 16
VisualStudioVersion = 16.0.30804.86
MinimumVisualStudioVersion = 10.0.40219.1
Project("{FAE04EC0-301F-11D3-BF4B-00C04F79EFBC}") = "02. Bike Race", "02. Bike Race\02. Bike Race.csproj", "{37EE7A09-6AD6-4D8C-929F-149250043996}"
EndProject
Global
	GlobalSection(SolutionConfigurationPlatforms) = preSolution
		Debug|Any CPU = Debug|Any CPU
		Release|Any CPU = Release|Any CPU
	EndGlobalSection
	GlobalSection(ProjectConfigurationPlatforms) = postSolution
		{37EE7A09-6AD6-4D8C-929F-149250043996}.Debug|Any CPU.ActiveCfg = Debug|Any CPU
		{37EE7A09-6AD6-4D8C-929F-149250043996}.Debug|Any CPU.Build.0 = Debug|Any CPU
		{37EE7A09-6AD6-4D8C-929F-149250043996}.Release|Any CPU.ActiveCfg = Release|Any CPU
		{37EE7A09-6AD6-4D8C-929F-149250043996}.Release|Any CPU.Build.0 = Release|Any CPU
	EndGlobalSection
	GlobalSection(SolutionProperties) = preSolution
		HideSolutionNode = FALSE
	EndGlobalSection
	GlobalSection(ExtensibilityGlobals) = postSolution
		SolutionGuid = {8E6631F4-7A8C-48E2-A6DC-18ACDC8CDD7A}
	EndGlobalSection
EndGlobal
