
Microsoft Visual Studio Solution File, Format Version 12.00
# Visual Studio Version 16
VisualStudioVersion = 16.0.30907.101
MinimumVisualStudioVersion = 10.0.40219.1
Project("{FAE04EC0-301F-11D3-BF4B-00C04F79EFBC}") = "4. Matching Brackets", "4. Matching Brackets\4. Matching Brackets.csproj", "{1DA847B7-0118-42D9-B535-80B4C0A950F3}"
EndProject
Global
	GlobalSection(SolutionConfigurationPlatforms) = preSolution
		Debug|Any CPU = Debug|Any CPU
		Release|Any CPU = Release|Any CPU
	EndGlobalSection
	GlobalSection(ProjectConfigurationPlatforms) = postSolution
		{1DA847B7-0118-42D9-B535-80B4C0A950F3}.Debug|Any CPU.ActiveCfg = Debug|Any CPU
		{1DA847B7-0118-42D9-B535-80B4C0A950F3}.Debug|Any CPU.Build.0 = Debug|Any CPU
		{1DA847B7-0118-42D9-B535-80B4C0A950F3}.Release|Any CPU.ActiveCfg = Release|Any CPU
		{1DA847B7-0118-42D9-B535-80B4C0A950F3}.Release|Any CPU.Build.0 = Release|Any CPU
	EndGlobalSection
	GlobalSection(SolutionProperties) = preSolution
		HideSolutionNode = FALSE
	EndGlobalSection
	GlobalSection(ExtensibilityGlobals) = postSolution
		SolutionGuid = {D4EE2344-D714-4F48-8C8A-F17864DAB3B7}
	EndGlobalSection
EndGlobal
