
Microsoft Visual Studio Solution File, Format Version 12.00
# Visual Studio Version 16
VisualStudioVersion = 16.0.30907.101
MinimumVisualStudioVersion = 10.0.40219.1
Project("{FAE04EC0-301F-11D3-BF4B-00C04F79EFBC}") = "6. Jagged Array Manipulator", "6. Jagged Array Manipulator\6. Jagged Array Manipulator.csproj", "{7D864D41-CFC1-45C0-85FD-57B9F078CEA6}"
EndProject
Global
	GlobalSection(SolutionConfigurationPlatforms) = preSolution
		Debug|Any CPU = Debug|Any CPU
		Release|Any CPU = Release|Any CPU
	EndGlobalSection
	GlobalSection(ProjectConfigurationPlatforms) = postSolution
		{7D864D41-CFC1-45C0-85FD-57B9F078CEA6}.Debug|Any CPU.ActiveCfg = Debug|Any CPU
		{7D864D41-CFC1-45C0-85FD-57B9F078CEA6}.Debug|Any CPU.Build.0 = Debug|Any CPU
		{7D864D41-CFC1-45C0-85FD-57B9F078CEA6}.Release|Any CPU.ActiveCfg = Release|Any CPU
		{7D864D41-CFC1-45C0-85FD-57B9F078CEA6}.Release|Any CPU.Build.0 = Release|Any CPU
	EndGlobalSection
	GlobalSection(SolutionProperties) = preSolution
		HideSolutionNode = FALSE
	EndGlobalSection
	GlobalSection(ExtensibilityGlobals) = postSolution
		SolutionGuid = {40DCF4A0-55FE-4B2E-8A10-E879FA2952A7}
	EndGlobalSection
EndGlobal
