
Microsoft Visual Studio Solution File, Format Version 12.00
# Visual Studio Version 16
VisualStudioVersion = 16.0.31005.135
MinimumVisualStudioVersion = 10.0.40219.1
Project("{9A19103F-16F7-4668-BE54-9A1E7A4F7556}") = "ClassroomProject", "Classroom\ClassroomProject.csproj", "{AF6ABD70-49A9-427D-820B-88DAB7DB4BE1}"
EndProject
Global
	GlobalSection(SolutionConfigurationPlatforms) = preSolution
		Debug|Any CPU = Debug|Any CPU
		Release|Any CPU = Release|Any CPU
	EndGlobalSection
	GlobalSection(ProjectConfigurationPlatforms) = postSolution
		{AF6ABD70-49A9-427D-820B-88DAB7DB4BE1}.Debug|Any CPU.ActiveCfg = Debug|Any CPU
		{AF6ABD70-49A9-427D-820B-88DAB7DB4BE1}.Debug|Any CPU.Build.0 = Debug|Any CPU
		{AF6ABD70-49A9-427D-820B-88DAB7DB4BE1}.Release|Any CPU.ActiveCfg = Release|Any CPU
		{AF6ABD70-49A9-427D-820B-88DAB7DB4BE1}.Release|Any CPU.Build.0 = Release|Any CPU
	EndGlobalSection
	GlobalSection(SolutionProperties) = preSolution
		HideSolutionNode = FALSE
	EndGlobalSection
	GlobalSection(ExtensibilityGlobals) = postSolution
		SolutionGuid = {14D79549-7434-4E1C-A6F2-D5C15AB4044F}
	EndGlobalSection
EndGlobal
