
Microsoft Visual Studio Solution File, Format Version 12.00
# Visual Studio Version 16
VisualStudioVersion = 16.0.30907.101
MinimumVisualStudioVersion = 10.0.40219.1
Project("{FAE04EC0-301F-11D3-BF4B-00C04F79EFBC}") = "02. Pascal Triangle", "02. Pascal Triangle\02. Pascal Triangle.csproj", "{848F419C-24C5-4FDE-9BA6-2F86F87BEF29}"
EndProject
Global
	GlobalSection(SolutionConfigurationPlatforms) = preSolution
		Debug|Any CPU = Debug|Any CPU
		Release|Any CPU = Release|Any CPU
	EndGlobalSection
	GlobalSection(ProjectConfigurationPlatforms) = postSolution
		{848F419C-24C5-4FDE-9BA6-2F86F87BEF29}.Debug|Any CPU.ActiveCfg = Debug|Any CPU
		{848F419C-24C5-4FDE-9BA6-2F86F87BEF29}.Debug|Any CPU.Build.0 = Debug|Any CPU
		{848F419C-24C5-4FDE-9BA6-2F86F87BEF29}.Release|Any CPU.ActiveCfg = Release|Any CPU
		{848F419C-24C5-4FDE-9BA6-2F86F87BEF29}.Release|Any CPU.Build.0 = Release|Any CPU
	EndGlobalSection
	GlobalSection(SolutionProperties) = preSolution
		HideSolutionNode = FALSE
	EndGlobalSection
	GlobalSection(ExtensibilityGlobals) = postSolution
		SolutionGuid = {373A0331-6595-43D4-B871-D0379DA0E7DC}
	EndGlobalSection
EndGlobal
