
Microsoft Visual Studio Solution File, Format Version 12.00
# Visual Studio Version 16
VisualStudioVersion = 16.0.30804.86
MinimumVisualStudioVersion = 10.0.40219.1
Project("{FAE04EC0-301F-11D3-BF4B-00C04F79EFBC}") = "03. World Snooker", "03. World Snooker\03. World Snooker.csproj", "{720E24E7-690D-45DE-85D8-D3A4D9BF802B}"
EndProject
Global
	GlobalSection(SolutionConfigurationPlatforms) = preSolution
		Debug|Any CPU = Debug|Any CPU
		Release|Any CPU = Release|Any CPU
	EndGlobalSection
	GlobalSection(ProjectConfigurationPlatforms) = postSolution
		{720E24E7-690D-45DE-85D8-D3A4D9BF802B}.Debug|Any CPU.ActiveCfg = Debug|Any CPU
		{720E24E7-690D-45DE-85D8-D3A4D9BF802B}.Debug|Any CPU.Build.0 = Debug|Any CPU
		{720E24E7-690D-45DE-85D8-D3A4D9BF802B}.Release|Any CPU.ActiveCfg = Release|Any CPU
		{720E24E7-690D-45DE-85D8-D3A4D9BF802B}.Release|Any CPU.Build.0 = Release|Any CPU
	EndGlobalSection
	GlobalSection(SolutionProperties) = preSolution
		HideSolutionNode = FALSE
	EndGlobalSection
	GlobalSection(ExtensibilityGlobals) = postSolution
		SolutionGuid = {7F8443E5-1B75-4D96-A12D-059755CC304A}
	EndGlobalSection
EndGlobal
