
Microsoft Visual Studio Solution File, Format Version 12.00
# Visual Studio Version 16
VisualStudioVersion = 16.0.30717.126
MinimumVisualStudioVersion = 10.0.40219.1
Project("{FAE04EC0-301F-11D3-BF4B-00C04F79EFBC}") = "01. USD to BGN", "01. USD to BGN\01. USD to BGN.csproj", "{80EDD642-17BE-4D7D-8E58-D6F3E6B91904}"
EndProject
Global
	GlobalSection(SolutionConfigurationPlatforms) = preSolution
		Debug|Any CPU = Debug|Any CPU
		Release|Any CPU = Release|Any CPU
	EndGlobalSection
	GlobalSection(ProjectConfigurationPlatforms) = postSolution
		{80EDD642-17BE-4D7D-8E58-D6F3E6B91904}.Debug|Any CPU.ActiveCfg = Debug|Any CPU
		{80EDD642-17BE-4D7D-8E58-D6F3E6B91904}.Debug|Any CPU.Build.0 = Debug|Any CPU
		{80EDD642-17BE-4D7D-8E58-D6F3E6B91904}.Release|Any CPU.ActiveCfg = Release|Any CPU
		{80EDD642-17BE-4D7D-8E58-D6F3E6B91904}.Release|Any CPU.Build.0 = Release|Any CPU
	EndGlobalSection
	GlobalSection(SolutionProperties) = preSolution
		HideSolutionNode = FALSE
	EndGlobalSection
	GlobalSection(ExtensibilityGlobals) = postSolution
		SolutionGuid = {E16F9F10-0B59-402F-B124-CBBFBDF595F6}
	EndGlobalSection
EndGlobal
