
Microsoft Visual Studio Solution File, Format Version 12.00
# Visual Studio Version 16
VisualStudioVersion = 16.0.30717.126
MinimumVisualStudioVersion = 10.0.40219.1
Project("{FAE04EC0-301F-11D3-BF4B-00C04F79EFBC}") = "01. Pipes In Pool", "01. Pipes In Pool\01. Pipes In Pool.csproj", "{4F3951E9-1141-4357-B22F-5AFB6A2EE116}"
EndProject
Global
	GlobalSection(SolutionConfigurationPlatforms) = preSolution
		Debug|Any CPU = Debug|Any CPU
		Release|Any CPU = Release|Any CPU
	EndGlobalSection
	GlobalSection(ProjectConfigurationPlatforms) = postSolution
		{4F3951E9-1141-4357-B22F-5AFB6A2EE116}.Debug|Any CPU.ActiveCfg = Debug|Any CPU
		{4F3951E9-1141-4357-B22F-5AFB6A2EE116}.Debug|Any CPU.Build.0 = Debug|Any CPU
		{4F3951E9-1141-4357-B22F-5AFB6A2EE116}.Release|Any CPU.ActiveCfg = Release|Any CPU
		{4F3951E9-1141-4357-B22F-5AFB6A2EE116}.Release|Any CPU.Build.0 = Release|Any CPU
	EndGlobalSection
	GlobalSection(SolutionProperties) = preSolution
		HideSolutionNode = FALSE
	EndGlobalSection
	GlobalSection(ExtensibilityGlobals) = postSolution
		SolutionGuid = {8B0177D6-729B-4D48-B5D6-6DB4B438029F}
	EndGlobalSection
EndGlobal
