
Microsoft Visual Studio Solution File, Format Version 12.00
# Visual Studio Version 16
VisualStudioVersion = 16.0.30804.86
MinimumVisualStudioVersion = 10.0.40219.1
Project("{FAE04EC0-301F-11D3-BF4B-00C04F79EFBC}") = "08. Equal Pairs", "08. Equal Pairs\08. Equal Pairs.csproj", "{7441A586-CD35-46DE-864B-40D30412ACF4}"
EndProject
Global
	GlobalSection(SolutionConfigurationPlatforms) = preSolution
		Debug|Any CPU = Debug|Any CPU
		Release|Any CPU = Release|Any CPU
	EndGlobalSection
	GlobalSection(ProjectConfigurationPlatforms) = postSolution
		{7441A586-CD35-46DE-864B-40D30412ACF4}.Debug|Any CPU.ActiveCfg = Debug|Any CPU
		{7441A586-CD35-46DE-864B-40D30412ACF4}.Debug|Any CPU.Build.0 = Debug|Any CPU
		{7441A586-CD35-46DE-864B-40D30412ACF4}.Release|Any CPU.ActiveCfg = Release|Any CPU
		{7441A586-CD35-46DE-864B-40D30412ACF4}.Release|Any CPU.Build.0 = Release|Any CPU
	EndGlobalSection
	GlobalSection(SolutionProperties) = preSolution
		HideSolutionNode = FALSE
	EndGlobalSection
	GlobalSection(ExtensibilityGlobals) = postSolution
		SolutionGuid = {30EC6E81-2C34-4767-986C-5B849DC44E02}
	EndGlobalSection
EndGlobal
