
Microsoft Visual Studio Solution File, Format Version 12.00
# Visual Studio Version 16
VisualStudioVersion = 16.0.30717.126
MinimumVisualStudioVersion = 10.0.40219.1
Project("{FAE04EC0-301F-11D3-BF4B-00C04F79EFBC}") = "08_Fuel Tank_Part_2", "08. Fuel Tank - Part 2\08_Fuel Tank_Part_2.csproj", "{07A8410A-84FD-4CA4-B385-3179378735B1}"
EndProject
Global
	GlobalSection(SolutionConfigurationPlatforms) = preSolution
		Debug|Any CPU = Debug|Any CPU
		Release|Any CPU = Release|Any CPU
	EndGlobalSection
	GlobalSection(ProjectConfigurationPlatforms) = postSolution
		{07A8410A-84FD-4CA4-B385-3179378735B1}.Debug|Any CPU.ActiveCfg = Debug|Any CPU
		{07A8410A-84FD-4CA4-B385-3179378735B1}.Debug|Any CPU.Build.0 = Debug|Any CPU
		{07A8410A-84FD-4CA4-B385-3179378735B1}.Release|Any CPU.ActiveCfg = Release|Any CPU
		{07A8410A-84FD-4CA4-B385-3179378735B1}.Release|Any CPU.Build.0 = Release|Any CPU
	EndGlobalSection
	GlobalSection(SolutionProperties) = preSolution
		HideSolutionNode = FALSE
	EndGlobalSection
	GlobalSection(ExtensibilityGlobals) = postSolution
		SolutionGuid = {0894D646-D9E8-421F-9B25-A6D0BFBC8A85}
	EndGlobalSection
EndGlobal
