
Microsoft Visual Studio Solution File, Format Version 12.00
# Visual Studio Version 16
VisualStudioVersion = 16.0.30804.86
MinimumVisualStudioVersion = 10.0.40219.1
Project("{FAE04EC0-301F-11D3-BF4B-00C04F79EFBC}") = "03. Combinations", "03. Combinations\03. Combinations.csproj", "{443EAE51-3EA9-4182-B1EA-20BD780D0CAC}"
EndProject
Global
	GlobalSection(SolutionConfigurationPlatforms) = preSolution
		Debug|Any CPU = Debug|Any CPU
		Release|Any CPU = Release|Any CPU
	EndGlobalSection
	GlobalSection(ProjectConfigurationPlatforms) = postSolution
		{443EAE51-3EA9-4182-B1EA-20BD780D0CAC}.Debug|Any CPU.ActiveCfg = Debug|Any CPU
		{443EAE51-3EA9-4182-B1EA-20BD780D0CAC}.Debug|Any CPU.Build.0 = Debug|Any CPU
		{443EAE51-3EA9-4182-B1EA-20BD780D0CAC}.Release|Any CPU.ActiveCfg = Release|Any CPU
		{443EAE51-3EA9-4182-B1EA-20BD780D0CAC}.Release|Any CPU.Build.0 = Release|Any CPU
	EndGlobalSection
	GlobalSection(SolutionProperties) = preSolution
		HideSolutionNode = FALSE
	EndGlobalSection
	GlobalSection(ExtensibilityGlobals) = postSolution
		SolutionGuid = {ACAE816A-62F0-46A7-BA66-7105E1C5ED45}
	EndGlobalSection
EndGlobal
