
Microsoft Visual Studio Solution File, Format Version 12.00
# Visual Studio Version 16
VisualStudioVersion = 16.0.30804.86
MinimumVisualStudioVersion = 10.0.40219.1
Project("{FAE04EC0-301F-11D3-BF4B-00C04F79EFBC}") = "09. Pokemon Don't Go", "09. Pokemon Don't Go\09. Pokemon Don't Go.csproj", "{13512B6F-D2FF-4953-B52E-D3FAACAB6567}"
EndProject
Global
	GlobalSection(SolutionConfigurationPlatforms) = preSolution
		Debug|Any CPU = Debug|Any CPU
		Release|Any CPU = Release|Any CPU
	EndGlobalSection
	GlobalSection(ProjectConfigurationPlatforms) = postSolution
		{13512B6F-D2FF-4953-B52E-D3FAACAB6567}.Debug|Any CPU.ActiveCfg = Debug|Any CPU
		{13512B6F-D2FF-4953-B52E-D3FAACAB6567}.Debug|Any CPU.Build.0 = Debug|Any CPU
		{13512B6F-D2FF-4953-B52E-D3FAACAB6567}.Release|Any CPU.ActiveCfg = Release|Any CPU
		{13512B6F-D2FF-4953-B52E-D3FAACAB6567}.Release|Any CPU.Build.0 = Release|Any CPU
	EndGlobalSection
	GlobalSection(SolutionProperties) = preSolution
		HideSolutionNode = FALSE
	EndGlobalSection
	GlobalSection(ExtensibilityGlobals) = postSolution
		SolutionGuid = {469DDDED-1E13-45ED-A743-E3BBACFA8C27}
	EndGlobalSection
EndGlobal
