
Microsoft Visual Studio Solution File, Format Version 12.00
# Visual Studio Version 16
VisualStudioVersion = 16.0.30804.86
MinimumVisualStudioVersion = 10.0.40219.1
Project("{FAE04EC0-301F-11D3-BF4B-00C04F79EFBC}") = "04. Walking", "04. Walking\04. Walking.csproj", "{1EC72C32-00EC-4C01-8504-C924A90A08A8}"
EndProject
Global
	GlobalSection(SolutionConfigurationPlatforms) = preSolution
		Debug|Any CPU = Debug|Any CPU
		Release|Any CPU = Release|Any CPU
	EndGlobalSection
	GlobalSection(ProjectConfigurationPlatforms) = postSolution
		{1EC72C32-00EC-4C01-8504-C924A90A08A8}.Debug|Any CPU.ActiveCfg = Debug|Any CPU
		{1EC72C32-00EC-4C01-8504-C924A90A08A8}.Debug|Any CPU.Build.0 = Debug|Any CPU
		{1EC72C32-00EC-4C01-8504-C924A90A08A8}.Release|Any CPU.ActiveCfg = Release|Any CPU
		{1EC72C32-00EC-4C01-8504-C924A90A08A8}.Release|Any CPU.Build.0 = Release|Any CPU
	EndGlobalSection
	GlobalSection(SolutionProperties) = preSolution
		HideSolutionNode = FALSE
	EndGlobalSection
	GlobalSection(ExtensibilityGlobals) = postSolution
		SolutionGuid = {138111A2-24DB-4B05-8808-0497A3138A9A}
	EndGlobalSection
EndGlobal
