
Microsoft Visual Studio Solution File, Format Version 12.00
# Visual Studio Version 16
VisualStudioVersion = 16.0.30717.126
MinimumVisualStudioVersion = 10.0.40219.1
Project("{FAE04EC0-301F-11D3-BF4B-00C04F79EFBC}") = "04. Inches to Centimeters", "04. Inches to Centimeters\04. Inches to Centimeters.csproj", "{FA0F5731-1937-47DB-BB2D-4E8E2873E648}"
EndProject
Global
	GlobalSection(SolutionConfigurationPlatforms) = preSolution
		Debug|Any CPU = Debug|Any CPU
		Release|Any CPU = Release|Any CPU
	EndGlobalSection
	GlobalSection(ProjectConfigurationPlatforms) = postSolution
		{FA0F5731-1937-47DB-BB2D-4E8E2873E648}.Debug|Any CPU.ActiveCfg = Debug|Any CPU
		{FA0F5731-1937-47DB-BB2D-4E8E2873E648}.Debug|Any CPU.Build.0 = Debug|Any CPU
		{FA0F5731-1937-47DB-BB2D-4E8E2873E648}.Release|Any CPU.ActiveCfg = Release|Any CPU
		{FA0F5731-1937-47DB-BB2D-4E8E2873E648}.Release|Any CPU.Build.0 = Release|Any CPU
	EndGlobalSection
	GlobalSection(SolutionProperties) = preSolution
		HideSolutionNode = FALSE
	EndGlobalSection
	GlobalSection(ExtensibilityGlobals) = postSolution
		SolutionGuid = {557C57C7-492A-415D-91CE-D1A9E0713E14}
	EndGlobalSection
EndGlobal
