
Microsoft Visual Studio Solution File, Format Version 12.00
# Visual Studio Version 16
VisualStudioVersion = 16.0.30907.101
MinimumVisualStudioVersion = 10.0.40219.1
Project("{FAE04EC0-301F-11D3-BF4B-00C04F79EFBC}") = "03. Periodic Table", "03. Periodic Table\03. Periodic Table.csproj", "{A31B5B77-E893-4DED-9DC7-1880C38FDCB3}"
EndProject
Global
	GlobalSection(SolutionConfigurationPlatforms) = preSolution
		Debug|Any CPU = Debug|Any CPU
		Release|Any CPU = Release|Any CPU
	EndGlobalSection
	GlobalSection(ProjectConfigurationPlatforms) = postSolution
		{A31B5B77-E893-4DED-9DC7-1880C38FDCB3}.Debug|Any CPU.ActiveCfg = Debug|Any CPU
		{A31B5B77-E893-4DED-9DC7-1880C38FDCB3}.Debug|Any CPU.Build.0 = Debug|Any CPU
		{A31B5B77-E893-4DED-9DC7-1880C38FDCB3}.Release|Any CPU.ActiveCfg = Release|Any CPU
		{A31B5B77-E893-4DED-9DC7-1880C38FDCB3}.Release|Any CPU.Build.0 = Release|Any CPU
	EndGlobalSection
	GlobalSection(SolutionProperties) = preSolution
		HideSolutionNode = FALSE
	EndGlobalSection
	GlobalSection(ExtensibilityGlobals) = postSolution
		SolutionGuid = {70100E28-CDD5-4BAB-9913-5F87B5A89F4B}
	EndGlobalSection
EndGlobal
