
Microsoft Visual Studio Solution File, Format Version 12.00
# Visual Studio Version 16
VisualStudioVersion = 16.0.30804.86
MinimumVisualStudioVersion = 10.0.40219.1
Project("{FAE04EC0-301F-11D3-BF4B-00C04F79EFBC}") = "03. Painting Eggs", "03. Painting Eggs\03. Painting Eggs.csproj", "{DEAE1EB2-F760-44AA-8944-C4844BCDCE0A}"
EndProject
Global
	GlobalSection(SolutionConfigurationPlatforms) = preSolution
		Debug|Any CPU = Debug|Any CPU
		Release|Any CPU = Release|Any CPU
	EndGlobalSection
	GlobalSection(ProjectConfigurationPlatforms) = postSolution
		{DEAE1EB2-F760-44AA-8944-C4844BCDCE0A}.Debug|Any CPU.ActiveCfg = Debug|Any CPU
		{DEAE1EB2-F760-44AA-8944-C4844BCDCE0A}.Debug|Any CPU.Build.0 = Debug|Any CPU
		{DEAE1EB2-F760-44AA-8944-C4844BCDCE0A}.Release|Any CPU.ActiveCfg = Release|Any CPU
		{DEAE1EB2-F760-44AA-8944-C4844BCDCE0A}.Release|Any CPU.Build.0 = Release|Any CPU
	EndGlobalSection
	GlobalSection(SolutionProperties) = preSolution
		HideSolutionNode = FALSE
	EndGlobalSection
	GlobalSection(ExtensibilityGlobals) = postSolution
		SolutionGuid = {A3254B0D-2FD6-4E57-BBC5-19F105667CA0}
	EndGlobalSection
EndGlobal
