
Microsoft Visual Studio Solution File, Format Version 12.00
# Visual Studio Version 16
VisualStudioVersion = 16.0.31005.135
MinimumVisualStudioVersion = 10.0.40219.1
Project("{9A19103F-16F7-4668-BE54-9A1E7A4F7556}") = "Guild", "Guild\Guild.csproj", "{972D3B40-8319-48BB-BEF1-7E20F5501BB9}"
EndProject
Global
	GlobalSection(SolutionConfigurationPlatforms) = preSolution
		Debug|Any CPU = Debug|Any CPU
		Release|Any CPU = Release|Any CPU
	EndGlobalSection
	GlobalSection(ProjectConfigurationPlatforms) = postSolution
		{972D3B40-8319-48BB-BEF1-7E20F5501BB9}.Debug|Any CPU.ActiveCfg = Debug|Any CPU
		{972D3B40-8319-48BB-BEF1-7E20F5501BB9}.Debug|Any CPU.Build.0 = Debug|Any CPU
		{972D3B40-8319-48BB-BEF1-7E20F5501BB9}.Release|Any CPU.ActiveCfg = Release|Any CPU
		{972D3B40-8319-48BB-BEF1-7E20F5501BB9}.Release|Any CPU.Build.0 = Release|Any CPU
	EndGlobalSection
	GlobalSection(SolutionProperties) = preSolution
		HideSolutionNode = FALSE
	EndGlobalSection
	GlobalSection(ExtensibilityGlobals) = postSolution
		SolutionGuid = {816CEFEB-2A99-4DF8-B533-32719F5E97DE}
	EndGlobalSection
EndGlobal
