
Microsoft Visual Studio Solution File, Format Version 12.00
# Visual Studio Version 16
VisualStudioVersion = 16.0.30804.86
MinimumVisualStudioVersion = 10.0.40219.1
Project("{FAE04EC0-301F-11D3-BF4B-00C04F79EFBC}") = "12. Even Number", "12. Even Number\12. Even Number.csproj", "{34594B85-DA93-46F8-B097-5893FBB8BECE}"
EndProject
Global
	GlobalSection(SolutionConfigurationPlatforms) = preSolution
		Debug|Any CPU = Debug|Any CPU
		Release|Any CPU = Release|Any CPU
	EndGlobalSection
	GlobalSection(ProjectConfigurationPlatforms) = postSolution
		{34594B85-DA93-46F8-B097-5893FBB8BECE}.Debug|Any CPU.ActiveCfg = Debug|Any CPU
		{34594B85-DA93-46F8-B097-5893FBB8BECE}.Debug|Any CPU.Build.0 = Debug|Any CPU
		{34594B85-DA93-46F8-B097-5893FBB8BECE}.Release|Any CPU.ActiveCfg = Release|Any CPU
		{34594B85-DA93-46F8-B097-5893FBB8BECE}.Release|Any CPU.Build.0 = Release|Any CPU
	EndGlobalSection
	GlobalSection(SolutionProperties) = preSolution
		HideSolutionNode = FALSE
	EndGlobalSection
	GlobalSection(ExtensibilityGlobals) = postSolution
		SolutionGuid = {B2095A91-0E25-432A-AE78-06C2FF3D6262}
	EndGlobalSection
EndGlobal
