
Microsoft Visual Studio Solution File, Format Version 12.00
# Visual Studio Version 16
VisualStudioVersion = 16.0.30907.101
MinimumVisualStudioVersion = 10.0.40219.1
Project("{FAE04EC0-301F-11D3-BF4B-00C04F79EFBC}") = "02. Shoot for the Win", "02. Shoot for the Win\02. Shoot for the Win.csproj", "{3CDDA757-DB72-42F3-BC66-494F26DB0DDB}"
EndProject
Global
	GlobalSection(SolutionConfigurationPlatforms) = preSolution
		Debug|Any CPU = Debug|Any CPU
		Release|Any CPU = Release|Any CPU
	EndGlobalSection
	GlobalSection(ProjectConfigurationPlatforms) = postSolution
		{3CDDA757-DB72-42F3-BC66-494F26DB0DDB}.Debug|Any CPU.ActiveCfg = Debug|Any CPU
		{3CDDA757-DB72-42F3-BC66-494F26DB0DDB}.Debug|Any CPU.Build.0 = Debug|Any CPU
		{3CDDA757-DB72-42F3-BC66-494F26DB0DDB}.Release|Any CPU.ActiveCfg = Release|Any CPU
		{3CDDA757-DB72-42F3-BC66-494F26DB0DDB}.Release|Any CPU.Build.0 = Release|Any CPU
	EndGlobalSection
	GlobalSection(SolutionProperties) = preSolution
		HideSolutionNode = FALSE
	EndGlobalSection
	GlobalSection(ExtensibilityGlobals) = postSolution
		SolutionGuid = {EB40F78D-673F-46FA-81A0-8D8CCEED52FC}
	EndGlobalSection
EndGlobal
