
Microsoft Visual Studio Solution File, Format Version 12.00
# Visual Studio Version 16
VisualStudioVersion = 16.0.31005.135
MinimumVisualStudioVersion = 10.0.40219.1
Project("{FAE04EC0-301F-11D3-BF4B-00C04F79EFBC}") = "Parking", "Parking\Parking.csproj", "{02E96654-778C-47F3-BD52-E721E98275B1}"
EndProject
Global
	GlobalSection(SolutionConfigurationPlatforms) = preSolution
		Debug|Any CPU = Debug|Any CPU
		Release|Any CPU = Release|Any CPU
	EndGlobalSection
	GlobalSection(ProjectConfigurationPlatforms) = postSolution
		{02E96654-778C-47F3-BD52-E721E98275B1}.Debug|Any CPU.ActiveCfg = Debug|Any CPU
		{02E96654-778C-47F3-BD52-E721E98275B1}.Debug|Any CPU.Build.0 = Debug|Any CPU
		{02E96654-778C-47F3-BD52-E721E98275B1}.Release|Any CPU.ActiveCfg = Release|Any CPU
		{02E96654-778C-47F3-BD52-E721E98275B1}.Release|Any CPU.Build.0 = Release|Any CPU
	EndGlobalSection
	GlobalSection(SolutionProperties) = preSolution
		HideSolutionNode = FALSE
	EndGlobalSection
	GlobalSection(ExtensibilityGlobals) = postSolution
		SolutionGuid = {D3694FE6-AF07-4A86-A461-28A37767C34E}
	EndGlobalSection
EndGlobal
