
Microsoft Visual Studio Solution File, Format Version 12.00
# Visual Studio Version 16
VisualStudioVersion = 16.0.30907.101
MinimumVisualStudioVersion = 10.0.40219.1
Project("{FAE04EC0-301F-11D3-BF4B-00C04F79EFBC}") = "04. Raw Data", "04. Raw Data\04. Raw Data.csproj", "{D8D3330D-B6A3-44DB-944A-A69648DB71EE}"
EndProject
Global
	GlobalSection(SolutionConfigurationPlatforms) = preSolution
		Debug|Any CPU = Debug|Any CPU
		Release|Any CPU = Release|Any CPU
	EndGlobalSection
	GlobalSection(ProjectConfigurationPlatforms) = postSolution
		{D8D3330D-B6A3-44DB-944A-A69648DB71EE}.Debug|Any CPU.ActiveCfg = Debug|Any CPU
		{D8D3330D-B6A3-44DB-944A-A69648DB71EE}.Debug|Any CPU.Build.0 = Debug|Any CPU
		{D8D3330D-B6A3-44DB-944A-A69648DB71EE}.Release|Any CPU.ActiveCfg = Release|Any CPU
		{D8D3330D-B6A3-44DB-944A-A69648DB71EE}.Release|Any CPU.Build.0 = Release|Any CPU
	EndGlobalSection
	GlobalSection(SolutionProperties) = preSolution
		HideSolutionNode = FALSE
	EndGlobalSection
	GlobalSection(ExtensibilityGlobals) = postSolution
		SolutionGuid = {6AE719BB-5633-4725-9CB8-C43AFAF99D5E}
	EndGlobalSection
EndGlobal
