
Microsoft Visual Studio Solution File, Format Version 12.00
# Visual Studio Version 16
VisualStudioVersion = 16.0.30907.101
MinimumVisualStudioVersion = 10.0.40219.1
Project("{FAE04EC0-301F-11D3-BF4B-00C04F79EFBC}") = "07. Predicate For Names", "07. Predicate For Names\07. Predicate For Names.csproj", "{A57ADE5F-A0FE-416A-95EF-C5177D4673BA}"
EndProject
Global
	GlobalSection(SolutionConfigurationPlatforms) = preSolution
		Debug|Any CPU = Debug|Any CPU
		Release|Any CPU = Release|Any CPU
	EndGlobalSection
	GlobalSection(ProjectConfigurationPlatforms) = postSolution
		{A57ADE5F-A0FE-416A-95EF-C5177D4673BA}.Debug|Any CPU.ActiveCfg = Debug|Any CPU
		{A57ADE5F-A0FE-416A-95EF-C5177D4673BA}.Debug|Any CPU.Build.0 = Debug|Any CPU
		{A57ADE5F-A0FE-416A-95EF-C5177D4673BA}.Release|Any CPU.ActiveCfg = Release|Any CPU
		{A57ADE5F-A0FE-416A-95EF-C5177D4673BA}.Release|Any CPU.Build.0 = Release|Any CPU
	EndGlobalSection
	GlobalSection(SolutionProperties) = preSolution
		HideSolutionNode = FALSE
	EndGlobalSection
	GlobalSection(ExtensibilityGlobals) = postSolution
		SolutionGuid = {FC6B1E74-19AB-4C39-AA02-08B25B14A612}
	EndGlobalSection
EndGlobal
