
Microsoft Visual Studio Solution File, Format Version 12.00
# Visual Studio Version 16
VisualStudioVersion = 16.0.30804.86
MinimumVisualStudioVersion = 10.0.40219.1
Project("{FAE04EC0-301F-11D3-BF4B-00C04F79EFBC}") = "03. Zig-Zag Arrays", "03. Zig-Zag Arrays\03. Zig-Zag Arrays.csproj", "{9E988532-F48A-4091-96F5-3480A06888BA}"
EndProject
Global
	GlobalSection(SolutionConfigurationPlatforms) = preSolution
		Debug|Any CPU = Debug|Any CPU
		Release|Any CPU = Release|Any CPU
	EndGlobalSection
	GlobalSection(ProjectConfigurationPlatforms) = postSolution
		{9E988532-F48A-4091-96F5-3480A06888BA}.Debug|Any CPU.ActiveCfg = Debug|Any CPU
		{9E988532-F48A-4091-96F5-3480A06888BA}.Debug|Any CPU.Build.0 = Debug|Any CPU
		{9E988532-F48A-4091-96F5-3480A06888BA}.Release|Any CPU.ActiveCfg = Release|Any CPU
		{9E988532-F48A-4091-96F5-3480A06888BA}.Release|Any CPU.Build.0 = Release|Any CPU
	EndGlobalSection
	GlobalSection(SolutionProperties) = preSolution
		HideSolutionNode = FALSE
	EndGlobalSection
	GlobalSection(ExtensibilityGlobals) = postSolution
		SolutionGuid = {B8B08880-4124-4245-9734-D0CDA21A6C67}
	EndGlobalSection
EndGlobal
