
Microsoft Visual Studio Solution File, Format Version 12.00
# Visual Studio Version 16
VisualStudioVersion = 16.0.30907.101
MinimumVisualStudioVersion = 10.0.40219.1
Project("{FAE04EC0-301F-11D3-BF4B-00C04F79EFBC}") = "08. Custom Comparator", "08. Custom Comparator\08. Custom Comparator.csproj", "{E49F1105-C841-4E6C-AAE8-DA63AE2DE139}"
EndProject
Global
	GlobalSection(SolutionConfigurationPlatforms) = preSolution
		Debug|Any CPU = Debug|Any CPU
		Release|Any CPU = Release|Any CPU
	EndGlobalSection
	GlobalSection(ProjectConfigurationPlatforms) = postSolution
		{E49F1105-C841-4E6C-AAE8-DA63AE2DE139}.Debug|Any CPU.ActiveCfg = Debug|Any CPU
		{E49F1105-C841-4E6C-AAE8-DA63AE2DE139}.Debug|Any CPU.Build.0 = Debug|Any CPU
		{E49F1105-C841-4E6C-AAE8-DA63AE2DE139}.Release|Any CPU.ActiveCfg = Release|Any CPU
		{E49F1105-C841-4E6C-AAE8-DA63AE2DE139}.Release|Any CPU.Build.0 = Release|Any CPU
	EndGlobalSection
	GlobalSection(SolutionProperties) = preSolution
		HideSolutionNode = FALSE
	EndGlobalSection
	GlobalSection(ExtensibilityGlobals) = postSolution
		SolutionGuid = {FFF2327A-4E34-4562-82FB-CF6163EF1D5F}
	EndGlobalSection
EndGlobal
