
Microsoft Visual Studio Solution File, Format Version 12.00
# Visual Studio Version 16
VisualStudioVersion = 16.0.30804.86
MinimumVisualStudioVersion = 10.0.40219.1
Project("{FAE04EC0-301F-11D3-BF4B-00C04F79EFBC}") = "04. Reverse Array of Strings", "04. Reverse Array of Strings\04. Reverse Array of Strings.csproj", "{BD484B98-813E-4317-AA42-985288E7260E}"
EndProject
Global
	GlobalSection(SolutionConfigurationPlatforms) = preSolution
		Debug|Any CPU = Debug|Any CPU
		Release|Any CPU = Release|Any CPU
	EndGlobalSection
	GlobalSection(ProjectConfigurationPlatforms) = postSolution
		{BD484B98-813E-4317-AA42-985288E7260E}.Debug|Any CPU.ActiveCfg = Debug|Any CPU
		{BD484B98-813E-4317-AA42-985288E7260E}.Debug|Any CPU.Build.0 = Debug|Any CPU
		{BD484B98-813E-4317-AA42-985288E7260E}.Release|Any CPU.ActiveCfg = Release|Any CPU
		{BD484B98-813E-4317-AA42-985288E7260E}.Release|Any CPU.Build.0 = Release|Any CPU
	EndGlobalSection
	GlobalSection(SolutionProperties) = preSolution
		HideSolutionNode = FALSE
	EndGlobalSection
	GlobalSection(ExtensibilityGlobals) = postSolution
		SolutionGuid = {2C613F73-D162-4E37-AA5C-3AB0D43EC890}
	EndGlobalSection
EndGlobal
