
Microsoft Visual Studio Solution File, Format Version 12.00
# Visual Studio Version 16
VisualStudioVersion = 16.0.30804.86
MinimumVisualStudioVersion = 10.0.40219.1
Project("{FAE04EC0-301F-11D3-BF4B-00C04F79EFBC}") = "03. Sum Numbers", "03. Sum Numbers\03. Sum Numbers.csproj", "{107AD1A0-2A53-4DE7-83E1-084FBAF78500}"
EndProject
Global
	GlobalSection(SolutionConfigurationPlatforms) = preSolution
		Debug|Any CPU = Debug|Any CPU
		Release|Any CPU = Release|Any CPU
	EndGlobalSection
	GlobalSection(ProjectConfigurationPlatforms) = postSolution
		{107AD1A0-2A53-4DE7-83E1-084FBAF78500}.Debug|Any CPU.ActiveCfg = Debug|Any CPU
		{107AD1A0-2A53-4DE7-83E1-084FBAF78500}.Debug|Any CPU.Build.0 = Debug|Any CPU
		{107AD1A0-2A53-4DE7-83E1-084FBAF78500}.Release|Any CPU.ActiveCfg = Release|Any CPU
		{107AD1A0-2A53-4DE7-83E1-084FBAF78500}.Release|Any CPU.Build.0 = Release|Any CPU
	EndGlobalSection
	GlobalSection(SolutionProperties) = preSolution
		HideSolutionNode = FALSE
	EndGlobalSection
	GlobalSection(ExtensibilityGlobals) = postSolution
		SolutionGuid = {E56820BD-17E8-45F4-A3F4-505192C38504}
	EndGlobalSection
EndGlobal
