
Microsoft Visual Studio Solution File, Format Version 12.00
# Visual Studio Version 16
VisualStudioVersion = 16.0.30717.126
MinimumVisualStudioVersion = 10.0.40219.1
Project("{FAE04EC0-301F-11D3-BF4B-00C04F79EFBC}") = "05. Password Guess", "05. Password Guess\05. Password Guess.csproj", "{5FE64088-9257-49F5-9C38-DB1EA3FA5E78}"
EndProject
Global
	GlobalSection(SolutionConfigurationPlatforms) = preSolution
		Debug|Any CPU = Debug|Any CPU
		Release|Any CPU = Release|Any CPU
	EndGlobalSection
	GlobalSection(ProjectConfigurationPlatforms) = postSolution
		{5FE64088-9257-49F5-9C38-DB1EA3FA5E78}.Debug|Any CPU.ActiveCfg = Debug|Any CPU
		{5FE64088-9257-49F5-9C38-DB1EA3FA5E78}.Debug|Any CPU.Build.0 = Debug|Any CPU
		{5FE64088-9257-49F5-9C38-DB1EA3FA5E78}.Release|Any CPU.ActiveCfg = Release|Any CPU
		{5FE64088-9257-49F5-9C38-DB1EA3FA5E78}.Release|Any CPU.Build.0 = Release|Any CPU
	EndGlobalSection
	GlobalSection(SolutionProperties) = preSolution
		HideSolutionNode = FALSE
	EndGlobalSection
	GlobalSection(ExtensibilityGlobals) = postSolution
		SolutionGuid = {21721053-C0EA-4646-88C7-054B0C9A1F80}
	EndGlobalSection
EndGlobal
