
Microsoft Visual Studio Solution File, Format Version 12.00
# Visual Studio Version 16
VisualStudioVersion = 16.0.30804.86
MinimumVisualStudioVersion = 10.0.40219.1
Project("{FAE04EC0-301F-11D3-BF4B-00C04F79EFBC}") = "03. Aquapark", "03. Aquapark\03. Aquapark.csproj", "{C2400065-BA25-4D0D-A6B7-02DDF3185DC9}"
EndProject
Global
	GlobalSection(SolutionConfigurationPlatforms) = preSolution
		Debug|Any CPU = Debug|Any CPU
		Release|Any CPU = Release|Any CPU
	EndGlobalSection
	GlobalSection(ProjectConfigurationPlatforms) = postSolution
		{C2400065-BA25-4D0D-A6B7-02DDF3185DC9}.Debug|Any CPU.ActiveCfg = Debug|Any CPU
		{C2400065-BA25-4D0D-A6B7-02DDF3185DC9}.Debug|Any CPU.Build.0 = Debug|Any CPU
		{C2400065-BA25-4D0D-A6B7-02DDF3185DC9}.Release|Any CPU.ActiveCfg = Release|Any CPU
		{C2400065-BA25-4D0D-A6B7-02DDF3185DC9}.Release|Any CPU.Build.0 = Release|Any CPU
	EndGlobalSection
	GlobalSection(SolutionProperties) = preSolution
		HideSolutionNode = FALSE
	EndGlobalSection
	GlobalSection(ExtensibilityGlobals) = postSolution
		SolutionGuid = {E33748F5-5F5D-49F5-B737-9A09B9DFBDC5}
	EndGlobalSection
EndGlobal
