
Microsoft Visual Studio Solution File, Format Version 12.00
# Visual Studio Version 16
VisualStudioVersion = 16.0.30717.126
MinimumVisualStudioVersion = 10.0.40219.1
Project("{FAE04EC0-301F-11D3-BF4B-00C04F79EFBC}") = "04. Fishing Boat", "04. Fishing Boat\04. Fishing Boat.csproj", "{11A36387-9BA6-49E6-9756-40614ECBBC21}"
EndProject
Global
	GlobalSection(SolutionConfigurationPlatforms) = preSolution
		Debug|Any CPU = Debug|Any CPU
		Release|Any CPU = Release|Any CPU
	EndGlobalSection
	GlobalSection(ProjectConfigurationPlatforms) = postSolution
		{11A36387-9BA6-49E6-9756-40614ECBBC21}.Debug|Any CPU.ActiveCfg = Debug|Any CPU
		{11A36387-9BA6-49E6-9756-40614ECBBC21}.Debug|Any CPU.Build.0 = Debug|Any CPU
		{11A36387-9BA6-49E6-9756-40614ECBBC21}.Release|Any CPU.ActiveCfg = Release|Any CPU
		{11A36387-9BA6-49E6-9756-40614ECBBC21}.Release|Any CPU.Build.0 = Release|Any CPU
	EndGlobalSection
	GlobalSection(SolutionProperties) = preSolution
		HideSolutionNode = FALSE
	EndGlobalSection
	GlobalSection(ExtensibilityGlobals) = postSolution
		SolutionGuid = {ACAAC1EE-FFDD-4173-A977-185F3FA6D434}
	EndGlobalSection
EndGlobal
