
Microsoft Visual Studio Solution File, Format Version 12.00
# Visual Studio Version 16
VisualStudioVersion = 16.0.30804.86
MinimumVisualStudioVersion = 10.0.40219.1
Project("{FAE04EC0-301F-11D3-BF4B-00C04F79EFBC}") = "02. Movie Day", "02. Movie Day\02. Movie Day.csproj", "{09EF2A0E-5E6B-47C1-80FF-9A86460DD816}"
EndProject
Global
	GlobalSection(SolutionConfigurationPlatforms) = preSolution
		Debug|Any CPU = Debug|Any CPU
		Release|Any CPU = Release|Any CPU
	EndGlobalSection
	GlobalSection(ProjectConfigurationPlatforms) = postSolution
		{09EF2A0E-5E6B-47C1-80FF-9A86460DD816}.Debug|Any CPU.ActiveCfg = Debug|Any CPU
		{09EF2A0E-5E6B-47C1-80FF-9A86460DD816}.Debug|Any CPU.Build.0 = Debug|Any CPU
		{09EF2A0E-5E6B-47C1-80FF-9A86460DD816}.Release|Any CPU.ActiveCfg = Release|Any CPU
		{09EF2A0E-5E6B-47C1-80FF-9A86460DD816}.Release|Any CPU.Build.0 = Release|Any CPU
	EndGlobalSection
	GlobalSection(SolutionProperties) = preSolution
		HideSolutionNode = FALSE
	EndGlobalSection
	GlobalSection(ExtensibilityGlobals) = postSolution
		SolutionGuid = {363BD49C-14BF-4D50-8DC7-D46047B05A35}
	EndGlobalSection
EndGlobal
