
Microsoft Visual Studio Solution File, Format Version 12.00
# Visual Studio Version 16
VisualStudioVersion = 16.0.30907.101
MinimumVisualStudioVersion = 10.0.40219.1
Project("{FAE04EC0-301F-11D3-BF4B-00C04F79EFBC}") = "7. Knight Game", "7. Knight Game\7. Knight Game.csproj", "{A6C0B80B-5B03-44DC-97FC-92BA51A6EC6E}"
EndProject
Global
	GlobalSection(SolutionConfigurationPlatforms) = preSolution
		Debug|Any CPU = Debug|Any CPU
		Release|Any CPU = Release|Any CPU
	EndGlobalSection
	GlobalSection(ProjectConfigurationPlatforms) = postSolution
		{A6C0B80B-5B03-44DC-97FC-92BA51A6EC6E}.Debug|Any CPU.ActiveCfg = Debug|Any CPU
		{A6C0B80B-5B03-44DC-97FC-92BA51A6EC6E}.Debug|Any CPU.Build.0 = Debug|Any CPU
		{A6C0B80B-5B03-44DC-97FC-92BA51A6EC6E}.Release|Any CPU.ActiveCfg = Release|Any CPU
		{A6C0B80B-5B03-44DC-97FC-92BA51A6EC6E}.Release|Any CPU.Build.0 = Release|Any CPU
	EndGlobalSection
	GlobalSection(SolutionProperties) = preSolution
		HideSolutionNode = FALSE
	EndGlobalSection
	GlobalSection(ExtensibilityGlobals) = postSolution
		SolutionGuid = {7DB6D977-4053-4F7B-A059-2E8366E37BB6}
	EndGlobalSection
EndGlobal
