
Microsoft Visual Studio Solution File, Format Version 12.00
# Visual Studio Version 16
VisualStudioVersion = 16.0.30907.101
MinimumVisualStudioVersion = 10.0.40219.1
Project("{FAE04EC0-301F-11D3-BF4B-00C04F79EFBC}") = "04. Find Evens or Odds", "04. Find Evens or Odds\04. Find Evens or Odds.csproj", "{6B6FF0F1-8A8E-44A2-BF87-2E71E06CC198}"
EndProject
Global
	GlobalSection(SolutionConfigurationPlatforms) = preSolution
		Debug|Any CPU = Debug|Any CPU
		Release|Any CPU = Release|Any CPU
	EndGlobalSection
	GlobalSection(ProjectConfigurationPlatforms) = postSolution
		{6B6FF0F1-8A8E-44A2-BF87-2E71E06CC198}.Debug|Any CPU.ActiveCfg = Debug|Any CPU
		{6B6FF0F1-8A8E-44A2-BF87-2E71E06CC198}.Debug|Any CPU.Build.0 = Debug|Any CPU
		{6B6FF0F1-8A8E-44A2-BF87-2E71E06CC198}.Release|Any CPU.ActiveCfg = Release|Any CPU
		{6B6FF0F1-8A8E-44A2-BF87-2E71E06CC198}.Release|Any CPU.Build.0 = Release|Any CPU
	EndGlobalSection
	GlobalSection(SolutionProperties) = preSolution
		HideSolutionNode = FALSE
	EndGlobalSection
	GlobalSection(ExtensibilityGlobals) = postSolution
		SolutionGuid = {3DA5F96A-E43F-470D-97B5-619405989083}
	EndGlobalSection
EndGlobal
