
Microsoft Visual Studio Solution File, Format Version 12.00
# Visual Studio Version 16
VisualStudioVersion = 16.0.30907.101
MinimumVisualStudioVersion = 10.0.40219.1
Project("{FAE04EC0-301F-11D3-BF4B-00C04F79EFBC}") = "06. Wardrobe", "06. Wardrobe\06. Wardrobe.csproj", "{F66978FF-44CA-4CEC-9A2A-1911309FE6E6}"
EndProject
Global
	GlobalSection(SolutionConfigurationPlatforms) = preSolution
		Debug|Any CPU = Debug|Any CPU
		Release|Any CPU = Release|Any CPU
	EndGlobalSection
	GlobalSection(ProjectConfigurationPlatforms) = postSolution
		{F66978FF-44CA-4CEC-9A2A-1911309FE6E6}.Debug|Any CPU.ActiveCfg = Debug|Any CPU
		{F66978FF-44CA-4CEC-9A2A-1911309FE6E6}.Debug|Any CPU.Build.0 = Debug|Any CPU
		{F66978FF-44CA-4CEC-9A2A-1911309FE6E6}.Release|Any CPU.ActiveCfg = Release|Any CPU
		{F66978FF-44CA-4CEC-9A2A-1911309FE6E6}.Release|Any CPU.Build.0 = Release|Any CPU
	EndGlobalSection
	GlobalSection(SolutionProperties) = preSolution
		HideSolutionNode = FALSE
	EndGlobalSection
	GlobalSection(ExtensibilityGlobals) = postSolution
		SolutionGuid = {2B3D5068-C8A3-49EE-BC1F-C3F7589BEB4F}
	EndGlobalSection
EndGlobal
