
Microsoft Visual Studio Solution File, Format Version 12.00
# Visual Studio Version 16
VisualStudioVersion = 16.0.30717.126
MinimumVisualStudioVersion = 10.0.40219.1
Project("{FAE04EC0-301F-11D3-BF4B-00C04F79EFBC}") = "01. Trapeziod Area", "01. Trapeziod Area\01. Trapeziod Area.csproj", "{C51AEF28-5916-4D16-9FD6-57E7C7246127}"
EndProject
Global
	GlobalSection(SolutionConfigurationPlatforms) = preSolution
		Debug|Any CPU = Debug|Any CPU
		Release|Any CPU = Release|Any CPU
	EndGlobalSection
	GlobalSection(ProjectConfigurationPlatforms) = postSolution
		{C51AEF28-5916-4D16-9FD6-57E7C7246127}.Debug|Any CPU.ActiveCfg = Debug|Any CPU
		{C51AEF28-5916-4D16-9FD6-57E7C7246127}.Debug|Any CPU.Build.0 = Debug|Any CPU
		{C51AEF28-5916-4D16-9FD6-57E7C7246127}.Release|Any CPU.ActiveCfg = Release|Any CPU
		{C51AEF28-5916-4D16-9FD6-57E7C7246127}.Release|Any CPU.Build.0 = Release|Any CPU
	EndGlobalSection
	GlobalSection(SolutionProperties) = preSolution
		HideSolutionNode = FALSE
	EndGlobalSection
	GlobalSection(ExtensibilityGlobals) = postSolution
		SolutionGuid = {0F15816D-F3CC-469B-A867-C9358734CEE2}
	EndGlobalSection
EndGlobal
