
Microsoft Visual Studio Solution File, Format Version 12.00
# Visual Studio Version 16
VisualStudioVersion = 16.0.30907.101
MinimumVisualStudioVersion = 10.0.40219.1
Project("{FAE04EC0-301F-11D3-BF4B-00C04F79EFBC}") = "04. Add VAT", "04. Add VAT\04. Add VAT.csproj", "{31EF3A65-BCDD-4237-B546-E6B292202C4C}"
EndProject
Global
	GlobalSection(SolutionConfigurationPlatforms) = preSolution
		Debug|Any CPU = Debug|Any CPU
		Release|Any CPU = Release|Any CPU
	EndGlobalSection
	GlobalSection(ProjectConfigurationPlatforms) = postSolution
		{31EF3A65-BCDD-4237-B546-E6B292202C4C}.Debug|Any CPU.ActiveCfg = Debug|Any CPU
		{31EF3A65-BCDD-4237-B546-E6B292202C4C}.Debug|Any CPU.Build.0 = Debug|Any CPU
		{31EF3A65-BCDD-4237-B546-E6B292202C4C}.Release|Any CPU.ActiveCfg = Release|Any CPU
		{31EF3A65-BCDD-4237-B546-E6B292202C4C}.Release|Any CPU.Build.0 = Release|Any CPU
	EndGlobalSection
	GlobalSection(SolutionProperties) = preSolution
		HideSolutionNode = FALSE
	EndGlobalSection
	GlobalSection(ExtensibilityGlobals) = postSolution
		SolutionGuid = {1A03FF37-65C3-4CD7-B239-24F9CD597F0E}
	EndGlobalSection
EndGlobal
