
Microsoft Visual Studio Solution File, Format Version 12.00
# Visual Studio Version 16
VisualStudioVersion = 16.0.31129.286
MinimumVisualStudioVersion = 10.0.40219.1
Project("{FAE04EC0-301F-11D3-BF4B-00C04F79EFBC}") = "P03DetailPrinter", "P03DetailPrinter\P03DetailPrinter.csproj", "{F99140F6-F3EB-4078-AD55-99FBEE3E2887}"
EndProject
Global
	GlobalSection(SolutionConfigurationPlatforms) = preSolution
		Debug|Any CPU = Debug|Any CPU
		Release|Any CPU = Release|Any CPU
	EndGlobalSection
	GlobalSection(ProjectConfigurationPlatforms) = postSolution
		{F99140F6-F3EB-4078-AD55-99FBEE3E2887}.Debug|Any CPU.ActiveCfg = Debug|Any CPU
		{F99140F6-F3EB-4078-AD55-99FBEE3E2887}.Debug|Any CPU.Build.0 = Debug|Any CPU
		{F99140F6-F3EB-4078-AD55-99FBEE3E2887}.Release|Any CPU.ActiveCfg = Release|Any CPU
		{F99140F6-F3EB-4078-AD55-99FBEE3E2887}.Release|Any CPU.Build.0 = Release|Any CPU
	EndGlobalSection
	GlobalSection(SolutionProperties) = preSolution
		HideSolutionNode = FALSE
	EndGlobalSection
	GlobalSection(ExtensibilityGlobals) = postSolution
		SolutionGuid = {67E3902C-E711-49E4-9807-12336155D310}
	EndGlobalSection
EndGlobal
