
Microsoft Visual Studio Solution File, Format Version 12.00
# Visual Studio Version 16
VisualStudioVersion = 16.0.30804.86
MinimumVisualStudioVersion = 10.0.40219.1
Project("{FAE04EC0-301F-11D3-BF4B-00C04F79EFBC}") = "04. Gifts from Santa", "04. Gifts from Santa\04. Gifts from Santa.csproj", "{D42983BB-932B-4B32-8AF5-2290E2EC4364}"
EndProject
Global
	GlobalSection(SolutionConfigurationPlatforms) = preSolution
		Debug|Any CPU = Debug|Any CPU
		Release|Any CPU = Release|Any CPU
	EndGlobalSection
	GlobalSection(ProjectConfigurationPlatforms) = postSolution
		{D42983BB-932B-4B32-8AF5-2290E2EC4364}.Debug|Any CPU.ActiveCfg = Debug|Any CPU
		{D42983BB-932B-4B32-8AF5-2290E2EC4364}.Debug|Any CPU.Build.0 = Debug|Any CPU
		{D42983BB-932B-4B32-8AF5-2290E2EC4364}.Release|Any CPU.ActiveCfg = Release|Any CPU
		{D42983BB-932B-4B32-8AF5-2290E2EC4364}.Release|Any CPU.Build.0 = Release|Any CPU
	EndGlobalSection
	GlobalSection(SolutionProperties) = preSolution
		HideSolutionNode = FALSE
	EndGlobalSection
	GlobalSection(ExtensibilityGlobals) = postSolution
		SolutionGuid = {79846C48-E651-4E99-920E-F90C64AC225C}
	EndGlobalSection
EndGlobal
