
Microsoft Visual Studio Solution File, Format Version 12.00
# Visual Studio Version 16
VisualStudioVersion = 16.0.30804.86
MinimumVisualStudioVersion = 10.0.40219.1
Project("{FAE04EC0-301F-11D3-BF4B-00C04F79EFBC}") = "03. Recursive Fibonacci", "03. Recursive Fibonacci\03. Recursive Fibonacci.csproj", "{CA0BEDB5-BF22-4671-92E1-F61E3B0C3FFF}"
EndProject
Global
	GlobalSection(SolutionConfigurationPlatforms) = preSolution
		Debug|Any CPU = Debug|Any CPU
		Release|Any CPU = Release|Any CPU
	EndGlobalSection
	GlobalSection(ProjectConfigurationPlatforms) = postSolution
		{CA0BEDB5-BF22-4671-92E1-F61E3B0C3FFF}.Debug|Any CPU.ActiveCfg = Debug|Any CPU
		{CA0BEDB5-BF22-4671-92E1-F61E3B0C3FFF}.Debug|Any CPU.Build.0 = Debug|Any CPU
		{CA0BEDB5-BF22-4671-92E1-F61E3B0C3FFF}.Release|Any CPU.ActiveCfg = Release|Any CPU
		{CA0BEDB5-BF22-4671-92E1-F61E3B0C3FFF}.Release|Any CPU.Build.0 = Release|Any CPU
	EndGlobalSection
	GlobalSection(SolutionProperties) = preSolution
		HideSolutionNode = FALSE
	EndGlobalSection
	GlobalSection(ExtensibilityGlobals) = postSolution
		SolutionGuid = {8231D175-28A3-47C4-AA86-30FD33883D51}
	EndGlobalSection
EndGlobal
