
Microsoft Visual Studio Solution File, Format Version 12.00
# Visual Studio Version 16
VisualStudioVersion = 16.0.30717.126
MinimumVisualStudioVersion = 10.0.40219.1
Project("{FAE04EC0-301F-11D3-BF4B-00C04F79EFBC}") = "07. Toy Shop", "07. Toy Shop\07. Toy Shop.csproj", "{036F1807-0836-4171-86E7-76DAB87C9D0B}"
EndProject
Global
	GlobalSection(SolutionConfigurationPlatforms) = preSolution
		Debug|Any CPU = Debug|Any CPU
		Release|Any CPU = Release|Any CPU
	EndGlobalSection
	GlobalSection(ProjectConfigurationPlatforms) = postSolution
		{036F1807-0836-4171-86E7-76DAB87C9D0B}.Debug|Any CPU.ActiveCfg = Debug|Any CPU
		{036F1807-0836-4171-86E7-76DAB87C9D0B}.Debug|Any CPU.Build.0 = Debug|Any CPU
		{036F1807-0836-4171-86E7-76DAB87C9D0B}.Release|Any CPU.ActiveCfg = Release|Any CPU
		{036F1807-0836-4171-86E7-76DAB87C9D0B}.Release|Any CPU.Build.0 = Release|Any CPU
	EndGlobalSection
	GlobalSection(SolutionProperties) = preSolution
		HideSolutionNode = FALSE
	EndGlobalSection
	GlobalSection(ExtensibilityGlobals) = postSolution
		SolutionGuid = {E55D271E-1BD1-4585-9AE4-370747D23D00}
	EndGlobalSection
EndGlobal
