
Microsoft Visual Studio Solution File, Format Version 12.00
# Visual Studio Version 16
VisualStudioVersion = 16.0.31129.286
MinimumVisualStudioVersion = 10.0.40219.1
Project("{FAE04EC0-301F-11D3-BF4B-00C04F79EFBC}") = "WarmWinter", "WarmWinter\WarmWinter.csproj", "{B32EC6F3-4C0D-4B3E-852F-EEE69C093562}"
EndProject
Global
	GlobalSection(SolutionConfigurationPlatforms) = preSolution
		Debug|Any CPU = Debug|Any CPU
		Release|Any CPU = Release|Any CPU
	EndGlobalSection
	GlobalSection(ProjectConfigurationPlatforms) = postSolution
		{B32EC6F3-4C0D-4B3E-852F-EEE69C093562}.Debug|Any CPU.ActiveCfg = Debug|Any CPU
		{B32EC6F3-4C0D-4B3E-852F-EEE69C093562}.Debug|Any CPU.Build.0 = Debug|Any CPU
		{B32EC6F3-4C0D-4B3E-852F-EEE69C093562}.Release|Any CPU.ActiveCfg = Release|Any CPU
		{B32EC6F3-4C0D-4B3E-852F-EEE69C093562}.Release|Any CPU.Build.0 = Release|Any CPU
	EndGlobalSection
	GlobalSection(SolutionProperties) = preSolution
		HideSolutionNode = FALSE
	EndGlobalSection
	GlobalSection(ExtensibilityGlobals) = postSolution
		SolutionGuid = {8EE23119-A6E3-482D-90EA-36878A8CE667}
	EndGlobalSection
EndGlobal
