
Microsoft Visual Studio Solution File, Format Version 12.00
# Visual Studio Version 16
VisualStudioVersion = 16.0.30717.126
MinimumVisualStudioVersion = 10.0.40219.1
Project("{FAE04EC0-301F-11D3-BF4B-00C04F79EFBC}") = "07. Sum Numbers", "07. Sum Numbers\07. Sum Numbers.csproj", "{A0E18B10-926C-4522-91F6-3F6CF9F151DF}"
EndProject
Global
	GlobalSection(SolutionConfigurationPlatforms) = preSolution
		Debug|Any CPU = Debug|Any CPU
		Release|Any CPU = Release|Any CPU
	EndGlobalSection
	GlobalSection(ProjectConfigurationPlatforms) = postSolution
		{A0E18B10-926C-4522-91F6-3F6CF9F151DF}.Debug|Any CPU.ActiveCfg = Debug|Any CPU
		{A0E18B10-926C-4522-91F6-3F6CF9F151DF}.Debug|Any CPU.Build.0 = Debug|Any CPU
		{A0E18B10-926C-4522-91F6-3F6CF9F151DF}.Release|Any CPU.ActiveCfg = Release|Any CPU
		{A0E18B10-926C-4522-91F6-3F6CF9F151DF}.Release|Any CPU.Build.0 = Release|Any CPU
	EndGlobalSection
	GlobalSection(SolutionProperties) = preSolution
		HideSolutionNode = FALSE
	EndGlobalSection
	GlobalSection(ExtensibilityGlobals) = postSolution
		SolutionGuid = {3B4D45A4-5778-413A-A35E-F4A3B2DC6D75}
	EndGlobalSection
EndGlobal
