
Microsoft Visual Studio Solution File, Format Version 12.00
# Visual Studio Version 16
VisualStudioVersion = 16.0.30804.86
MinimumVisualStudioVersion = 10.0.40219.1
Project("{FAE04EC0-301F-11D3-BF4B-00C04F79EFBC}") = "10. Diamond", "10. Diamond\10. Diamond.csproj", "{3E07E4DC-31FF-4804-AB07-2FB6788DCE06}"
EndProject
Global
	GlobalSection(SolutionConfigurationPlatforms) = preSolution
		Debug|Any CPU = Debug|Any CPU
		Release|Any CPU = Release|Any CPU
	EndGlobalSection
	GlobalSection(ProjectConfigurationPlatforms) = postSolution
		{3E07E4DC-31FF-4804-AB07-2FB6788DCE06}.Debug|Any CPU.ActiveCfg = Debug|Any CPU
		{3E07E4DC-31FF-4804-AB07-2FB6788DCE06}.Debug|Any CPU.Build.0 = Debug|Any CPU
		{3E07E4DC-31FF-4804-AB07-2FB6788DCE06}.Release|Any CPU.ActiveCfg = Release|Any CPU
		{3E07E4DC-31FF-4804-AB07-2FB6788DCE06}.Release|Any CPU.Build.0 = Release|Any CPU
	EndGlobalSection
	GlobalSection(SolutionProperties) = preSolution
		HideSolutionNode = FALSE
	EndGlobalSection
	GlobalSection(ExtensibilityGlobals) = postSolution
		SolutionGuid = {5E70D6EF-53FA-47DA-9205-14B5A173ED84}
	EndGlobalSection
EndGlobal
