
Microsoft Visual Studio Solution File, Format Version 12.00
# Visual Studio Version 16
VisualStudioVersion = 16.0.30907.101
MinimumVisualStudioVersion = 10.0.40219.1
Project("{FAE04EC0-301F-11D3-BF4B-00C04F79EFBC}") = "06. Reverse And Exclude", "06. Reverse And Exclude\06. Reverse And Exclude.csproj", "{90268D6B-70EC-4CFB-86E1-AE51773041AF}"
EndProject
Global
	GlobalSection(SolutionConfigurationPlatforms) = preSolution
		Debug|Any CPU = Debug|Any CPU
		Release|Any CPU = Release|Any CPU
	EndGlobalSection
	GlobalSection(ProjectConfigurationPlatforms) = postSolution
		{90268D6B-70EC-4CFB-86E1-AE51773041AF}.Debug|Any CPU.ActiveCfg = Debug|Any CPU
		{90268D6B-70EC-4CFB-86E1-AE51773041AF}.Debug|Any CPU.Build.0 = Debug|Any CPU
		{90268D6B-70EC-4CFB-86E1-AE51773041AF}.Release|Any CPU.ActiveCfg = Release|Any CPU
		{90268D6B-70EC-4CFB-86E1-AE51773041AF}.Release|Any CPU.Build.0 = Release|Any CPU
	EndGlobalSection
	GlobalSection(SolutionProperties) = preSolution
		HideSolutionNode = FALSE
	EndGlobalSection
	GlobalSection(ExtensibilityGlobals) = postSolution
		SolutionGuid = {781C1CCC-0F3C-48A2-8325-15FD21C911BC}
	EndGlobalSection
EndGlobal
