
Microsoft Visual Studio Solution File, Format Version 12.00
# Visual Studio Version 16
VisualStudioVersion = 16.0.30804.86
MinimumVisualStudioVersion = 10.0.40219.1
Project("{FAE04EC0-301F-11D3-BF4B-00C04F79EFBC}") = "07. Football League", "07. Football League\07. Football League.csproj", "{E2F5EAC7-2C99-4127-867A-D72B26E4C619}"
EndProject
Global
	GlobalSection(SolutionConfigurationPlatforms) = preSolution
		Debug|Any CPU = Debug|Any CPU
		Release|Any CPU = Release|Any CPU
	EndGlobalSection
	GlobalSection(ProjectConfigurationPlatforms) = postSolution
		{E2F5EAC7-2C99-4127-867A-D72B26E4C619}.Debug|Any CPU.ActiveCfg = Debug|Any CPU
		{E2F5EAC7-2C99-4127-867A-D72B26E4C619}.Debug|Any CPU.Build.0 = Debug|Any CPU
		{E2F5EAC7-2C99-4127-867A-D72B26E4C619}.Release|Any CPU.ActiveCfg = Release|Any CPU
		{E2F5EAC7-2C99-4127-867A-D72B26E4C619}.Release|Any CPU.Build.0 = Release|Any CPU
	EndGlobalSection
	GlobalSection(SolutionProperties) = preSolution
		HideSolutionNode = FALSE
	EndGlobalSection
	GlobalSection(ExtensibilityGlobals) = postSolution
		SolutionGuid = {AA9C4D3E-BF6D-4BC7-A364-25D0B7DFB308}
	EndGlobalSection
EndGlobal
