
Microsoft Visual Studio Solution File, Format Version 12.00
# Visual Studio Version 16
VisualStudioVersion = 16.0.30907.101
MinimumVisualStudioVersion = 10.0.40219.1
Project("{FAE04EC0-301F-11D3-BF4B-00C04F79EFBC}") = "02. Emoji Detector", "02. Emoji Detector\02. Emoji Detector.csproj", "{D25ABF9C-7E3A-4205-B666-6C674D701B5F}"
EndProject
Global
	GlobalSection(SolutionConfigurationPlatforms) = preSolution
		Debug|Any CPU = Debug|Any CPU
		Release|Any CPU = Release|Any CPU
	EndGlobalSection
	GlobalSection(ProjectConfigurationPlatforms) = postSolution
		{D25ABF9C-7E3A-4205-B666-6C674D701B5F}.Debug|Any CPU.ActiveCfg = Debug|Any CPU
		{D25ABF9C-7E3A-4205-B666-6C674D701B5F}.Debug|Any CPU.Build.0 = Debug|Any CPU
		{D25ABF9C-7E3A-4205-B666-6C674D701B5F}.Release|Any CPU.ActiveCfg = Release|Any CPU
		{D25ABF9C-7E3A-4205-B666-6C674D701B5F}.Release|Any CPU.Build.0 = Release|Any CPU
	EndGlobalSection
	GlobalSection(SolutionProperties) = preSolution
		HideSolutionNode = FALSE
	EndGlobalSection
	GlobalSection(ExtensibilityGlobals) = postSolution
		SolutionGuid = {B099C44B-93BB-4071-B55A-99095960B21A}
	EndGlobalSection
EndGlobal
