
Microsoft Visual Studio Solution File, Format Version 12.00
# Visual Studio Version 16
VisualStudioVersion = 16.0.30804.86
MinimumVisualStudioVersion = 10.0.40219.1
Project("{FAE04EC0-301F-11D3-BF4B-00C04F79EFBC}") = "07. Min Number", "07. Min Number\07. Min Number.csproj", "{6721A388-1843-4178-B658-C85BB3A076F6}"
EndProject
Global
	GlobalSection(SolutionConfigurationPlatforms) = preSolution
		Debug|Any CPU = Debug|Any CPU
		Release|Any CPU = Release|Any CPU
	EndGlobalSection
	GlobalSection(ProjectConfigurationPlatforms) = postSolution
		{6721A388-1843-4178-B658-C85BB3A076F6}.Debug|Any CPU.ActiveCfg = Debug|Any CPU
		{6721A388-1843-4178-B658-C85BB3A076F6}.Debug|Any CPU.Build.0 = Debug|Any CPU
		{6721A388-1843-4178-B658-C85BB3A076F6}.Release|Any CPU.ActiveCfg = Release|Any CPU
		{6721A388-1843-4178-B658-C85BB3A076F6}.Release|Any CPU.Build.0 = Release|Any CPU
	EndGlobalSection
	GlobalSection(SolutionProperties) = preSolution
		HideSolutionNode = FALSE
	EndGlobalSection
	GlobalSection(ExtensibilityGlobals) = postSolution
		SolutionGuid = {1EB176F1-2929-4811-8B7A-6686531E43AA}
	EndGlobalSection
EndGlobal
