
Microsoft Visual Studio Solution File, Format Version 12.00
# Visual Studio Version 16
VisualStudioVersion = 16.0.30804.86
MinimumVisualStudioVersion = 10.0.40219.1
Project("{FAE04EC0-301F-11D3-BF4B-00C04F79EFBC}") = "02. Multiplication Table", "02. Multiplication Table\02. Multiplication Table.csproj", "{AC4D204E-9042-4ACA-9EA2-2F5642954DE2}"
EndProject
Global
	GlobalSection(SolutionConfigurationPlatforms) = preSolution
		Debug|Any CPU = Debug|Any CPU
		Release|Any CPU = Release|Any CPU
	EndGlobalSection
	GlobalSection(ProjectConfigurationPlatforms) = postSolution
		{AC4D204E-9042-4ACA-9EA2-2F5642954DE2}.Debug|Any CPU.ActiveCfg = Debug|Any CPU
		{AC4D204E-9042-4ACA-9EA2-2F5642954DE2}.Debug|Any CPU.Build.0 = Debug|Any CPU
		{AC4D204E-9042-4ACA-9EA2-2F5642954DE2}.Release|Any CPU.ActiveCfg = Release|Any CPU
		{AC4D204E-9042-4ACA-9EA2-2F5642954DE2}.Release|Any CPU.Build.0 = Release|Any CPU
	EndGlobalSection
	GlobalSection(SolutionProperties) = preSolution
		HideSolutionNode = FALSE
	EndGlobalSection
	GlobalSection(ExtensibilityGlobals) = postSolution
		SolutionGuid = {D62B74D4-EC6F-4931-84D6-0DD5A5C5C7F9}
	EndGlobalSection
EndGlobal
