
Microsoft Visual Studio Solution File, Format Version 12.00
# Visual Studio Version 16
VisualStudioVersion = 16.0.30804.86
MinimumVisualStudioVersion = 10.0.40219.1
Project("{FAE04EC0-301F-11D3-BF4B-00C04F79EFBC}") = "09. Sum of Two Numbers", "09. Sum of Two Numbers\09. Sum of Two Numbers.csproj", "{512C356F-6AEE-40D3-98BD-522C132631BF}"
EndProject
Global
	GlobalSection(SolutionConfigurationPlatforms) = preSolution
		Debug|Any CPU = Debug|Any CPU
		Release|Any CPU = Release|Any CPU
	EndGlobalSection
	GlobalSection(ProjectConfigurationPlatforms) = postSolution
		{512C356F-6AEE-40D3-98BD-522C132631BF}.Debug|Any CPU.ActiveCfg = Debug|Any CPU
		{512C356F-6AEE-40D3-98BD-522C132631BF}.Debug|Any CPU.Build.0 = Debug|Any CPU
		{512C356F-6AEE-40D3-98BD-522C132631BF}.Release|Any CPU.ActiveCfg = Release|Any CPU
		{512C356F-6AEE-40D3-98BD-522C132631BF}.Release|Any CPU.Build.0 = Release|Any CPU
	EndGlobalSection
	GlobalSection(SolutionProperties) = preSolution
		HideSolutionNode = FALSE
	EndGlobalSection
	GlobalSection(ExtensibilityGlobals) = postSolution
		SolutionGuid = {CC325BCE-D7E8-4709-B49A-5DBB9B167270}
	EndGlobalSection
EndGlobal
