
Microsoft Visual Studio Solution File, Format Version 12.00
# Visual Studio Version 16
VisualStudioVersion = 16.0.30804.86
MinimumVisualStudioVersion = 10.0.40219.1
Project("{FAE04EC0-301F-11D3-BF4B-00C04F79EFBC}") = "02. Exam Preparation", "02. Exam Preparation\02. Exam Preparation.csproj", "{40B44C75-2F43-4430-ADE9-D39E1364425F}"
EndProject
Global
	GlobalSection(SolutionConfigurationPlatforms) = preSolution
		Debug|Any CPU = Debug|Any CPU
		Release|Any CPU = Release|Any CPU
	EndGlobalSection
	GlobalSection(ProjectConfigurationPlatforms) = postSolution
		{40B44C75-2F43-4430-ADE9-D39E1364425F}.Debug|Any CPU.ActiveCfg = Debug|Any CPU
		{40B44C75-2F43-4430-ADE9-D39E1364425F}.Debug|Any CPU.Build.0 = Debug|Any CPU
		{40B44C75-2F43-4430-ADE9-D39E1364425F}.Release|Any CPU.ActiveCfg = Release|Any CPU
		{40B44C75-2F43-4430-ADE9-D39E1364425F}.Release|Any CPU.Build.0 = Release|Any CPU
	EndGlobalSection
	GlobalSection(SolutionProperties) = preSolution
		HideSolutionNode = FALSE
	EndGlobalSection
	GlobalSection(ExtensibilityGlobals) = postSolution
		SolutionGuid = {89E249E9-779C-45D2-BD9A-9A40604C6099}
	EndGlobalSection
EndGlobal
