
Microsoft Visual Studio Solution File, Format Version 12.00
# Visual Studio Version 16
VisualStudioVersion = 16.0.30717.126
MinimumVisualStudioVersion = 10.0.40219.1
Project("{FAE04EC0-301F-11D3-BF4B-00C04F79EFBC}") = "08. Fish Tank", "08. Fish Tank\08. Fish Tank.csproj", "{EBB74F3F-602B-4F07-B78B-1C1D95F29350}"
EndProject
Global
	GlobalSection(SolutionConfigurationPlatforms) = preSolution
		Debug|Any CPU = Debug|Any CPU
		Release|Any CPU = Release|Any CPU
	EndGlobalSection
	GlobalSection(ProjectConfigurationPlatforms) = postSolution
		{EBB74F3F-602B-4F07-B78B-1C1D95F29350}.Debug|Any CPU.ActiveCfg = Debug|Any CPU
		{EBB74F3F-602B-4F07-B78B-1C1D95F29350}.Debug|Any CPU.Build.0 = Debug|Any CPU
		{EBB74F3F-602B-4F07-B78B-1C1D95F29350}.Release|Any CPU.ActiveCfg = Release|Any CPU
		{EBB74F3F-602B-4F07-B78B-1C1D95F29350}.Release|Any CPU.Build.0 = Release|Any CPU
	EndGlobalSection
	GlobalSection(SolutionProperties) = preSolution
		HideSolutionNode = FALSE
	EndGlobalSection
	GlobalSection(ExtensibilityGlobals) = postSolution
		SolutionGuid = {C34A85A8-9B56-4F52-9B1B-6FCF2336D157}
	EndGlobalSection
EndGlobal
