
Microsoft Visual Studio Solution File, Format Version 12.00
# Visual Studio Version 16
VisualStudioVersion = 16.0.30907.101
MinimumVisualStudioVersion = 10.0.40219.1
Project("{FAE04EC0-301F-11D3-BF4B-00C04F79EFBC}") = "02. Sum Numbers", "02. Sum Numbers\02. Sum Numbers.csproj", "{63167B0D-2B1C-4D26-B283-6A407ECF2C2E}"
EndProject
Global
	GlobalSection(SolutionConfigurationPlatforms) = preSolution
		Debug|Any CPU = Debug|Any CPU
		Release|Any CPU = Release|Any CPU
	EndGlobalSection
	GlobalSection(ProjectConfigurationPlatforms) = postSolution
		{63167B0D-2B1C-4D26-B283-6A407ECF2C2E}.Debug|Any CPU.ActiveCfg = Debug|Any CPU
		{63167B0D-2B1C-4D26-B283-6A407ECF2C2E}.Debug|Any CPU.Build.0 = Debug|Any CPU
		{63167B0D-2B1C-4D26-B283-6A407ECF2C2E}.Release|Any CPU.ActiveCfg = Release|Any CPU
		{63167B0D-2B1C-4D26-B283-6A407ECF2C2E}.Release|Any CPU.Build.0 = Release|Any CPU
	EndGlobalSection
	GlobalSection(SolutionProperties) = preSolution
		HideSolutionNode = FALSE
	EndGlobalSection
	GlobalSection(ExtensibilityGlobals) = postSolution
		SolutionGuid = {2F592C77-0AD1-46AE-B4B4-3FB1E7684B4B}
	EndGlobalSection
EndGlobal
