
Microsoft Visual Studio Solution File, Format Version 12.00
# Visual Studio Version 16
VisualStudioVersion = 16.0.30907.101
MinimumVisualStudioVersion = 10.0.40219.1
Project("{FAE04EC0-301F-11D3-BF4B-00C04F79EFBC}") = "Password Encryption", "Password Encryption\Password Encryption.csproj", "{E66748A4-02C9-4D46-BEBE-AAD9A50AF25A}"
EndProject
Global
	GlobalSection(SolutionConfigurationPlatforms) = preSolution
		Debug|Any CPU = Debug|Any CPU
		Release|Any CPU = Release|Any CPU
	EndGlobalSection
	GlobalSection(ProjectConfigurationPlatforms) = postSolution
		{E66748A4-02C9-4D46-BEBE-AAD9A50AF25A}.Debug|Any CPU.ActiveCfg = Debug|Any CPU
		{E66748A4-02C9-4D46-BEBE-AAD9A50AF25A}.Debug|Any CPU.Build.0 = Debug|Any CPU
		{E66748A4-02C9-4D46-BEBE-AAD9A50AF25A}.Release|Any CPU.ActiveCfg = Release|Any CPU
		{E66748A4-02C9-4D46-BEBE-AAD9A50AF25A}.Release|Any CPU.Build.0 = Release|Any CPU
	EndGlobalSection
	GlobalSection(SolutionProperties) = preSolution
		HideSolutionNode = FALSE
	EndGlobalSection
	GlobalSection(ExtensibilityGlobals) = postSolution
		SolutionGuid = {1F30AAE2-5115-4ABC-B4C2-A5FC1A2C5E6F}
	EndGlobalSection
EndGlobal
