
Microsoft Visual Studio Solution File, Format Version 12.00
# Visual Studio Version 16
VisualStudioVersion = 16.0.31005.135
MinimumVisualStudioVersion = 10.0.40219.1
Project("{FAE04EC0-301F-11D3-BF4B-00C04F79EFBC}") = "Validation", "Validation\Validation.csproj", "{D8277AB1-7B0C-40AD-A897-F6A83AA93A8A}"
EndProject
Global
	GlobalSection(SolutionConfigurationPlatforms) = preSolution
		Debug|Any CPU = Debug|Any CPU
		Release|Any CPU = Release|Any CPU
	EndGlobalSection
	GlobalSection(ProjectConfigurationPlatforms) = postSolution
		{D8277AB1-7B0C-40AD-A897-F6A83AA93A8A}.Debug|Any CPU.ActiveCfg = Debug|Any CPU
		{D8277AB1-7B0C-40AD-A897-F6A83AA93A8A}.Debug|Any CPU.Build.0 = Debug|Any CPU
		{D8277AB1-7B0C-40AD-A897-F6A83AA93A8A}.Release|Any CPU.ActiveCfg = Release|Any CPU
		{D8277AB1-7B0C-40AD-A897-F6A83AA93A8A}.Release|Any CPU.Build.0 = Release|Any CPU
	EndGlobalSection
	GlobalSection(SolutionProperties) = preSolution
		HideSolutionNode = FALSE
	EndGlobalSection
	GlobalSection(ExtensibilityGlobals) = postSolution
		SolutionGuid = {850F06CA-9817-4736-8EFC-74029963F2E8}
	EndGlobalSection
EndGlobal
