
Microsoft Visual Studio Solution File, Format Version 12.00
# Visual Studio Version 16
VisualStudioVersion = 16.0.30907.101
MinimumVisualStudioVersion = 10.0.40219.1
Project("{FAE04EC0-301F-11D3-BF4B-00C04F79EFBC}") = "03. Maximum and Minimum Element", "03. Maximum and Minimum Element\03. Maximum and Minimum Element.csproj", "{13DB2103-8D60-4584-92F1-D719930A5B49}"
EndProject
Global
	GlobalSection(SolutionConfigurationPlatforms) = preSolution
		Debug|Any CPU = Debug|Any CPU
		Release|Any CPU = Release|Any CPU
	EndGlobalSection
	GlobalSection(ProjectConfigurationPlatforms) = postSolution
		{13DB2103-8D60-4584-92F1-D719930A5B49}.Debug|Any CPU.ActiveCfg = Debug|Any CPU
		{13DB2103-8D60-4584-92F1-D719930A5B49}.Debug|Any CPU.Build.0 = Debug|Any CPU
		{13DB2103-8D60-4584-92F1-D719930A5B49}.Release|Any CPU.ActiveCfg = Release|Any CPU
		{13DB2103-8D60-4584-92F1-D719930A5B49}.Release|Any CPU.Build.0 = Release|Any CPU
	EndGlobalSection
	GlobalSection(SolutionProperties) = preSolution
		HideSolutionNode = FALSE
	EndGlobalSection
	GlobalSection(ExtensibilityGlobals) = postSolution
		SolutionGuid = {AA35E4AC-DC01-45AB-98A6-770DD20E7C6A}
	EndGlobalSection
EndGlobal
