
Microsoft Visual Studio Solution File, Format Version 12.00
# Visual Studio Version 16
VisualStudioVersion = 16.0.30907.101
MinimumVisualStudioVersion = 10.0.40219.1
Project("{FAE04EC0-301F-11D3-BF4B-00C04F79EFBC}") = "03. Longer Line", "03. Longer Line\03. Longer Line.csproj", "{8E8FEA38-A2DE-4E4D-BE21-F196B622661B}"
EndProject
Global
	GlobalSection(SolutionConfigurationPlatforms) = preSolution
		Debug|Any CPU = Debug|Any CPU
		Release|Any CPU = Release|Any CPU
	EndGlobalSection
	GlobalSection(ProjectConfigurationPlatforms) = postSolution
		{8E8FEA38-A2DE-4E4D-BE21-F196B622661B}.Debug|Any CPU.ActiveCfg = Debug|Any CPU
		{8E8FEA38-A2DE-4E4D-BE21-F196B622661B}.Debug|Any CPU.Build.0 = Debug|Any CPU
		{8E8FEA38-A2DE-4E4D-BE21-F196B622661B}.Release|Any CPU.ActiveCfg = Release|Any CPU
		{8E8FEA38-A2DE-4E4D-BE21-F196B622661B}.Release|Any CPU.Build.0 = Release|Any CPU
	EndGlobalSection
	GlobalSection(SolutionProperties) = preSolution
		HideSolutionNode = FALSE
	EndGlobalSection
	GlobalSection(ExtensibilityGlobals) = postSolution
		SolutionGuid = {CD776A38-D008-40C1-93FF-2A77965494E1}
	EndGlobalSection
EndGlobal
