
Microsoft Visual Studio Solution File, Format Version 12.00
# Visual Studio Version 16
VisualStudioVersion = 16.0.31829.152
MinimumVisualStudioVersion = 10.0.40219.1
Project("{FAE04EC0-301F-11D3-BF4B-00C04F79EFBC}") = "P03_SalesDatabase", "P03_SalesDatabase\P03_SalesDatabase.csproj", "{3AD79174-C513-4688-91E8-8530CD8AAEB3}"
EndProject
Global
	GlobalSection(SolutionConfigurationPlatforms) = preSolution
		Debug|Any CPU = Debug|Any CPU
		Release|Any CPU = Release|Any CPU
	EndGlobalSection
	GlobalSection(ProjectConfigurationPlatforms) = postSolution
		{3AD79174-C513-4688-91E8-8530CD8AAEB3}.Debug|Any CPU.ActiveCfg = Debug|Any CPU
		{3AD79174-C513-4688-91E8-8530CD8AAEB3}.Debug|Any CPU.Build.0 = Debug|Any CPU
		{3AD79174-C513-4688-91E8-8530CD8AAEB3}.Release|Any CPU.ActiveCfg = Release|Any CPU
		{3AD79174-C513-4688-91E8-8530CD8AAEB3}.Release|Any CPU.Build.0 = Release|Any CPU
	EndGlobalSection
	GlobalSection(SolutionProperties) = preSolution
		HideSolutionNode = FALSE
	EndGlobalSection
	GlobalSection(ExtensibilityGlobals) = postSolution
		SolutionGuid = {E898F457-79D6-4645-81E8-90EC1FC78342}
	EndGlobalSection
EndGlobal
