
Microsoft Visual Studio Solution File, Format Version 12.00
# Visual Studio Version 16
VisualStudioVersion = 16.0.30907.101
MinimumVisualStudioVersion = 10.0.40219.1
Project("{FAE04EC0-301F-11D3-BF4B-00C04F79EFBC}") = "5. Snake Moves", "5. Snake Moves\5. Snake Moves.csproj", "{99853C91-3573-4F3E-B995-FC4C2B6D77CB}"
EndProject
Global
	GlobalSection(SolutionConfigurationPlatforms) = preSolution
		Debug|Any CPU = Debug|Any CPU
		Release|Any CPU = Release|Any CPU
	EndGlobalSection
	GlobalSection(ProjectConfigurationPlatforms) = postSolution
		{99853C91-3573-4F3E-B995-FC4C2B6D77CB}.Debug|Any CPU.ActiveCfg = Debug|Any CPU
		{99853C91-3573-4F3E-B995-FC4C2B6D77CB}.Debug|Any CPU.Build.0 = Debug|Any CPU
		{99853C91-3573-4F3E-B995-FC4C2B6D77CB}.Release|Any CPU.ActiveCfg = Release|Any CPU
		{99853C91-3573-4F3E-B995-FC4C2B6D77CB}.Release|Any CPU.Build.0 = Release|Any CPU
	EndGlobalSection
	GlobalSection(SolutionProperties) = preSolution
		HideSolutionNode = FALSE
	EndGlobalSection
	GlobalSection(ExtensibilityGlobals) = postSolution
		SolutionGuid = {E2948AB7-2DEA-4BD9-A2C9-B3C3AA611E89}
	EndGlobalSection
EndGlobal
