
Microsoft Visual Studio Solution File, Format Version 12.00
# Visual Studio Version 16
VisualStudioVersion = 16.0.30907.101
MinimumVisualStudioVersion = 10.0.40219.1
Project("{FAE04EC0-301F-11D3-BF4B-00C04F79EFBC}") = "02. Center Point", "02. Center Point\02. Center Point.csproj", "{DC041F3C-D707-467F-A52E-B79D4F8A39C6}"
EndProject
Global
	GlobalSection(SolutionConfigurationPlatforms) = preSolution
		Debug|Any CPU = Debug|Any CPU
		Release|Any CPU = Release|Any CPU
	EndGlobalSection
	GlobalSection(ProjectConfigurationPlatforms) = postSolution
		{DC041F3C-D707-467F-A52E-B79D4F8A39C6}.Debug|Any CPU.ActiveCfg = Debug|Any CPU
		{DC041F3C-D707-467F-A52E-B79D4F8A39C6}.Debug|Any CPU.Build.0 = Debug|Any CPU
		{DC041F3C-D707-467F-A52E-B79D4F8A39C6}.Release|Any CPU.ActiveCfg = Release|Any CPU
		{DC041F3C-D707-467F-A52E-B79D4F8A39C6}.Release|Any CPU.Build.0 = Release|Any CPU
	EndGlobalSection
	GlobalSection(SolutionProperties) = preSolution
		HideSolutionNode = FALSE
	EndGlobalSection
	GlobalSection(ExtensibilityGlobals) = postSolution
		SolutionGuid = {05A88DC0-BF62-4E02-9ACB-3656D946E420}
	EndGlobalSection
EndGlobal
