
Microsoft Visual Studio Solution File, Format Version 12.00
# Visual Studio Version 16
VisualStudioVersion = 16.0.30907.101
MinimumVisualStudioVersion = 10.0.40219.1
Project("{FAE04EC0-301F-11D3-BF4B-00C04F79EFBC}") = "02. Match Phone Number", "02. Match Phone Number\02. Match Phone Number.csproj", "{75183783-1DA5-466B-A88E-D3521AA13F58}"
EndProject
Global
	GlobalSection(SolutionConfigurationPlatforms) = preSolution
		Debug|Any CPU = Debug|Any CPU
		Release|Any CPU = Release|Any CPU
	EndGlobalSection
	GlobalSection(ProjectConfigurationPlatforms) = postSolution
		{75183783-1DA5-466B-A88E-D3521AA13F58}.Debug|Any CPU.ActiveCfg = Debug|Any CPU
		{75183783-1DA5-466B-A88E-D3521AA13F58}.Debug|Any CPU.Build.0 = Debug|Any CPU
		{75183783-1DA5-466B-A88E-D3521AA13F58}.Release|Any CPU.ActiveCfg = Release|Any CPU
		{75183783-1DA5-466B-A88E-D3521AA13F58}.Release|Any CPU.Build.0 = Release|Any CPU
	EndGlobalSection
	GlobalSection(SolutionProperties) = preSolution
		HideSolutionNode = FALSE
	EndGlobalSection
	GlobalSection(ExtensibilityGlobals) = postSolution
		SolutionGuid = {2C85C804-429D-441A-9F8B-C3FF16BCB5FD}
	EndGlobalSection
EndGlobal
