
Microsoft Visual Studio Solution File, Format Version 12.00
# Visual Studio Version 16
VisualStudioVersion = 16.0.30907.101
MinimumVisualStudioVersion = 10.0.40219.1
Project("{FAE04EC0-301F-11D3-BF4B-00C04F79EFBC}") = "4. Matrix Shuffling", "4. Matrix Shuffling\4. Matrix Shuffling.csproj", "{56CB9228-7A77-436D-A184-DA5E6400213B}"
EndProject
Global
	GlobalSection(SolutionConfigurationPlatforms) = preSolution
		Debug|Any CPU = Debug|Any CPU
		Release|Any CPU = Release|Any CPU
	EndGlobalSection
	GlobalSection(ProjectConfigurationPlatforms) = postSolution
		{56CB9228-7A77-436D-A184-DA5E6400213B}.Debug|Any CPU.ActiveCfg = Debug|Any CPU
		{56CB9228-7A77-436D-A184-DA5E6400213B}.Debug|Any CPU.Build.0 = Debug|Any CPU
		{56CB9228-7A77-436D-A184-DA5E6400213B}.Release|Any CPU.ActiveCfg = Release|Any CPU
		{56CB9228-7A77-436D-A184-DA5E6400213B}.Release|Any CPU.Build.0 = Release|Any CPU
	EndGlobalSection
	GlobalSection(SolutionProperties) = preSolution
		HideSolutionNode = FALSE
	EndGlobalSection
	GlobalSection(ExtensibilityGlobals) = postSolution
		SolutionGuid = {AE4D6CED-ECC1-404B-8FDF-A676E16F88E7}
	EndGlobalSection
EndGlobal
