
Microsoft Visual Studio Solution File, Format Version 12.00
# Visual Studio Version 16
VisualStudioVersion = 16.0.30907.101
MinimumVisualStudioVersion = 10.0.40219.1
Project("{FAE04EC0-301F-11D3-BF4B-00C04F79EFBC}") = "06. Vehicle Catalogue", "06. Vehicle Catalogue\06. Vehicle Catalogue.csproj", "{24109107-46EC-4167-8C20-9162AB8DD0AB}"
EndProject
Global
	GlobalSection(SolutionConfigurationPlatforms) = preSolution
		Debug|Any CPU = Debug|Any CPU
		Release|Any CPU = Release|Any CPU
	EndGlobalSection
	GlobalSection(ProjectConfigurationPlatforms) = postSolution
		{24109107-46EC-4167-8C20-9162AB8DD0AB}.Debug|Any CPU.ActiveCfg = Debug|Any CPU
		{24109107-46EC-4167-8C20-9162AB8DD0AB}.Debug|Any CPU.Build.0 = Debug|Any CPU
		{24109107-46EC-4167-8C20-9162AB8DD0AB}.Release|Any CPU.ActiveCfg = Release|Any CPU
		{24109107-46EC-4167-8C20-9162AB8DD0AB}.Release|Any CPU.Build.0 = Release|Any CPU
	EndGlobalSection
	GlobalSection(SolutionProperties) = preSolution
		HideSolutionNode = FALSE
	EndGlobalSection
	GlobalSection(ExtensibilityGlobals) = postSolution
		SolutionGuid = {17F14672-66D7-491A-BEC4-D0B543DA8D34}
	EndGlobalSection
EndGlobal
