
Microsoft Visual Studio Solution File, Format Version 12.00
# Visual Studio Version 16
VisualStudioVersion = 16.0.30907.101
MinimumVisualStudioVersion = 10.0.40219.1
Project("{9A19103F-16F7-4668-BE54-9A1E7A4F7556}") = "DateModifier", "05. Date Modifier\DateModifier.csproj", "{B8E00DFA-9EBE-4105-B7A0-6F42A053E816}"
EndProject
Global
	GlobalSection(SolutionConfigurationPlatforms) = preSolution
		Debug|Any CPU = Debug|Any CPU
		Release|Any CPU = Release|Any CPU
	EndGlobalSection
	GlobalSection(ProjectConfigurationPlatforms) = postSolution
		{B8E00DFA-9EBE-4105-B7A0-6F42A053E816}.Debug|Any CPU.ActiveCfg = Debug|Any CPU
		{B8E00DFA-9EBE-4105-B7A0-6F42A053E816}.Debug|Any CPU.Build.0 = Debug|Any CPU
		{B8E00DFA-9EBE-4105-B7A0-6F42A053E816}.Release|Any CPU.ActiveCfg = Release|Any CPU
		{B8E00DFA-9EBE-4105-B7A0-6F42A053E816}.Release|Any CPU.Build.0 = Release|Any CPU
	EndGlobalSection
	GlobalSection(SolutionProperties) = preSolution
		HideSolutionNode = FALSE
	EndGlobalSection
	GlobalSection(ExtensibilityGlobals) = postSolution
		SolutionGuid = {5C13F5CD-14B1-4BDE-841A-115BC77339D1}
	EndGlobalSection
EndGlobal
