
Microsoft Visual Studio Solution File, Format Version 12.00
# Visual Studio Version 16
VisualStudioVersion = 16.0.30717.126
MinimumVisualStudioVersion = 10.0.40219.1
Project("{FAE04EC0-301F-11D3-BF4B-00C04F79EFBC}") = "11. Fruit Shop", "11. Fruit Shop\11. Fruit Shop.csproj", "{59B9AEAB-244D-430D-9E8F-90943A984FDB}"
EndProject
Global
	GlobalSection(SolutionConfigurationPlatforms) = preSolution
		Debug|Any CPU = Debug|Any CPU
		Release|Any CPU = Release|Any CPU
	EndGlobalSection
	GlobalSection(ProjectConfigurationPlatforms) = postSolution
		{59B9AEAB-244D-430D-9E8F-90943A984FDB}.Debug|Any CPU.ActiveCfg = Debug|Any CPU
		{59B9AEAB-244D-430D-9E8F-90943A984FDB}.Debug|Any CPU.Build.0 = Debug|Any CPU
		{59B9AEAB-244D-430D-9E8F-90943A984FDB}.Release|Any CPU.ActiveCfg = Release|Any CPU
		{59B9AEAB-244D-430D-9E8F-90943A984FDB}.Release|Any CPU.Build.0 = Release|Any CPU
	EndGlobalSection
	GlobalSection(SolutionProperties) = preSolution
		HideSolutionNode = FALSE
	EndGlobalSection
	GlobalSection(ExtensibilityGlobals) = postSolution
		SolutionGuid = {8082DEB7-3200-4EFC-A7B1-73831E091FDC}
	EndGlobalSection
EndGlobal
