
Microsoft Visual Studio Solution File, Format Version 12.00
# Visual Studio Version 16
VisualStudioVersion = 16.0.30907.101
MinimumVisualStudioVersion = 10.0.40219.1
Project("{FAE04EC0-301F-11D3-BF4B-00C04F79EFBC}") = "01. Bonus Scoring System", "01. Bonus Scoring System\01. Bonus Scoring System.csproj", "{15193D60-0905-4125-ACED-26C67989288B}"
EndProject
Global
	GlobalSection(SolutionConfigurationPlatforms) = preSolution
		Debug|Any CPU = Debug|Any CPU
		Release|Any CPU = Release|Any CPU
	EndGlobalSection
	GlobalSection(ProjectConfigurationPlatforms) = postSolution
		{15193D60-0905-4125-ACED-26C67989288B}.Debug|Any CPU.ActiveCfg = Debug|Any CPU
		{15193D60-0905-4125-ACED-26C67989288B}.Debug|Any CPU.Build.0 = Debug|Any CPU
		{15193D60-0905-4125-ACED-26C67989288B}.Release|Any CPU.ActiveCfg = Release|Any CPU
		{15193D60-0905-4125-ACED-26C67989288B}.Release|Any CPU.Build.0 = Release|Any CPU
	EndGlobalSection
	GlobalSection(SolutionProperties) = preSolution
		HideSolutionNode = FALSE
	EndGlobalSection
	GlobalSection(ExtensibilityGlobals) = postSolution
		SolutionGuid = {6CD8F2F8-FE3C-4AAC-B6C4-22281B2164A9}
	EndGlobalSection
EndGlobal
