
Microsoft Visual Studio Solution File, Format Version 12.00
# Visual Studio Version 16
VisualStudioVersion = 16.0.30804.86
MinimumVisualStudioVersion = 10.0.40219.1
Project("{FAE04EC0-301F-11D3-BF4B-00C04F79EFBC}") = "04. Fold and Sum", "04. Fold and Sum\04. Fold and Sum.csproj", "{EB95B9BA-7BCF-40B5-B050-4F6D0D034C05}"
EndProject
Global
	GlobalSection(SolutionConfigurationPlatforms) = preSolution
		Debug|Any CPU = Debug|Any CPU
		Release|Any CPU = Release|Any CPU
	EndGlobalSection
	GlobalSection(ProjectConfigurationPlatforms) = postSolution
		{EB95B9BA-7BCF-40B5-B050-4F6D0D034C05}.Debug|Any CPU.ActiveCfg = Debug|Any CPU
		{EB95B9BA-7BCF-40B5-B050-4F6D0D034C05}.Debug|Any CPU.Build.0 = Debug|Any CPU
		{EB95B9BA-7BCF-40B5-B050-4F6D0D034C05}.Release|Any CPU.ActiveCfg = Release|Any CPU
		{EB95B9BA-7BCF-40B5-B050-4F6D0D034C05}.Release|Any CPU.Build.0 = Release|Any CPU
	EndGlobalSection
	GlobalSection(SolutionProperties) = preSolution
		HideSolutionNode = FALSE
	EndGlobalSection
	GlobalSection(ExtensibilityGlobals) = postSolution
		SolutionGuid = {6A92A71B-E20C-4D64-B9F2-6DE46A2F5A32}
	EndGlobalSection
EndGlobal
