
Microsoft Visual Studio Solution File, Format Version 12.00
# Visual Studio Version 16
VisualStudioVersion = 16.0.30804.86
MinimumVisualStudioVersion = 10.0.40219.1
Project("{FAE04EC0-301F-11D3-BF4B-00C04F79EFBC}") = "10. Profit", "10. Profit\10. Profit.csproj", "{319D0CC1-9B57-48F2-83E3-793A1BF9C9E7}"
EndProject
Global
	GlobalSection(SolutionConfigurationPlatforms) = preSolution
		Debug|Any CPU = Debug|Any CPU
		Release|Any CPU = Release|Any CPU
	EndGlobalSection
	GlobalSection(ProjectConfigurationPlatforms) = postSolution
		{319D0CC1-9B57-48F2-83E3-793A1BF9C9E7}.Debug|Any CPU.ActiveCfg = Debug|Any CPU
		{319D0CC1-9B57-48F2-83E3-793A1BF9C9E7}.Debug|Any CPU.Build.0 = Debug|Any CPU
		{319D0CC1-9B57-48F2-83E3-793A1BF9C9E7}.Release|Any CPU.ActiveCfg = Release|Any CPU
		{319D0CC1-9B57-48F2-83E3-793A1BF9C9E7}.Release|Any CPU.Build.0 = Release|Any CPU
	EndGlobalSection
	GlobalSection(SolutionProperties) = preSolution
		HideSolutionNode = FALSE
	EndGlobalSection
	GlobalSection(ExtensibilityGlobals) = postSolution
		SolutionGuid = {F61F02A7-6EC9-4C66-A39A-5B58CC1932FF}
	EndGlobalSection
EndGlobal
