
Microsoft Visual Studio Solution File, Format Version 12.00
# Visual Studio Version 16
VisualStudioVersion = 16.0.30804.86
MinimumVisualStudioVersion = 10.0.40219.1
Project("{FAE04EC0-301F-11D3-BF4B-00C04F79EFBC}") = "07. Concat Names", "07. Concat Names\07. Concat Names.csproj", "{36BFB32B-9B68-4FB5-B8B6-0EE1E6A25CEB}"
EndProject
Global
	GlobalSection(SolutionConfigurationPlatforms) = preSolution
		Debug|Any CPU = Debug|Any CPU
		Release|Any CPU = Release|Any CPU
	EndGlobalSection
	GlobalSection(ProjectConfigurationPlatforms) = postSolution
		{36BFB32B-9B68-4FB5-B8B6-0EE1E6A25CEB}.Debug|Any CPU.ActiveCfg = Debug|Any CPU
		{36BFB32B-9B68-4FB5-B8B6-0EE1E6A25CEB}.Debug|Any CPU.Build.0 = Debug|Any CPU
		{36BFB32B-9B68-4FB5-B8B6-0EE1E6A25CEB}.Release|Any CPU.ActiveCfg = Release|Any CPU
		{36BFB32B-9B68-4FB5-B8B6-0EE1E6A25CEB}.Release|Any CPU.Build.0 = Release|Any CPU
	EndGlobalSection
	GlobalSection(SolutionProperties) = preSolution
		HideSolutionNode = FALSE
	EndGlobalSection
	GlobalSection(ExtensibilityGlobals) = postSolution
		SolutionGuid = {768BF4BA-75DA-4120-9816-C427536ED561}
	EndGlobalSection
EndGlobal
