
Microsoft Visual Studio Solution File, Format Version 12.00
# Visual Studio Version 16
VisualStudioVersion = 16.0.30804.86
MinimumVisualStudioVersion = 10.0.40219.1
Project("{FAE04EC0-301F-11D3-BF4B-00C04F79EFBC}") = "03. Gaming Store", "03. Gaming Store\03. Gaming Store.csproj", "{B1B55451-C48F-4720-A423-C6F996885047}"
EndProject
Global
	GlobalSection(SolutionConfigurationPlatforms) = preSolution
		Debug|Any CPU = Debug|Any CPU
		Release|Any CPU = Release|Any CPU
	EndGlobalSection
	GlobalSection(ProjectConfigurationPlatforms) = postSolution
		{B1B55451-C48F-4720-A423-C6F996885047}.Debug|Any CPU.ActiveCfg = Debug|Any CPU
		{B1B55451-C48F-4720-A423-C6F996885047}.Debug|Any CPU.Build.0 = Debug|Any CPU
		{B1B55451-C48F-4720-A423-C6F996885047}.Release|Any CPU.ActiveCfg = Release|Any CPU
		{B1B55451-C48F-4720-A423-C6F996885047}.Release|Any CPU.Build.0 = Release|Any CPU
	EndGlobalSection
	GlobalSection(SolutionProperties) = preSolution
		HideSolutionNode = FALSE
	EndGlobalSection
	GlobalSection(ExtensibilityGlobals) = postSolution
		SolutionGuid = {944D2441-04CA-4C34-8E49-6E67DAC2CA1D}
	EndGlobalSection
EndGlobal
