
Microsoft Visual Studio Solution File, Format Version 12.00
# Visual Studio Version 16
VisualStudioVersion = 16.0.30907.101
MinimumVisualStudioVersion = 10.0.40219.1
Project("{FAE04EC0-301F-11D3-BF4B-00C04F79EFBC}") = "03. Treasure Finder", "03. Treasure Finder\03. Treasure Finder.csproj", "{4FBA62EE-A4CB-422F-A3C8-E52FD6EA13BB}"
EndProject
Global
	GlobalSection(SolutionConfigurationPlatforms) = preSolution
		Debug|Any CPU = Debug|Any CPU
		Release|Any CPU = Release|Any CPU
	EndGlobalSection
	GlobalSection(ProjectConfigurationPlatforms) = postSolution
		{4FBA62EE-A4CB-422F-A3C8-E52FD6EA13BB}.Debug|Any CPU.ActiveCfg = Debug|Any CPU
		{4FBA62EE-A4CB-422F-A3C8-E52FD6EA13BB}.Debug|Any CPU.Build.0 = Debug|Any CPU
		{4FBA62EE-A4CB-422F-A3C8-E52FD6EA13BB}.Release|Any CPU.ActiveCfg = Release|Any CPU
		{4FBA62EE-A4CB-422F-A3C8-E52FD6EA13BB}.Release|Any CPU.Build.0 = Release|Any CPU
	EndGlobalSection
	GlobalSection(SolutionProperties) = preSolution
		HideSolutionNode = FALSE
	EndGlobalSection
	GlobalSection(ExtensibilityGlobals) = postSolution
		SolutionGuid = {6DBBCF81-0C13-49CC-9EAC-337B2D4CD677}
	EndGlobalSection
EndGlobal
