
Microsoft Visual Studio Solution File, Format Version 12.00
# Visual Studio Version 16
VisualStudioVersion = 16.0.30717.126
MinimumVisualStudioVersion = 10.0.40219.1
Project("{FAE04EC0-301F-11D3-BF4B-00C04F79EFBC}") = "06. Charity Campaign", "06. Charity Campaign\06. Charity Campaign.csproj", "{A92E8831-8FF4-4CE8-A912-4D32398EE27F}"
EndProject
Global
	GlobalSection(SolutionConfigurationPlatforms) = preSolution
		Debug|Any CPU = Debug|Any CPU
		Release|Any CPU = Release|Any CPU
	EndGlobalSection
	GlobalSection(ProjectConfigurationPlatforms) = postSolution
		{A92E8831-8FF4-4CE8-A912-4D32398EE27F}.Debug|Any CPU.ActiveCfg = Debug|Any CPU
		{A92E8831-8FF4-4CE8-A912-4D32398EE27F}.Debug|Any CPU.Build.0 = Debug|Any CPU
		{A92E8831-8FF4-4CE8-A912-4D32398EE27F}.Release|Any CPU.ActiveCfg = Release|Any CPU
		{A92E8831-8FF4-4CE8-A912-4D32398EE27F}.Release|Any CPU.Build.0 = Release|Any CPU
	EndGlobalSection
	GlobalSection(SolutionProperties) = preSolution
		HideSolutionNode = FALSE
	EndGlobalSection
	GlobalSection(ExtensibilityGlobals) = postSolution
		SolutionGuid = {B41FDD43-86BB-40A8-86DD-BE8DF828FE53}
	EndGlobalSection
EndGlobal
