
Microsoft Visual Studio Solution File, Format Version 12.00
# Visual Studio Version 16
VisualStudioVersion = 16.0.30907.101
MinimumVisualStudioVersion = 10.0.40219.1
Project("{FAE04EC0-301F-11D3-BF4B-00C04F79EFBC}") = "01. Counter Strike", "01. Counter Strike\01. Counter Strike.csproj", "{78BB728C-A19C-46F9-BF55-33C7748197E2}"
EndProject
Global
	GlobalSection(SolutionConfigurationPlatforms) = preSolution
		Debug|Any CPU = Debug|Any CPU
		Release|Any CPU = Release|Any CPU
	EndGlobalSection
	GlobalSection(ProjectConfigurationPlatforms) = postSolution
		{78BB728C-A19C-46F9-BF55-33C7748197E2}.Debug|Any CPU.ActiveCfg = Debug|Any CPU
		{78BB728C-A19C-46F9-BF55-33C7748197E2}.Debug|Any CPU.Build.0 = Debug|Any CPU
		{78BB728C-A19C-46F9-BF55-33C7748197E2}.Release|Any CPU.ActiveCfg = Release|Any CPU
		{78BB728C-A19C-46F9-BF55-33C7748197E2}.Release|Any CPU.Build.0 = Release|Any CPU
	EndGlobalSection
	GlobalSection(SolutionProperties) = preSolution
		HideSolutionNode = FALSE
	EndGlobalSection
	GlobalSection(ExtensibilityGlobals) = postSolution
		SolutionGuid = {ADE7D210-815D-4CAE-AD5E-3F120A3D9EA2}
	EndGlobalSection
EndGlobal
