
Microsoft Visual Studio Solution File, Format Version 12.00
# Visual Studio Version 16
VisualStudioVersion = 16.0.30804.86
MinimumVisualStudioVersion = 10.0.40219.1
Project("{FAE04EC0-301F-11D3-BF4B-00C04F79EFBC}") = "02. Basic Queue Operations", "02. Basic Queue Operations\02. Basic Queue Operations.csproj", "{C9950693-554A-4D42-BCDF-614595EBD57A}"
EndProject
Global
	GlobalSection(SolutionConfigurationPlatforms) = preSolution
		Debug|Any CPU = Debug|Any CPU
		Release|Any CPU = Release|Any CPU
	EndGlobalSection
	GlobalSection(ProjectConfigurationPlatforms) = postSolution
		{C9950693-554A-4D42-BCDF-614595EBD57A}.Debug|Any CPU.ActiveCfg = Debug|Any CPU
		{C9950693-554A-4D42-BCDF-614595EBD57A}.Debug|Any CPU.Build.0 = Debug|Any CPU
		{C9950693-554A-4D42-BCDF-614595EBD57A}.Release|Any CPU.ActiveCfg = Release|Any CPU
		{C9950693-554A-4D42-BCDF-614595EBD57A}.Release|Any CPU.Build.0 = Release|Any CPU
	EndGlobalSection
	GlobalSection(SolutionProperties) = preSolution
		HideSolutionNode = FALSE
	EndGlobalSection
	GlobalSection(ExtensibilityGlobals) = postSolution
		SolutionGuid = {E6C87330-0DEC-4CBD-AA12-3AE4BB874B61}
	EndGlobalSection
EndGlobal
