
Microsoft Visual Studio Solution File, Format Version 12.00
# Visual Studio Version 16
VisualStudioVersion = 16.0.31729.503
MinimumVisualStudioVersion = 10.0.40219.1
Project("{9A19103F-16F7-4668-BE54-9A1E7A4F7556}") = "MusicHub", "MusicHub.csproj", "{406E9169-B2EE-4178-BC44-2963B8E5C4D2}"
EndProject
Global
	GlobalSection(SolutionConfigurationPlatforms) = preSolution
		Debug|Any CPU = Debug|Any CPU
		Release|Any CPU = Release|Any CPU
	EndGlobalSection
	GlobalSection(ProjectConfigurationPlatforms) = postSolution
		{406E9169-B2EE-4178-BC44-2963B8E5C4D2}.Debug|Any CPU.ActiveCfg = Debug|Any CPU
		{406E9169-B2EE-4178-BC44-2963B8E5C4D2}.Debug|Any CPU.Build.0 = Debug|Any CPU
		{406E9169-B2EE-4178-BC44-2963B8E5C4D2}.Release|Any CPU.ActiveCfg = Release|Any CPU
		{406E9169-B2EE-4178-BC44-2963B8E5C4D2}.Release|Any CPU.Build.0 = Release|Any CPU
	EndGlobalSection
	GlobalSection(SolutionProperties) = preSolution
		HideSolutionNode = FALSE
	EndGlobalSection
	GlobalSection(ExtensibilityGlobals) = postSolution
		SolutionGuid = {539AB377-58C1-416A-8559-ADC38A133A9F}
	EndGlobalSection
EndGlobal
