
Microsoft Visual Studio Solution File, Format Version 12.00
# Visual Studio Version 16
VisualStudioVersion = 16.0.31129.286
MinimumVisualStudioVersion = 10.0.40219.1
Project("{FAE04EC0-301F-11D3-BF4B-00C04F79EFBC}") = "SuperMario", "SuperMario\SuperMario.csproj", "{92973E5D-1A4E-4EFC-AB8E-470355F32D95}"
EndProject
Global
	GlobalSection(SolutionConfigurationPlatforms) = preSolution
		Debug|Any CPU = Debug|Any CPU
		Release|Any CPU = Release|Any CPU
	EndGlobalSection
	GlobalSection(ProjectConfigurationPlatforms) = postSolution
		{92973E5D-1A4E-4EFC-AB8E-470355F32D95}.Debug|Any CPU.ActiveCfg = Debug|Any CPU
		{92973E5D-1A4E-4EFC-AB8E-470355F32D95}.Debug|Any CPU.Build.0 = Debug|Any CPU
		{92973E5D-1A4E-4EFC-AB8E-470355F32D95}.Release|Any CPU.ActiveCfg = Release|Any CPU
		{92973E5D-1A4E-4EFC-AB8E-470355F32D95}.Release|Any CPU.Build.0 = Release|Any CPU
	EndGlobalSection
	GlobalSection(SolutionProperties) = preSolution
		HideSolutionNode = FALSE
	EndGlobalSection
	GlobalSection(ExtensibilityGlobals) = postSolution
		SolutionGuid = {026EE9E4-C0A9-44A3-9D60-0A459F659758}
	EndGlobalSection
EndGlobal
