
Microsoft Visual Studio Solution File, Format Version 12.00
# Visual Studio Version 16
VisualStudioVersion = 16.0.31105.61
MinimumVisualStudioVersion = 10.0.40219.1
Project("{FAE04EC0-301F-11D3-BF4B-00C04F79EFBC}") = "Animals", "Animals\Animals.csproj", "{C7BF90D8-5892-486C-943F-0F39F4A2D989}"
EndProject
Global
	GlobalSection(SolutionConfigurationPlatforms) = preSolution
		Debug|Any CPU = Debug|Any CPU
		Release|Any CPU = Release|Any CPU
	EndGlobalSection
	GlobalSection(ProjectConfigurationPlatforms) = postSolution
		{C7BF90D8-5892-486C-943F-0F39F4A2D989}.Debug|Any CPU.ActiveCfg = Debug|Any CPU
		{C7BF90D8-5892-486C-943F-0F39F4A2D989}.Debug|Any CPU.Build.0 = Debug|Any CPU
		{C7BF90D8-5892-486C-943F-0F39F4A2D989}.Release|Any CPU.ActiveCfg = Release|Any CPU
		{C7BF90D8-5892-486C-943F-0F39F4A2D989}.Release|Any CPU.Build.0 = Release|Any CPU
	EndGlobalSection
	GlobalSection(SolutionProperties) = preSolution
		HideSolutionNode = FALSE
	EndGlobalSection
	GlobalSection(ExtensibilityGlobals) = postSolution
		SolutionGuid = {5D0C4A02-3ACA-4C38-8601-261FC24E60ED}
	EndGlobalSection
EndGlobal
