
Microsoft Visual Studio Solution File, Format Version 12.00
# Visual Studio Version 16
VisualStudioVersion = 16.0.30804.86
MinimumVisualStudioVersion = 10.0.40219.1
Project("{FAE04EC0-301F-11D3-BF4B-00C04F79EFBC}") = "03. Mobile operator", "03. Mobile operator\03. Mobile operator.csproj", "{F279C557-0761-40CE-AB4D-DE45A11D689E}"
EndProject
Global
	GlobalSection(SolutionConfigurationPlatforms) = preSolution
		Debug|Any CPU = Debug|Any CPU
		Release|Any CPU = Release|Any CPU
	EndGlobalSection
	GlobalSection(ProjectConfigurationPlatforms) = postSolution
		{F279C557-0761-40CE-AB4D-DE45A11D689E}.Debug|Any CPU.ActiveCfg = Debug|Any CPU
		{F279C557-0761-40CE-AB4D-DE45A11D689E}.Debug|Any CPU.Build.0 = Debug|Any CPU
		{F279C557-0761-40CE-AB4D-DE45A11D689E}.Release|Any CPU.ActiveCfg = Release|Any CPU
		{F279C557-0761-40CE-AB4D-DE45A11D689E}.Release|Any CPU.Build.0 = Release|Any CPU
	EndGlobalSection
	GlobalSection(SolutionProperties) = preSolution
		HideSolutionNode = FALSE
	EndGlobalSection
	GlobalSection(ExtensibilityGlobals) = postSolution
		SolutionGuid = {6FC823B5-6CAE-4B6B-9D67-A6B049150416}
	EndGlobalSection
EndGlobal
