
Microsoft Visual Studio Solution File, Format Version 12.00
# Visual Studio Version 16
VisualStudioVersion = 16.0.30717.126
MinimumVisualStudioVersion = 10.0.40219.1
Project("{FAE04EC0-301F-11D3-BF4B-00C04F79EFBC}") = "02. Triangle Area", "02. Triangle Area\02. Triangle Area.csproj", "{120AFC62-1E18-4912-B0A5-55D6CB1B6738}"
EndProject
Global
	GlobalSection(SolutionConfigurationPlatforms) = preSolution
		Debug|Any CPU = Debug|Any CPU
		Release|Any CPU = Release|Any CPU
	EndGlobalSection
	GlobalSection(ProjectConfigurationPlatforms) = postSolution
		{120AFC62-1E18-4912-B0A5-55D6CB1B6738}.Debug|Any CPU.ActiveCfg = Debug|Any CPU
		{120AFC62-1E18-4912-B0A5-55D6CB1B6738}.Debug|Any CPU.Build.0 = Debug|Any CPU
		{120AFC62-1E18-4912-B0A5-55D6CB1B6738}.Release|Any CPU.ActiveCfg = Release|Any CPU
		{120AFC62-1E18-4912-B0A5-55D6CB1B6738}.Release|Any CPU.Build.0 = Release|Any CPU
	EndGlobalSection
	GlobalSection(SolutionProperties) = preSolution
		HideSolutionNode = FALSE
	EndGlobalSection
	GlobalSection(ExtensibilityGlobals) = postSolution
		SolutionGuid = {3FFC72E7-BEAD-4AAB-B9AA-11776F23F469}
	EndGlobalSection
EndGlobal
