
Microsoft Visual Studio Solution File, Format Version 12.00
# Visual Studio Version 16
VisualStudioVersion = 16.0.30907.101
MinimumVisualStudioVersion = 10.0.40219.1
Project("{FAE04EC0-301F-11D3-BF4B-00C04F79EFBC}") = "03. The Pianist", "03. The Pianist\03. The Pianist.csproj", "{42990523-B634-486F-8DCF-E783DDA1B0D3}"
EndProject
Global
	GlobalSection(SolutionConfigurationPlatforms) = preSolution
		Debug|Any CPU = Debug|Any CPU
		Release|Any CPU = Release|Any CPU
	EndGlobalSection
	GlobalSection(ProjectConfigurationPlatforms) = postSolution
		{42990523-B634-486F-8DCF-E783DDA1B0D3}.Debug|Any CPU.ActiveCfg = Debug|Any CPU
		{42990523-B634-486F-8DCF-E783DDA1B0D3}.Debug|Any CPU.Build.0 = Debug|Any CPU
		{42990523-B634-486F-8DCF-E783DDA1B0D3}.Release|Any CPU.ActiveCfg = Release|Any CPU
		{42990523-B634-486F-8DCF-E783DDA1B0D3}.Release|Any CPU.Build.0 = Release|Any CPU
	EndGlobalSection
	GlobalSection(SolutionProperties) = preSolution
		HideSolutionNode = FALSE
	EndGlobalSection
	GlobalSection(ExtensibilityGlobals) = postSolution
		SolutionGuid = {5F201EE5-4795-4CBA-AEF9-3AA72F07902C}
	EndGlobalSection
EndGlobal
