
Microsoft Visual Studio Solution File, Format Version 12.00
# Visual Studio Version 16
VisualStudioVersion = 16.0.30907.101
MinimumVisualStudioVersion = 10.0.40219.1
Project("{FAE04EC0-301F-11D3-BF4B-00C04F79EFBC}") = "2. Rage Quit", "2. Rage Quit\2. Rage Quit.csproj", "{4DF5B014-515D-4023-ABB3-28F57BBEDA32}"
EndProject
Global
	GlobalSection(SolutionConfigurationPlatforms) = preSolution
		Debug|Any CPU = Debug|Any CPU
		Release|Any CPU = Release|Any CPU
	EndGlobalSection
	GlobalSection(ProjectConfigurationPlatforms) = postSolution
		{4DF5B014-515D-4023-ABB3-28F57BBEDA32}.Debug|Any CPU.ActiveCfg = Debug|Any CPU
		{4DF5B014-515D-4023-ABB3-28F57BBEDA32}.Debug|Any CPU.Build.0 = Debug|Any CPU
		{4DF5B014-515D-4023-ABB3-28F57BBEDA32}.Release|Any CPU.ActiveCfg = Release|Any CPU
		{4DF5B014-515D-4023-ABB3-28F57BBEDA32}.Release|Any CPU.Build.0 = Release|Any CPU
	EndGlobalSection
	GlobalSection(SolutionProperties) = preSolution
		HideSolutionNode = FALSE
	EndGlobalSection
	GlobalSection(ExtensibilityGlobals) = postSolution
		SolutionGuid = {953263C2-F895-4062-A36C-5CD494A75268}
	EndGlobalSection
EndGlobal
