
Microsoft Visual Studio Solution File, Format Version 12.00
# Visual Studio Version 16
VisualStudioVersion = 16.0.30804.86
MinimumVisualStudioVersion = 10.0.40219.1
Project("{FAE04EC0-301F-11D3-BF4B-00C04F79EFBC}") = "04. Sum of Two Numbers", "04. Sum of Two Numbers\04. Sum of Two Numbers.csproj", "{E65A211F-0F58-4C7F-91DF-8E0363B5E9A4}"
EndProject
Global
	GlobalSection(SolutionConfigurationPlatforms) = preSolution
		Debug|Any CPU = Debug|Any CPU
		Release|Any CPU = Release|Any CPU
	EndGlobalSection
	GlobalSection(ProjectConfigurationPlatforms) = postSolution
		{E65A211F-0F58-4C7F-91DF-8E0363B5E9A4}.Debug|Any CPU.ActiveCfg = Debug|Any CPU
		{E65A211F-0F58-4C7F-91DF-8E0363B5E9A4}.Debug|Any CPU.Build.0 = Debug|Any CPU
		{E65A211F-0F58-4C7F-91DF-8E0363B5E9A4}.Release|Any CPU.ActiveCfg = Release|Any CPU
		{E65A211F-0F58-4C7F-91DF-8E0363B5E9A4}.Release|Any CPU.Build.0 = Release|Any CPU
	EndGlobalSection
	GlobalSection(SolutionProperties) = preSolution
		HideSolutionNode = FALSE
	EndGlobalSection
	GlobalSection(ExtensibilityGlobals) = postSolution
		SolutionGuid = {AAC3BA94-774A-4DE1-9D88-F8C6A01C09BB}
	EndGlobalSection
EndGlobal
