
Microsoft Visual Studio Solution File, Format Version 12.00
# Visual Studio Version 16
VisualStudioVersion = 16.0.30907.101
MinimumVisualStudioVersion = 10.0.40219.1
Project("{FAE04EC0-301F-11D3-BF4B-00C04F79EFBC}") = "04. Text Filter", "04. Text Filter\04. Text Filter.csproj", "{A51E51C0-6332-412C-A5B4-A77CA8170206}"
EndProject
Global
	GlobalSection(SolutionConfigurationPlatforms) = preSolution
		Debug|Any CPU = Debug|Any CPU
		Release|Any CPU = Release|Any CPU
	EndGlobalSection
	GlobalSection(ProjectConfigurationPlatforms) = postSolution
		{A51E51C0-6332-412C-A5B4-A77CA8170206}.Debug|Any CPU.ActiveCfg = Debug|Any CPU
		{A51E51C0-6332-412C-A5B4-A77CA8170206}.Debug|Any CPU.Build.0 = Debug|Any CPU
		{A51E51C0-6332-412C-A5B4-A77CA8170206}.Release|Any CPU.ActiveCfg = Release|Any CPU
		{A51E51C0-6332-412C-A5B4-A77CA8170206}.Release|Any CPU.Build.0 = Release|Any CPU
	EndGlobalSection
	GlobalSection(SolutionProperties) = preSolution
		HideSolutionNode = FALSE
	EndGlobalSection
	GlobalSection(ExtensibilityGlobals) = postSolution
		SolutionGuid = {FA0088D5-3B52-4E16-8EB4-A21829007A31}
	EndGlobalSection
EndGlobal
