
Microsoft Visual Studio Solution File, Format Version 12.00
# Visual Studio Version 16
VisualStudioVersion = 16.0.30804.86
MinimumVisualStudioVersion = 10.0.40219.1
Project("{FAE04EC0-301F-11D3-BF4B-00C04F79EFBC}") = "10. Multiplication Table", "10. Multiplication Table\10. Multiplication Table.csproj", "{6B27791F-8588-4F79-9B0E-E390D569D709}"
EndProject
Global
	GlobalSection(SolutionConfigurationPlatforms) = preSolution
		Debug|Any CPU = Debug|Any CPU
		Release|Any CPU = Release|Any CPU
	EndGlobalSection
	GlobalSection(ProjectConfigurationPlatforms) = postSolution
		{6B27791F-8588-4F79-9B0E-E390D569D709}.Debug|Any CPU.ActiveCfg = Debug|Any CPU
		{6B27791F-8588-4F79-9B0E-E390D569D709}.Debug|Any CPU.Build.0 = Debug|Any CPU
		{6B27791F-8588-4F79-9B0E-E390D569D709}.Release|Any CPU.ActiveCfg = Release|Any CPU
		{6B27791F-8588-4F79-9B0E-E390D569D709}.Release|Any CPU.Build.0 = Release|Any CPU
	EndGlobalSection
	GlobalSection(SolutionProperties) = preSolution
		HideSolutionNode = FALSE
	EndGlobalSection
	GlobalSection(ExtensibilityGlobals) = postSolution
		SolutionGuid = {1BAEC5A4-02A5-4B29-830F-8217DD735453}
	EndGlobalSection
EndGlobal
