
Microsoft Visual Studio Solution File, Format Version 12.00
# Visual Studio Version 16
VisualStudioVersion = 16.0.31829.152
MinimumVisualStudioVersion = 10.0.40219.1
Project("{9A19103F-16F7-4668-BE54-9A1E7A4F7556}") = "Code_first_Application", "Code_first_Application.csproj", "{6983C952-82B5-4B11-AAE1-C96772EB29C7}"
EndProject
Global
	GlobalSection(SolutionConfigurationPlatforms) = preSolution
		Debug|Any CPU = Debug|Any CPU
		Release|Any CPU = Release|Any CPU
	EndGlobalSection
	GlobalSection(ProjectConfigurationPlatforms) = postSolution
		{6983C952-82B5-4B11-AAE1-C96772EB29C7}.Debug|Any CPU.ActiveCfg = Debug|Any CPU
		{6983C952-82B5-4B11-AAE1-C96772EB29C7}.Debug|Any CPU.Build.0 = Debug|Any CPU
		{6983C952-82B5-4B11-AAE1-C96772EB29C7}.Release|Any CPU.ActiveCfg = Release|Any CPU
		{6983C952-82B5-4B11-AAE1-C96772EB29C7}.Release|Any CPU.Build.0 = Release|Any CPU
	EndGlobalSection
	GlobalSection(SolutionProperties) = preSolution
		HideSolutionNode = FALSE
	EndGlobalSection
	GlobalSection(ExtensibilityGlobals) = postSolution
		SolutionGuid = {4D7C16FA-9D26-4063-9D90-5B6DB2A620E1}
	EndGlobalSection
EndGlobal
