
Microsoft Visual Studio Solution File, Format Version 12.00
# Visual Studio Version 16
VisualStudioVersion = 16.0.31005.135
MinimumVisualStudioVersion = 10.0.40219.1
Project("{FAE04EC0-301F-11D3-BF4B-00C04F79EFBC}") = "Cars", "Cars\Cars.csproj", "{C3D5B7FC-FEF7-4F79-A4A9-37260ED66D6A}"
EndProject
Global
	GlobalSection(SolutionConfigurationPlatforms) = preSolution
		Debug|Any CPU = Debug|Any CPU
		Release|Any CPU = Release|Any CPU
	EndGlobalSection
	GlobalSection(ProjectConfigurationPlatforms) = postSolution
		{C3D5B7FC-FEF7-4F79-A4A9-37260ED66D6A}.Debug|Any CPU.ActiveCfg = Debug|Any CPU
		{C3D5B7FC-FEF7-4F79-A4A9-37260ED66D6A}.Debug|Any CPU.Build.0 = Debug|Any CPU
		{C3D5B7FC-FEF7-4F79-A4A9-37260ED66D6A}.Release|Any CPU.ActiveCfg = Release|Any CPU
		{C3D5B7FC-FEF7-4F79-A4A9-37260ED66D6A}.Release|Any CPU.Build.0 = Release|Any CPU
	EndGlobalSection
	GlobalSection(SolutionProperties) = preSolution
		HideSolutionNode = FALSE
	EndGlobalSection
	GlobalSection(ExtensibilityGlobals) = postSolution
		SolutionGuid = {E69C1680-01A6-45F2-B83E-14EBD40E27AC}
	EndGlobalSection
EndGlobal
