
Microsoft Visual Studio Solution File, Format Version 12.00
# Visual Studio Version 16
VisualStudioVersion = 16.0.30907.101
MinimumVisualStudioVersion = 10.0.40219.1
Project("{FAE04EC0-301F-11D3-BF4B-00C04F79EFBC}") = "P07.RawData", "P07.RawData\P07.RawData.csproj", "{47151A31-EE36-48C4-9A49-CD88588E785F}"
EndProject
Global
	GlobalSection(SolutionConfigurationPlatforms) = preSolution
		Debug|Any CPU = Debug|Any CPU
		Release|Any CPU = Release|Any CPU
	EndGlobalSection
	GlobalSection(ProjectConfigurationPlatforms) = postSolution
		{47151A31-EE36-48C4-9A49-CD88588E785F}.Debug|Any CPU.ActiveCfg = Debug|Any CPU
		{47151A31-EE36-48C4-9A49-CD88588E785F}.Debug|Any CPU.Build.0 = Debug|Any CPU
		{47151A31-EE36-48C4-9A49-CD88588E785F}.Release|Any CPU.ActiveCfg = Release|Any CPU
		{47151A31-EE36-48C4-9A49-CD88588E785F}.Release|Any CPU.Build.0 = Release|Any CPU
	EndGlobalSection
	GlobalSection(SolutionProperties) = preSolution
		HideSolutionNode = FALSE
	EndGlobalSection
	GlobalSection(ExtensibilityGlobals) = postSolution
		SolutionGuid = {9E122542-7503-4A39-AC4D-AE30B4EAFAB5}
	EndGlobalSection
EndGlobal
