
Microsoft Visual Studio Solution File, Format Version 12.00
# Visual Studio Version 16
VisualStudioVersion = 16.0.30907.101
MinimumVisualStudioVersion = 10.0.40219.1
Project("{FAE04EC0-301F-11D3-BF4B-00C04F79EFBC}") = "Stack", "Stack\Stack.csproj", "{B5109651-D62C-401D-82F8-C862AD22D70E}"
EndProject
Global
	GlobalSection(SolutionConfigurationPlatforms) = preSolution
		Debug|Any CPU = Debug|Any CPU
		Release|Any CPU = Release|Any CPU
	EndGlobalSection
	GlobalSection(ProjectConfigurationPlatforms) = postSolution
		{B5109651-D62C-401D-82F8-C862AD22D70E}.Debug|Any CPU.ActiveCfg = Debug|Any CPU
		{B5109651-D62C-401D-82F8-C862AD22D70E}.Debug|Any CPU.Build.0 = Debug|Any CPU
		{B5109651-D62C-401D-82F8-C862AD22D70E}.Release|Any CPU.ActiveCfg = Release|Any CPU
		{B5109651-D62C-401D-82F8-C862AD22D70E}.Release|Any CPU.Build.0 = Release|Any CPU
	EndGlobalSection
	GlobalSection(SolutionProperties) = preSolution
		HideSolutionNode = FALSE
	EndGlobalSection
	GlobalSection(ExtensibilityGlobals) = postSolution
		SolutionGuid = {70627E6D-5DF0-4CCA-BFF4-18A17C5A8AAD}
	EndGlobalSection
EndGlobal
