
Microsoft Visual Studio Solution File, Format Version 12.00
# Visual Studio Version 16
VisualStudioVersion = 16.0.30907.101
MinimumVisualStudioVersion = 10.0.40219.1
Project("{FAE04EC0-301F-11D3-BF4B-00C04F79EFBC}") = "07. The V-Logger", "07. The V-Logger\07. The V-Logger.csproj", "{C6B21365-FF60-49E4-944E-25AD9461C772}"
EndProject
Global
	GlobalSection(SolutionConfigurationPlatforms) = preSolution
		Debug|Any CPU = Debug|Any CPU
		Release|Any CPU = Release|Any CPU
	EndGlobalSection
	GlobalSection(ProjectConfigurationPlatforms) = postSolution
		{C6B21365-FF60-49E4-944E-25AD9461C772}.Debug|Any CPU.ActiveCfg = Debug|Any CPU
		{C6B21365-FF60-49E4-944E-25AD9461C772}.Debug|Any CPU.Build.0 = Debug|Any CPU
		{C6B21365-FF60-49E4-944E-25AD9461C772}.Release|Any CPU.ActiveCfg = Release|Any CPU
		{C6B21365-FF60-49E4-944E-25AD9461C772}.Release|Any CPU.Build.0 = Release|Any CPU
	EndGlobalSection
	GlobalSection(SolutionProperties) = preSolution
		HideSolutionNode = FALSE
	EndGlobalSection
	GlobalSection(ExtensibilityGlobals) = postSolution
		SolutionGuid = {02BF7403-A64B-409B-8870-430AF46B730B}
	EndGlobalSection
EndGlobal
