
Microsoft Visual Studio Solution File, Format Version 12.00
# Visual Studio Version 16
VisualStudioVersion = 16.0.30804.86
MinimumVisualStudioVersion = 10.0.40219.1
Project("{FAE04EC0-301F-11D3-BF4B-00C04F79EFBC}") = "03. Sum Prime Non Prime", "03. Sum Prime Non Prime\03. Sum Prime Non Prime.csproj", "{EDDCE1B5-643D-44D8-90C9-241A805E44DD}"
EndProject
Global
	GlobalSection(SolutionConfigurationPlatforms) = preSolution
		Debug|Any CPU = Debug|Any CPU
		Release|Any CPU = Release|Any CPU
	EndGlobalSection
	GlobalSection(ProjectConfigurationPlatforms) = postSolution
		{EDDCE1B5-643D-44D8-90C9-241A805E44DD}.Debug|Any CPU.ActiveCfg = Debug|Any CPU
		{EDDCE1B5-643D-44D8-90C9-241A805E44DD}.Debug|Any CPU.Build.0 = Debug|Any CPU
		{EDDCE1B5-643D-44D8-90C9-241A805E44DD}.Release|Any CPU.ActiveCfg = Release|Any CPU
		{EDDCE1B5-643D-44D8-90C9-241A805E44DD}.Release|Any CPU.Build.0 = Release|Any CPU
	EndGlobalSection
	GlobalSection(SolutionProperties) = preSolution
		HideSolutionNode = FALSE
	EndGlobalSection
	GlobalSection(ExtensibilityGlobals) = postSolution
		SolutionGuid = {E9CCF48E-7121-45FC-8FDD-29679B05AC29}
	EndGlobalSection
EndGlobal
