
Microsoft Visual Studio Solution File, Format Version 12.00
# Visual Studio Version 16
VisualStudioVersion = 16.0.30804.86
MinimumVisualStudioVersion = 10.0.40219.1
Project("{FAE04EC0-301F-11D3-BF4B-00C04F79EFBC}") = "01. Oscars ceremony", "01. Oscars ceremony\01. Oscars ceremony.csproj", "{3A0C0619-81CF-4DC6-A557-70FE3DF21726}"
EndProject
Global
	GlobalSection(SolutionConfigurationPlatforms) = preSolution
		Debug|Any CPU = Debug|Any CPU
		Release|Any CPU = Release|Any CPU
	EndGlobalSection
	GlobalSection(ProjectConfigurationPlatforms) = postSolution
		{3A0C0619-81CF-4DC6-A557-70FE3DF21726}.Debug|Any CPU.ActiveCfg = Debug|Any CPU
		{3A0C0619-81CF-4DC6-A557-70FE3DF21726}.Debug|Any CPU.Build.0 = Debug|Any CPU
		{3A0C0619-81CF-4DC6-A557-70FE3DF21726}.Release|Any CPU.ActiveCfg = Release|Any CPU
		{3A0C0619-81CF-4DC6-A557-70FE3DF21726}.Release|Any CPU.Build.0 = Release|Any CPU
	EndGlobalSection
	GlobalSection(SolutionProperties) = preSolution
		HideSolutionNode = FALSE
	EndGlobalSection
	GlobalSection(ExtensibilityGlobals) = postSolution
		SolutionGuid = {2966FDD1-4224-4BA2-B640-0381D791E920}
	EndGlobalSection
EndGlobal
