
Microsoft Visual Studio Solution File, Format Version 12.00
# Visual Studio Version 16
VisualStudioVersion = 16.0.30804.86
MinimumVisualStudioVersion = 10.0.40219.1
Project("{FAE04EC0-301F-11D3-BF4B-00C04F79EFBC}") = "02. Division", "02. Division\02. Division.csproj", "{0D7C870D-C6AA-429A-ACB4-398A709A1847}"
EndProject
Global
	GlobalSection(SolutionConfigurationPlatforms) = preSolution
		Debug|Any CPU = Debug|Any CPU
		Release|Any CPU = Release|Any CPU
	EndGlobalSection
	GlobalSection(ProjectConfigurationPlatforms) = postSolution
		{0D7C870D-C6AA-429A-ACB4-398A709A1847}.Debug|Any CPU.ActiveCfg = Debug|Any CPU
		{0D7C870D-C6AA-429A-ACB4-398A709A1847}.Debug|Any CPU.Build.0 = Debug|Any CPU
		{0D7C870D-C6AA-429A-ACB4-398A709A1847}.Release|Any CPU.ActiveCfg = Release|Any CPU
		{0D7C870D-C6AA-429A-ACB4-398A709A1847}.Release|Any CPU.Build.0 = Release|Any CPU
	EndGlobalSection
	GlobalSection(SolutionProperties) = preSolution
		HideSolutionNode = FALSE
	EndGlobalSection
	GlobalSection(ExtensibilityGlobals) = postSolution
		SolutionGuid = {FF889CE4-6C45-4724-B9C2-D5A13ABF1715}
	EndGlobalSection
EndGlobal
