
Microsoft Visual Studio Solution File, Format Version 12.00
# Visual Studio Version 16
VisualStudioVersion = 16.0.30907.101
MinimumVisualStudioVersion = 10.0.40219.1
Project("{FAE04EC0-301F-11D3-BF4B-00C04F79EFBC}") = "03. Speed Racing", "03. Speed Racing\03. Speed Racing.csproj", "{87B9A413-8799-4262-9201-BCA7971D7032}"
EndProject
Global
	GlobalSection(SolutionConfigurationPlatforms) = preSolution
		Debug|Any CPU = Debug|Any CPU
		Release|Any CPU = Release|Any CPU
	EndGlobalSection
	GlobalSection(ProjectConfigurationPlatforms) = postSolution
		{87B9A413-8799-4262-9201-BCA7971D7032}.Debug|Any CPU.ActiveCfg = Debug|Any CPU
		{87B9A413-8799-4262-9201-BCA7971D7032}.Debug|Any CPU.Build.0 = Debug|Any CPU
		{87B9A413-8799-4262-9201-BCA7971D7032}.Release|Any CPU.ActiveCfg = Release|Any CPU
		{87B9A413-8799-4262-9201-BCA7971D7032}.Release|Any CPU.Build.0 = Release|Any CPU
	EndGlobalSection
	GlobalSection(SolutionProperties) = preSolution
		HideSolutionNode = FALSE
	EndGlobalSection
	GlobalSection(ExtensibilityGlobals) = postSolution
		SolutionGuid = {AE8CE12E-3256-4B7E-A147-FFF7F3C2C4DF}
	EndGlobalSection
EndGlobal
