
Microsoft Visual Studio Solution File, Format Version 12.00
# Visual Studio Version 16
VisualStudioVersion = 16.0.31005.135
MinimumVisualStudioVersion = 10.0.40219.1
Project("{FAE04EC0-301F-11D3-BF4B-00C04F79EFBC}") = "Raiding", "Raiding\Raiding.csproj", "{92839240-0211-4F79-B4E1-0828EB74506A}"
EndProject
Global
	GlobalSection(SolutionConfigurationPlatforms) = preSolution
		Debug|Any CPU = Debug|Any CPU
		Release|Any CPU = Release|Any CPU
	EndGlobalSection
	GlobalSection(ProjectConfigurationPlatforms) = postSolution
		{92839240-0211-4F79-B4E1-0828EB74506A}.Debug|Any CPU.ActiveCfg = Debug|Any CPU
		{92839240-0211-4F79-B4E1-0828EB74506A}.Debug|Any CPU.Build.0 = Debug|Any CPU
		{92839240-0211-4F79-B4E1-0828EB74506A}.Release|Any CPU.ActiveCfg = Release|Any CPU
		{92839240-0211-4F79-B4E1-0828EB74506A}.Release|Any CPU.Build.0 = Release|Any CPU
	EndGlobalSection
	GlobalSection(SolutionProperties) = preSolution
		HideSolutionNode = FALSE
	EndGlobalSection
	GlobalSection(ExtensibilityGlobals) = postSolution
		SolutionGuid = {55FA3281-A427-43C0-8E07-0C1CB6237567}
	EndGlobalSection
EndGlobal
