
Microsoft Visual Studio Solution File, Format Version 12.00
# Visual Studio Version 16
VisualStudioVersion = 16.0.30907.101
MinimumVisualStudioVersion = 10.0.40219.1
Project("{FAE04EC0-301F-11D3-BF4B-00C04F79EFBC}") = "3. Primary Diagonal", "3. Primary Diagonal\3. Primary Diagonal.csproj", "{F829129C-AFC8-462C-9EA3-C25A4EAFB446}"
EndProject
Global
	GlobalSection(SolutionConfigurationPlatforms) = preSolution
		Debug|Any CPU = Debug|Any CPU
		Release|Any CPU = Release|Any CPU
	EndGlobalSection
	GlobalSection(ProjectConfigurationPlatforms) = postSolution
		{F829129C-AFC8-462C-9EA3-C25A4EAFB446}.Debug|Any CPU.ActiveCfg = Debug|Any CPU
		{F829129C-AFC8-462C-9EA3-C25A4EAFB446}.Debug|Any CPU.Build.0 = Debug|Any CPU
		{F829129C-AFC8-462C-9EA3-C25A4EAFB446}.Release|Any CPU.ActiveCfg = Release|Any CPU
		{F829129C-AFC8-462C-9EA3-C25A4EAFB446}.Release|Any CPU.Build.0 = Release|Any CPU
	EndGlobalSection
	GlobalSection(SolutionProperties) = preSolution
		HideSolutionNode = FALSE
	EndGlobalSection
	GlobalSection(ExtensibilityGlobals) = postSolution
		SolutionGuid = {7E20D338-1A3A-40D3-93B0-0F98C06858BD}
	EndGlobalSection
EndGlobal
