
Microsoft Visual Studio Solution File, Format Version 12.00
# Visual Studio Version 16
VisualStudioVersion = 16.0.30804.86
MinimumVisualStudioVersion = 10.0.40219.1
Project("{FAE04EC0-301F-11D3-BF4B-00C04F79EFBC}") = "10. LadyBugs", "10. LadyBugs\10. LadyBugs.csproj", "{8EE1536C-42B6-4991-A555-3759813FE7F2}"
EndProject
Global
	GlobalSection(SolutionConfigurationPlatforms) = preSolution
		Debug|Any CPU = Debug|Any CPU
		Release|Any CPU = Release|Any CPU
	EndGlobalSection
	GlobalSection(ProjectConfigurationPlatforms) = postSolution
		{8EE1536C-42B6-4991-A555-3759813FE7F2}.Debug|Any CPU.ActiveCfg = Debug|Any CPU
		{8EE1536C-42B6-4991-A555-3759813FE7F2}.Debug|Any CPU.Build.0 = Debug|Any CPU
		{8EE1536C-42B6-4991-A555-3759813FE7F2}.Release|Any CPU.ActiveCfg = Release|Any CPU
		{8EE1536C-42B6-4991-A555-3759813FE7F2}.Release|Any CPU.Build.0 = Release|Any CPU
	EndGlobalSection
	GlobalSection(SolutionProperties) = preSolution
		HideSolutionNode = FALSE
	EndGlobalSection
	GlobalSection(ExtensibilityGlobals) = postSolution
		SolutionGuid = {815FCB96-7662-4835-AA87-A936FD2FC0BE}
	EndGlobalSection
EndGlobal
