
Microsoft Visual Studio Solution File, Format Version 12.00
# Visual Studio Version 16
VisualStudioVersion = 16.0.31005.135
MinimumVisualStudioVersion = 10.0.40219.1
Project("{FAE04EC0-301F-11D3-BF4B-00C04F79EFBC}") = "DefineAnInterfaceIPerson", "DefineAnInterfaceIPerson\DefineAnInterfaceIPerson.csproj", "{888F8145-D164-45B3-9EFA-382138F9F42E}"
EndProject
Global
	GlobalSection(SolutionConfigurationPlatforms) = preSolution
		Debug|Any CPU = Debug|Any CPU
		Release|Any CPU = Release|Any CPU
	EndGlobalSection
	GlobalSection(ProjectConfigurationPlatforms) = postSolution
		{888F8145-D164-45B3-9EFA-382138F9F42E}.Debug|Any CPU.ActiveCfg = Debug|Any CPU
		{888F8145-D164-45B3-9EFA-382138F9F42E}.Debug|Any CPU.Build.0 = Debug|Any CPU
		{888F8145-D164-45B3-9EFA-382138F9F42E}.Release|Any CPU.ActiveCfg = Release|Any CPU
		{888F8145-D164-45B3-9EFA-382138F9F42E}.Release|Any CPU.Build.0 = Release|Any CPU
	EndGlobalSection
	GlobalSection(SolutionProperties) = preSolution
		HideSolutionNode = FALSE
	EndGlobalSection
	GlobalSection(ExtensibilityGlobals) = postSolution
		SolutionGuid = {DA4D7E14-7C1C-4D9D-926E-D0536326C8AB}
	EndGlobalSection
EndGlobal
