
Microsoft Visual Studio Solution File, Format Version 12.00
# Visual Studio Version 16
VisualStudioVersion = 16.0.30804.86
MinimumVisualStudioVersion = 10.0.40219.1
Project("{FAE04EC0-301F-11D3-BF4B-00C04F79EFBC}") = "04. Back In 30 Minutes", "04. Back In 30 Minutes\04. Back In 30 Minutes.csproj", "{53769778-14B0-4274-848C-8BF73F843DC4}"
EndProject
Global
	GlobalSection(SolutionConfigurationPlatforms) = preSolution
		Debug|Any CPU = Debug|Any CPU
		Release|Any CPU = Release|Any CPU
	EndGlobalSection
	GlobalSection(ProjectConfigurationPlatforms) = postSolution
		{53769778-14B0-4274-848C-8BF73F843DC4}.Debug|Any CPU.ActiveCfg = Debug|Any CPU
		{53769778-14B0-4274-848C-8BF73F843DC4}.Debug|Any CPU.Build.0 = Debug|Any CPU
		{53769778-14B0-4274-848C-8BF73F843DC4}.Release|Any CPU.ActiveCfg = Release|Any CPU
		{53769778-14B0-4274-848C-8BF73F843DC4}.Release|Any CPU.Build.0 = Release|Any CPU
	EndGlobalSection
	GlobalSection(SolutionProperties) = preSolution
		HideSolutionNode = FALSE
	EndGlobalSection
	GlobalSection(ExtensibilityGlobals) = postSolution
		SolutionGuid = {D8D0B6B0-B86B-451B-897D-3BAF0F497E10}
	EndGlobalSection
EndGlobal
